// !$*UTF8*$!
{
	archiveVersion = 1;
	classes = {
	};
	objectVersion = 46;
	objects = {

/* Begin PBXBuildFile section */
		F70F1274179F2D8B00DBB74F /* Cocoa.framework in Frameworks */ = {isa = PBXBuildFile; fileRef = F70F1273179F2D8B00DBB74F /* Cocoa.framework */; };
		F70F127E179F2D8B00DBB74F /* InfoPlist.strings in Resources */ = {isa = PBXBuildFile; fileRef = F70F127C179F2D8B00DBB74F /* InfoPlist.strings */; };
		F70F1284179F2D8B00DBB74F /* Credits.rtf in Resources */ = {isa = PBXBuildFile; fileRef = F70F1282179F2D8B00DBB74F /* Credits.rtf */; };
		F70F128A179F2D8B00DBB74F /* MainMenu.xib in Resources */ = {isa = PBXBuildFile; fileRef = F70F1288179F2D8B00DBB74F /* MainMenu.xib */; };
		F717720B1831DA0B00BD6EB4 /* Foundation.framework in Frameworks */ = {isa = PBXBuildFile; fileRef = F717720A1831DA0B00BD6EB4 /* Foundation.framework */; };
		F71772111831DA0B00BD6EB4 /* Cedar.framework in Frameworks */ = {isa = PBXBuildFile; fileRef = F71772101831DA0B00BD6EB4 /* Cedar.framework */; };
		F71C3E54198AF79C005C53AC /* Model.xcdatamodeld in Sources */ = {isa = PBXBuildFile; fileRef = F7F45AE418558C850059DC65 /* Model.xcdatamodeld */; };
		F71C3E57198B0EA8005C53AC /* GLGNewServer.m in Sources */ = {isa = PBXBuildFile; fileRef = F71C3E56198B0EA8005C53AC /* GLGNewServer.m */; };
		F71C3E5A198B0EBA005C53AC /* GLGDefaultValueTextField.m in Sources */ = {isa = PBXBuildFile; fileRef = F71C3E59198B0EBA005C53AC /* GLGDefaultValueTextField.m */; };
		F71C3E61198B0ECD005C53AC /* GLGChatLogView.m in Sources */ = {isa = PBXBuildFile; fileRef = F71C3E5C198B0ECD005C53AC /* GLGChatLogView.m */; };
		F71C3E62198B0ECD005C53AC /* GLGChatTextField.m in Sources */ = {isa = PBXBuildFile; fileRef = F71C3E5E198B0ECD005C53AC /* GLGChatTextField.m */; };
		F71C3E63198B0ECD005C53AC /* GLGChatView.m in Sources */ = {isa = PBXBuildFile; fileRef = F71C3E60198B0ECD005C53AC /* GLGChatView.m */; };
		F71C3E6C198B0EDA005C53AC /* GLGChannelContent.m in Sources */ = {isa = PBXBuildFile; fileRef = F71C3E65198B0EDA005C53AC /* GLGChannelContent.m */; };
		F71C3E6D198B0EDA005C53AC /* GLGChannelSidebar.m in Sources */ = {isa = PBXBuildFile; fileRef = F71C3E67198B0EDA005C53AC /* GLGChannelSidebar.m */; };
		F71C3E6E198B0EDA005C53AC /* GLGGradientSidebar.m in Sources */ = {isa = PBXBuildFile; fileRef = F71C3E69198B0EDA005C53AC /* GLGGradientSidebar.m */; };
		F71C3E6F198B0EDA005C53AC /* GLGSidebarOccupant.m in Sources */ = {isa = PBXBuildFile; fileRef = F71C3E6B198B0EDA005C53AC /* GLGSidebarOccupant.m */; };
		F71C3E74198B0EE8005C53AC /* GLGTabItem.m in Sources */ = {isa = PBXBuildFile; fileRef = F71C3E71198B0EE8005C53AC /* GLGTabItem.m */; };
		F71C3E75198B0EE8005C53AC /* GLGTabView.m in Sources */ = {isa = PBXBuildFile; fileRef = F71C3E73198B0EE8005C53AC /* GLGTabView.m */; };
		F71C3E78198B16A8005C53AC /* NSColor+GLG.m in Sources */ = {isa = PBXBuildFile; fileRef = F71C3E77198B16A8005C53AC /* NSColor+GLG.m */; };
		F76E2280198AD2B900F26FCF /* GLGManagedObjectContext.m in Sources */ = {isa = PBXBuildFile; fileRef = F7F45ADF18558C850059DC65 /* GLGManagedObjectContext.m */; };
		F76E2281198AD2B900F26FCF /* IRCChannel.m in Sources */ = {isa = PBXBuildFile; fileRef = F7F45AE118558C850059DC65 /* IRCChannel.m */; };
		F76E2282198AD2B900F26FCF /* IRCServer.m in Sources */ = {isa = PBXBuildFile; fileRef = F7F45AE318558C850059DC65 /* IRCServer.m */; };
		F76E2283198AD2B900F26FCF /* GLGResponseCodes.m in Sources */ = {isa = PBXBuildFile; fileRef = F70F12A9179F4E7F00DBB74F /* GLGResponseCodes.m */; };
		F76E2284198AD2B900F26FCF /* GLGReplyMessage.m in Sources */ = {isa = PBXBuildFile; fileRef = F70F12AC179F4F0000DBB74F /* GLGReplyMessage.m */; };
		F76E2285198AD2B900F26FCF /* GLGErrorMessage.m in Sources */ = {isa = PBXBuildFile; fileRef = F70F12B0179F53EE00DBB74F /* GLGErrorMessage.m */; };
		F76E2286198AD2B900F26FCF /* GLGMessage.m in Sources */ = {isa = PBXBuildFile; fileRef = F70F12B3179F540400DBB74F /* GLGMessage.m */; };
		F76E2292198AD2B900F26FCF /* GLGAppDelegate.m in Sources */ = {isa = PBXBuildFile; fileRef = F70F1286179F2D8B00DBB74F /* GLGAppDelegate.m */; };
		F76E2293198AD2B900F26FCF /* GLGReadDelegate.m in Sources */ = {isa = PBXBuildFile; fileRef = F70F12B617A0AAD900DBB74F /* GLGReadDelegate.m */; };
		F76E2294198AD2B900F26FCF /* GLGWriteDelegate.m in Sources */ = {isa = PBXBuildFile; fileRef = F70F12B917A0AAF400DBB74F /* GLGWriteDelegate.m */; };
		F76E2295198AD2B900F26FCF /* GLGIRCBroker.m in Sources */ = {isa = PBXBuildFile; fileRef = F7819BA517EB6A48004DB741 /* GLGIRCBroker.m */; };
		F76E2296198AD2B900F26FCF /* GLGIRCParser.m in Sources */ = {isa = PBXBuildFile; fileRef = F7B8B54218121792003003BC /* GLGIRCParser.m */; };
		F76E2297198AD2B900F26FCF /* GLGIRCMessage.m in Sources */ = {isa = PBXBuildFile; fileRef = F7E5E77717F2320F00A85FFB /* GLGIRCMessage.m */; };
		F76E2298198AD2B900F26FCF /* main.m in Sources */ = {isa = PBXBuildFile; fileRef = F70F127F179F2D8B00DBB74F /* main.m */; };
		F76E22B1198AD79F00F26FCF /* GLGIRCParser.m in Sources */ = {isa = PBXBuildFile; fileRef = F7B8B54218121792003003BC /* GLGIRCParser.m */; };
		F76E22B2198AD79F00F26FCF /* GLGIRCMessage.m in Sources */ = {isa = PBXBuildFile; fileRef = F7E5E77717F2320F00A85FFB /* GLGIRCMessage.m */; };
		F76E22B3198AD79F00F26FCF /* main.m in Sources */ = {isa = PBXBuildFile; fileRef = F71772121831DA0B00BD6EB4 /* main.m */; };
		F76E22B4198AD7A400F26FCF /* MessageParsingSpec.mm in Sources */ = {isa = PBXBuildFile; fileRef = F7B8B544181219A7003003BC /* MessageParsingSpec.mm */; };
		F786C8EA17E687CA004F64DF /* CoreData.framework in Frameworks */ = {isa = PBXBuildFile; fileRef = F70F1277179F2D8B00DBB74F /* CoreData.framework */; };
		F7C4EC30198EE80C00868C3B /* GLGPreferencesView.m in Sources */ = {isa = PBXBuildFile; fileRef = F7C4EC2F198EE80C00868C3B /* GLGPreferencesView.m */; };
		F7C5FF6117F0B2EC005B522B /* twIRCk.iconset in Resources */ = {isa = PBXBuildFile; fileRef = F7C5FF6017F0B2EC005B522B /* twIRCk.iconset */; };
		F7D54AEB1991A9E900CFE39A /* GLGServerPreferencesView.m in Sources */ = {isa = PBXBuildFile; fileRef = F7D54AEA1991A9E900CFE39A /* GLGServerPreferencesView.m */; };
		F7D54AEE1991B6BB00CFE39A /* GLGChannelPreferencesView.m in Sources */ = {isa = PBXBuildFile; fileRef = F7D54AED1991B6BB00CFE39A /* GLGChannelPreferencesView.m */; };
		F7D54AF21991C0FF00CFE39A /* GLGPreferencesController.m in Sources */ = {isa = PBXBuildFile; fileRef = F7D54AF11991C0FF00CFE39A /* GLGPreferencesController.m */; };
		F7D54AF51991C55400CFE39A /* GLGLabelView.m in Sources */ = {isa = PBXBuildFile; fileRef = F7D54AF41991C55400CFE39A /* GLGLabelView.m */; };
		F7DB1F70198C3E5500542C75 /* GLGRegularMessagePresenter.m in Sources */ = {isa = PBXBuildFile; fileRef = F7DB1F6C198C3E5500542C75 /* GLGRegularMessagePresenter.m */; };
		F7DB1F71198C3E5500542C75 /* GLGSystemMessagePresenter.m in Sources */ = {isa = PBXBuildFile; fileRef = F7DB1F6E198C3E5500542C75 /* GLGSystemMessagePresenter.m */; };
		F7DBE3F317EE1AA1007832C7 /* close_no_rollover.tif in Resources */ = {isa = PBXBuildFile; fileRef = F7DBE3F117EE1AA1007832C7 /* close_no_rollover.tif */; };
		F7DBE3F417EE1AA1007832C7 /* close_rollover.tif in Resources */ = {isa = PBXBuildFile; fileRef = F7DBE3F217EE1AA1007832C7 /* close_rollover.tif */; };
		F7E5E77A17F264D000A85FFB /* SystemConfiguration.framework in Frameworks */ = {isa = PBXBuildFile; fileRef = F7E5E77917F264D000A85FFB /* SystemConfiguration.framework */; };
/* End PBXBuildFile section */

/* Begin PBXBuildRule section */
		F786C8E917E686C8004F64DF /* PBXBuildRule */ = {
			isa = PBXBuildRule;
			compilerSpec = com.apple.compilers.model.coredataversion;
			filePatterns = "TwIRCk/Models/*.xcdatamodeld";
			fileType = pattern.proxy;
			isEditable = 1;
			outputFiles = (
			);
			script = "# momc\n";
		};
/* End PBXBuildRule section */

/* Begin PBXFileReference section */
		F70F1270179F2D8B00DBB74F /* twIRCk.app */ = {isa = PBXFileReference; explicitFileType = wrapper.application; includeInIndex = 0; path = twIRCk.app; sourceTree = BUILT_PRODUCTS_DIR; };
		F70F1273179F2D8B00DBB74F /* Cocoa.framework */ = {isa = PBXFileReference; lastKnownFileType = wrapper.framework; name = Cocoa.framework; path = System/Library/Frameworks/Cocoa.framework; sourceTree = SDKROOT; };
		F70F1276179F2D8B00DBB74F /* AppKit.framework */ = {isa = PBXFileReference; lastKnownFileType = wrapper.framework; name = AppKit.framework; path = System/Library/Frameworks/AppKit.framework; sourceTree = SDKROOT; };
		F70F1277179F2D8B00DBB74F /* CoreData.framework */ = {isa = PBXFileReference; lastKnownFileType = wrapper.framework; name = CoreData.framework; path = System/Library/Frameworks/CoreData.framework; sourceTree = SDKROOT; };
		F70F1278179F2D8B00DBB74F /* Foundation.framework */ = {isa = PBXFileReference; lastKnownFileType = wrapper.framework; name = Foundation.framework; path = System/Library/Frameworks/Foundation.framework; sourceTree = SDKROOT; };
		F70F127B179F2D8B00DBB74F /* TwIRCk-Info.plist */ = {isa = PBXFileReference; lastKnownFileType = text.plist.xml; path = "TwIRCk-Info.plist"; sourceTree = "<group>"; };
		F70F127D179F2D8B00DBB74F /* en */ = {isa = PBXFileReference; lastKnownFileType = text.plist.strings; name = en; path = en.lproj/InfoPlist.strings; sourceTree = "<group>"; };
		F70F127F179F2D8B00DBB74F /* main.m */ = {isa = PBXFileReference; lastKnownFileType = sourcecode.c.objc; path = main.m; sourceTree = "<group>"; };
		F70F1281179F2D8B00DBB74F /* TwIRCk-Prefix.pch */ = {isa = PBXFileReference; lastKnownFileType = sourcecode.c.h; path = "TwIRCk-Prefix.pch"; sourceTree = "<group>"; };
		F70F1283179F2D8B00DBB74F /* en */ = {isa = PBXFileReference; lastKnownFileType = text.rtf; name = en; path = en.lproj/Credits.rtf; sourceTree = "<group>"; };
		F70F1285179F2D8B00DBB74F /* GLGAppDelegate.h */ = {isa = PBXFileReference; lastKnownFileType = sourcecode.c.h; path = GLGAppDelegate.h; sourceTree = "<group>"; };
		F70F1286179F2D8B00DBB74F /* GLGAppDelegate.m */ = {isa = PBXFileReference; lastKnownFileType = sourcecode.c.objc; path = GLGAppDelegate.m; sourceTree = "<group>"; };
		F70F1289179F2D8B00DBB74F /* en */ = {isa = PBXFileReference; lastKnownFileType = file.xib; name = en; path = en.lproj/MainMenu.xib; sourceTree = "<group>"; };
		F70F1291179F2D8C00DBB74F /* SenTestingKit.framework */ = {isa = PBXFileReference; lastKnownFileType = wrapper.framework; name = SenTestingKit.framework; path = Library/Frameworks/SenTestingKit.framework; sourceTree = DEVELOPER_DIR; };
		F70F12A8179F4E7F00DBB74F /* GLGResponseCodes.h */ = {isa = PBXFileReference; fileEncoding = 4; lastKnownFileType = sourcecode.c.h; path = GLGResponseCodes.h; sourceTree = "<group>"; };
		F70F12A9179F4E7F00DBB74F /* GLGResponseCodes.m */ = {isa = PBXFileReference; fileEncoding = 4; lastKnownFileType = sourcecode.c.objc; path = GLGResponseCodes.m; sourceTree = "<group>"; };
		F70F12AB179F4F0000DBB74F /* GLGReplyMessage.h */ = {isa = PBXFileReference; fileEncoding = 4; lastKnownFileType = sourcecode.c.h; path = GLGReplyMessage.h; sourceTree = "<group>"; };
		F70F12AC179F4F0000DBB74F /* GLGReplyMessage.m */ = {isa = PBXFileReference; fileEncoding = 4; lastKnownFileType = sourcecode.c.objc; path = GLGReplyMessage.m; sourceTree = "<group>"; };
		F70F12AF179F53EE00DBB74F /* GLGErrorMessage.h */ = {isa = PBXFileReference; fileEncoding = 4; lastKnownFileType = sourcecode.c.h; path = GLGErrorMessage.h; sourceTree = "<group>"; };
		F70F12B0179F53EE00DBB74F /* GLGErrorMessage.m */ = {isa = PBXFileReference; fileEncoding = 4; lastKnownFileType = sourcecode.c.objc; path = GLGErrorMessage.m; sourceTree = "<group>"; };
		F70F12B2179F540400DBB74F /* GLGMessage.h */ = {isa = PBXFileReference; fileEncoding = 4; lastKnownFileType = sourcecode.c.h; path = GLGMessage.h; sourceTree = "<group>"; };
		F70F12B3179F540400DBB74F /* GLGMessage.m */ = {isa = PBXFileReference; fileEncoding = 4; lastKnownFileType = sourcecode.c.objc; path = GLGMessage.m; sourceTree = "<group>"; };
		F70F12B517A0AAD900DBB74F /* GLGReadDelegate.h */ = {isa = PBXFileReference; fileEncoding = 4; lastKnownFileType = sourcecode.c.h; path = GLGReadDelegate.h; sourceTree = "<group>"; };
		F70F12B617A0AAD900DBB74F /* GLGReadDelegate.m */ = {isa = PBXFileReference; fileEncoding = 4; lastKnownFileType = sourcecode.c.objc; path = GLGReadDelegate.m; sourceTree = "<group>"; };
		F70F12B817A0AAF300DBB74F /* GLGWriteDelegate.h */ = {isa = PBXFileReference; fileEncoding = 4; lastKnownFileType = sourcecode.c.h; path = GLGWriteDelegate.h; sourceTree = "<group>"; };
		F70F12B917A0AAF400DBB74F /* GLGWriteDelegate.m */ = {isa = PBXFileReference; fileEncoding = 4; lastKnownFileType = sourcecode.c.objc; path = GLGWriteDelegate.m; sourceTree = "<group>"; };
		F71772091831DA0B00BD6EB4 /* Specs */ = {isa = PBXFileReference; explicitFileType = "compiled.mach-o.executable"; includeInIndex = 0; path = Specs; sourceTree = BUILT_PRODUCTS_DIR; };
		F717720A1831DA0B00BD6EB4 /* Foundation.framework */ = {isa = PBXFileReference; lastKnownFileType = wrapper.framework; name = Foundation.framework; path = System/Library/Frameworks/Foundation.framework; sourceTree = SDKROOT; };
		F717720D1831DA0B00BD6EB4 /* Rakefile */ = {isa = PBXFileReference; lastKnownFileType = text; path = Rakefile; sourceTree = "<group>"; };
		F717720F1831DA0B00BD6EB4 /* Specs-Prefix.pch */ = {isa = PBXFileReference; lastKnownFileType = sourcecode.c.h; path = "Specs-Prefix.pch"; sourceTree = "<group>"; };
		F71772101831DA0B00BD6EB4 /* Cedar.framework */ = {isa = PBXFileReference; lastKnownFileType = wrapper.framework; name = Cedar.framework; path = Frameworks/Cedar.framework; sourceTree = "<group>"; };
		F71772121831DA0B00BD6EB4 /* main.m */ = {isa = PBXFileReference; lastKnownFileType = sourcecode.c.objc; path = main.m; sourceTree = "<group>"; };
		F71C3E55198B0EA8005C53AC /* GLGNewServer.h */ = {isa = PBXFileReference; fileEncoding = 4; lastKnownFileType = sourcecode.c.h; name = GLGNewServer.h; path = Views/GLGNewServer.h; sourceTree = "<group>"; };
		F71C3E56198B0EA8005C53AC /* GLGNewServer.m */ = {isa = PBXFileReference; fileEncoding = 4; lastKnownFileType = sourcecode.c.objc; name = GLGNewServer.m; path = Views/GLGNewServer.m; sourceTree = "<group>"; };
		F71C3E58198B0EBA005C53AC /* GLGDefaultValueTextField.h */ = {isa = PBXFileReference; fileEncoding = 4; lastKnownFileType = sourcecode.c.h; name = GLGDefaultValueTextField.h; path = Views/DefaultValueControls/GLGDefaultValueTextField.h; sourceTree = "<group>"; };
		F71C3E59198B0EBA005C53AC /* GLGDefaultValueTextField.m */ = {isa = PBXFileReference; fileEncoding = 4; lastKnownFileType = sourcecode.c.objc; name = GLGDefaultValueTextField.m; path = Views/DefaultValueControls/GLGDefaultValueTextField.m; sourceTree = "<group>"; };
		F71C3E5B198B0ECD005C53AC /* GLGChatLogView.h */ = {isa = PBXFileReference; fileEncoding = 4; lastKnownFileType = sourcecode.c.h; name = GLGChatLogView.h; path = Views/Chat/GLGChatLogView.h; sourceTree = "<group>"; };
		F71C3E5C198B0ECD005C53AC /* GLGChatLogView.m */ = {isa = PBXFileReference; fileEncoding = 4; lastKnownFileType = sourcecode.c.objc; name = GLGChatLogView.m; path = Views/Chat/GLGChatLogView.m; sourceTree = "<group>"; };
		F71C3E5D198B0ECD005C53AC /* GLGChatTextField.h */ = {isa = PBXFileReference; fileEncoding = 4; lastKnownFileType = sourcecode.c.h; name = GLGChatTextField.h; path = Views/Chat/GLGChatTextField.h; sourceTree = "<group>"; };
		F71C3E5E198B0ECD005C53AC /* GLGChatTextField.m */ = {isa = PBXFileReference; fileEncoding = 4; lastKnownFileType = sourcecode.c.objc; name = GLGChatTextField.m; path = Views/Chat/GLGChatTextField.m; sourceTree = "<group>"; };
		F71C3E5F198B0ECD005C53AC /* GLGChatView.h */ = {isa = PBXFileReference; fileEncoding = 4; lastKnownFileType = sourcecode.c.h; name = GLGChatView.h; path = Views/Chat/GLGChatView.h; sourceTree = "<group>"; };
		F71C3E60198B0ECD005C53AC /* GLGChatView.m */ = {isa = PBXFileReference; fileEncoding = 4; lastKnownFileType = sourcecode.c.objc; name = GLGChatView.m; path = Views/Chat/GLGChatView.m; sourceTree = "<group>"; };
		F71C3E64198B0EDA005C53AC /* GLGChannelContent.h */ = {isa = PBXFileReference; fileEncoding = 4; lastKnownFileType = sourcecode.c.h; name = GLGChannelContent.h; path = Views/Chat/Sidebar/GLGChannelContent.h; sourceTree = "<group>"; };
		F71C3E65198B0EDA005C53AC /* GLGChannelContent.m */ = {isa = PBXFileReference; fileEncoding = 4; lastKnownFileType = sourcecode.c.objc; name = GLGChannelContent.m; path = Views/Chat/Sidebar/GLGChannelContent.m; sourceTree = "<group>"; };
		F71C3E66198B0EDA005C53AC /* GLGChannelSidebar.h */ = {isa = PBXFileReference; fileEncoding = 4; lastKnownFileType = sourcecode.c.h; name = GLGChannelSidebar.h; path = Views/Chat/Sidebar/GLGChannelSidebar.h; sourceTree = "<group>"; };
		F71C3E67198B0EDA005C53AC /* GLGChannelSidebar.m */ = {isa = PBXFileReference; fileEncoding = 4; lastKnownFileType = sourcecode.c.objc; name = GLGChannelSidebar.m; path = Views/Chat/Sidebar/GLGChannelSidebar.m; sourceTree = "<group>"; };
		F71C3E68198B0EDA005C53AC /* GLGGradientSidebar.h */ = {isa = PBXFileReference; fileEncoding = 4; lastKnownFileType = sourcecode.c.h; name = GLGGradientSidebar.h; path = Views/Chat/Sidebar/GLGGradientSidebar.h; sourceTree = "<group>"; };
		F71C3E69198B0EDA005C53AC /* GLGGradientSidebar.m */ = {isa = PBXFileReference; fileEncoding = 4; lastKnownFileType = sourcecode.c.objc; name = GLGGradientSidebar.m; path = Views/Chat/Sidebar/GLGGradientSidebar.m; sourceTree = "<group>"; };
		F71C3E6A198B0EDA005C53AC /* GLGSidebarOccupant.h */ = {isa = PBXFileReference; fileEncoding = 4; lastKnownFileType = sourcecode.c.h; name = GLGSidebarOccupant.h; path = Views/Chat/Sidebar/GLGSidebarOccupant.h; sourceTree = "<group>"; };
		F71C3E6B198B0EDA005C53AC /* GLGSidebarOccupant.m */ = {isa = PBXFileReference; fileEncoding = 4; lastKnownFileType = sourcecode.c.objc; name = GLGSidebarOccupant.m; path = Views/Chat/Sidebar/GLGSidebarOccupant.m; sourceTree = "<group>"; };
		F71C3E70198B0EE8005C53AC /* GLGTabItem.h */ = {isa = PBXFileReference; fileEncoding = 4; lastKnownFileType = sourcecode.c.h; name = GLGTabItem.h; path = Views/Tabs/GLGTabItem.h; sourceTree = "<group>"; };
		F71C3E71198B0EE8005C53AC /* GLGTabItem.m */ = {isa = PBXFileReference; fileEncoding = 4; lastKnownFileType = sourcecode.c.objc; name = GLGTabItem.m; path = Views/Tabs/GLGTabItem.m; sourceTree = "<group>"; };
		F71C3E72198B0EE8005C53AC /* GLGTabView.h */ = {isa = PBXFileReference; fileEncoding = 4; lastKnownFileType = sourcecode.c.h; name = GLGTabView.h; path = Views/Tabs/GLGTabView.h; sourceTree = "<group>"; };
		F71C3E73198B0EE8005C53AC /* GLGTabView.m */ = {isa = PBXFileReference; fileEncoding = 4; lastKnownFileType = sourcecode.c.objc; name = GLGTabView.m; path = Views/Tabs/GLGTabView.m; sourceTree = "<group>"; };
		F71C3E76198B16A8005C53AC /* NSColor+GLG.h */ = {isa = PBXFileReference; fileEncoding = 4; lastKnownFileType = sourcecode.c.h; path = "NSColor+GLG.h"; sourceTree = "<group>"; };
		F71C3E77198B16A8005C53AC /* NSColor+GLG.m */ = {isa = PBXFileReference; fileEncoding = 4; lastKnownFileType = sourcecode.c.objc; path = "NSColor+GLG.m"; sourceTree = "<group>"; };
		F761873E187FCB9700A13B91 /* GLGChatViewDelegate.h */ = {isa = PBXFileReference; fileEncoding = 4; lastKnownFileType = sourcecode.c.h; name = GLGChatViewDelegate.h; path = Protocols/GLGChatViewDelegate.h; sourceTree = "<group>"; };
		F76E229A198AD73400F26FCF /* GLGLogger.h */ = {isa = PBXFileReference; lastKnownFileType = sourcecode.c.h; path = GLGLogger.h; sourceTree = "<group>"; };
		F7819BA417EB6A48004DB741 /* GLGIRCBroker.h */ = {isa = PBXFileReference; fileEncoding = 4; lastKnownFileType = sourcecode.c.h; path = GLGIRCBroker.h; sourceTree = "<group>"; };
		F7819BA517EB6A48004DB741 /* GLGIRCBroker.m */ = {isa = PBXFileReference; fileEncoding = 4; lastKnownFileType = sourcecode.c.objc; lineEnding = 0; path = GLGIRCBroker.m; sourceTree = "<group>"; xcLanguageSpecificationIdentifier = xcode.lang.objc; };
		F7819BA717EB6EB8004DB741 /* GLGBrokerDelegate.h */ = {isa = PBXFileReference; lastKnownFileType = sourcecode.c.h; path = GLGBrokerDelegate.h; sourceTree = "<group>"; };
		F7819BA817EB714B004DB741 /* GLGStreamReaderDelegate.h */ = {isa = PBXFileReference; lastKnownFileType = sourcecode.c.h; path = GLGStreamReaderDelegate.h; sourceTree = "<group>"; };
		F786C93517E6AE01004F64DF /* GLGConnectionView.h */ = {isa = PBXFileReference; lastKnownFileType = sourcecode.c.h; path = GLGConnectionView.h; sourceTree = "<group>"; };
		F7B8B54118121792003003BC /* GLGIRCParser.h */ = {isa = PBXFileReference; fileEncoding = 4; lastKnownFileType = sourcecode.c.h; lineEnding = 0; path = GLGIRCParser.h; sourceTree = "<group>"; xcLanguageSpecificationIdentifier = xcode.lang.objcpp; };
		F7B8B54218121792003003BC /* GLGIRCParser.m */ = {isa = PBXFileReference; fileEncoding = 4; lastKnownFileType = sourcecode.c.objc; lineEnding = 0; path = GLGIRCParser.m; sourceTree = "<group>"; xcLanguageSpecificationIdentifier = xcode.lang.objc; };
		F7B8B544181219A7003003BC /* MessageParsingSpec.mm */ = {isa = PBXFileReference; fileEncoding = 4; lastKnownFileType = sourcecode.cpp.objcpp; lineEnding = 0; name = MessageParsingSpec.mm; path = "../twIRCk Specs/MessageParsingSpec.mm"; sourceTree = "<group>"; xcLanguageSpecificationIdentifier = xcode.lang.objcpp; };
		F7C4EC2E198EE80C00868C3B /* GLGPreferencesView.h */ = {isa = PBXFileReference; fileEncoding = 4; lastKnownFileType = sourcecode.c.h; name = GLGPreferencesView.h; path = Views/Preferences/GLGPreferencesView.h; sourceTree = "<group>"; };
		F7C4EC2F198EE80C00868C3B /* GLGPreferencesView.m */ = {isa = PBXFileReference; fileEncoding = 4; lastKnownFileType = sourcecode.c.objc; name = GLGPreferencesView.m; path = Views/Preferences/GLGPreferencesView.m; sourceTree = "<group>"; };
		F7C4EC40199057D300868C3B /* GLGFetchedServersController.h */ = {isa = PBXFileReference; lastKnownFileType = sourcecode.c.h; path = GLGFetchedServersController.h; sourceTree = "<group>"; };
		F7C5FF4617F0229C005B522B /* twIRCk.entitlements */ = {isa = PBXFileReference; lastKnownFileType = text.xml; name = twIRCk.entitlements; path = twIRCk/twIRCk.entitlements; sourceTree = "<group>"; };
		F7C5FF6017F0B2EC005B522B /* twIRCk.iconset */ = {isa = PBXFileReference; lastKnownFileType = folder.iconset; path = twIRCk.iconset; sourceTree = "<group>"; };
		F7D0D96017FA792800F7B258 /* GLGOccupantDelegate.h */ = {isa = PBXFileReference; lastKnownFileType = sourcecode.c.h; path = GLGOccupantDelegate.h; sourceTree = "<group>"; };
		F7D54AE91991A9E900CFE39A /* GLGServerPreferencesView.h */ = {isa = PBXFileReference; fileEncoding = 4; lastKnownFileType = sourcecode.c.h; name = GLGServerPreferencesView.h; path = Views/Preferences/GLGServerPreferencesView.h; sourceTree = "<group>"; };
		F7D54AEA1991A9E900CFE39A /* GLGServerPreferencesView.m */ = {isa = PBXFileReference; fileEncoding = 4; lastKnownFileType = sourcecode.c.objc; name = GLGServerPreferencesView.m; path = Views/Preferences/GLGServerPreferencesView.m; sourceTree = "<group>"; };
		F7D54AEC1991B6BB00CFE39A /* GLGChannelPreferencesView.h */ = {isa = PBXFileReference; fileEncoding = 4; lastKnownFileType = sourcecode.c.h; name = GLGChannelPreferencesView.h; path = Views/Preferences/GLGChannelPreferencesView.h; sourceTree = "<group>"; };
		F7D54AED1991B6BB00CFE39A /* GLGChannelPreferencesView.m */ = {isa = PBXFileReference; fileEncoding = 4; lastKnownFileType = sourcecode.c.objc; name = GLGChannelPreferencesView.m; path = Views/Preferences/GLGChannelPreferencesView.m; sourceTree = "<group>"; };
		F7D54AF01991C0FF00CFE39A /* GLGPreferencesController.h */ = {isa = PBXFileReference; fileEncoding = 4; lastKnownFileType = sourcecode.c.h; name = GLGPreferencesController.h; path = Controllers/GLGPreferencesController.h; sourceTree = "<group>"; };
		F7D54AF11991C0FF00CFE39A /* GLGPreferencesController.m */ = {isa = PBXFileReference; fileEncoding = 4; lastKnownFileType = sourcecode.c.objc; name = GLGPreferencesController.m; path = Controllers/GLGPreferencesController.m; sourceTree = "<group>"; };
		F7D54AF31991C55400CFE39A /* GLGLabelView.h */ = {isa = PBXFileReference; fileEncoding = 4; lastKnownFileType = sourcecode.c.h; name = GLGLabelView.h; path = Views/DefaultValueControls/GLGLabelView.h; sourceTree = "<group>"; };
		F7D54AF41991C55400CFE39A /* GLGLabelView.m */ = {isa = PBXFileReference; fileEncoding = 4; lastKnownFileType = sourcecode.c.objc; name = GLGLabelView.m; path = Views/DefaultValueControls/GLGLabelView.m; sourceTree = "<group>"; };
		F7DB1F69198C3E5500542C75 /* GLGMessagePresenter.h */ = {isa = PBXFileReference; fileEncoding = 4; lastKnownFileType = sourcecode.c.h; name = GLGMessagePresenter.h; path = Views/Chat/Presenters/GLGMessagePresenter.h; sourceTree = "<group>"; };
		F7DB1F6B198C3E5500542C75 /* GLGRegularMessagePresenter.h */ = {isa = PBXFileReference; fileEncoding = 4; lastKnownFileType = sourcecode.c.h; name = GLGRegularMessagePresenter.h; path = Views/Chat/Presenters/GLGRegularMessagePresenter.h; sourceTree = "<group>"; };
		F7DB1F6C198C3E5500542C75 /* GLGRegularMessagePresenter.m */ = {isa = PBXFileReference; fileEncoding = 4; lastKnownFileType = sourcecode.c.objc; name = GLGRegularMessagePresenter.m; path = Views/Chat/Presenters/GLGRegularMessagePresenter.m; sourceTree = "<group>"; };
		F7DB1F6D198C3E5500542C75 /* GLGSystemMessagePresenter.h */ = {isa = PBXFileReference; fileEncoding = 4; lastKnownFileType = sourcecode.c.h; name = GLGSystemMessagePresenter.h; path = Views/Chat/Presenters/GLGSystemMessagePresenter.h; sourceTree = "<group>"; };
		F7DB1F6E198C3E5500542C75 /* GLGSystemMessagePresenter.m */ = {isa = PBXFileReference; fileEncoding = 4; lastKnownFileType = sourcecode.c.objc; name = GLGSystemMessagePresenter.m; path = Views/Chat/Presenters/GLGSystemMessagePresenter.m; sourceTree = "<group>"; };
		F7DBE3F117EE1AA1007832C7 /* close_no_rollover.tif */ = {isa = PBXFileReference; lastKnownFileType = image.tiff; path = close_no_rollover.tif; sourceTree = "<group>"; };
		F7DBE3F217EE1AA1007832C7 /* close_rollover.tif */ = {isa = PBXFileReference; lastKnownFileType = image.tiff; path = close_rollover.tif; sourceTree = "<group>"; };
		F7E5E77617F2320F00A85FFB /* GLGIRCMessage.h */ = {isa = PBXFileReference; fileEncoding = 4; lastKnownFileType = sourcecode.c.h; path = GLGIRCMessage.h; sourceTree = "<group>"; };
		F7E5E77717F2320F00A85FFB /* GLGIRCMessage.m */ = {isa = PBXFileReference; fileEncoding = 4; lastKnownFileType = sourcecode.c.objc; path = GLGIRCMessage.m; sourceTree = "<group>"; };
		F7E5E77917F264D000A85FFB /* SystemConfiguration.framework */ = {isa = PBXFileReference; lastKnownFileType = wrapper.framework; name = SystemConfiguration.framework; path = System/Library/Frameworks/SystemConfiguration.framework; sourceTree = SDKROOT; };
		F7F45ADE18558C850059DC65 /* GLGManagedObjectContext.h */ = {isa = PBXFileReference; fileEncoding = 4; lastKnownFileType = sourcecode.c.h; name = GLGManagedObjectContext.h; path = Models/GLGManagedObjectContext.h; sourceTree = "<group>"; };
		F7F45ADF18558C850059DC65 /* GLGManagedObjectContext.m */ = {isa = PBXFileReference; fileEncoding = 4; lastKnownFileType = sourcecode.c.objc; name = GLGManagedObjectContext.m; path = Models/GLGManagedObjectContext.m; sourceTree = "<group>"; };
		F7F45AE018558C850059DC65 /* IRCChannel.h */ = {isa = PBXFileReference; fileEncoding = 4; lastKnownFileType = sourcecode.c.h; name = IRCChannel.h; path = Models/IRCChannel.h; sourceTree = "<group>"; };
		F7F45AE118558C850059DC65 /* IRCChannel.m */ = {isa = PBXFileReference; fileEncoding = 4; lastKnownFileType = sourcecode.c.objc; name = IRCChannel.m; path = Models/IRCChannel.m; sourceTree = "<group>"; };
		F7F45AE218558C850059DC65 /* IRCServer.h */ = {isa = PBXFileReference; fileEncoding = 4; lastKnownFileType = sourcecode.c.h; name = IRCServer.h; path = Models/IRCServer.h; sourceTree = "<group>"; };
		F7F45AE318558C850059DC65 /* IRCServer.m */ = {isa = PBXFileReference; fileEncoding = 4; lastKnownFileType = sourcecode.c.objc; name = IRCServer.m; path = Models/IRCServer.m; sourceTree = "<group>"; };
		F7F45AE518558C850059DC65 /* Model.xcdatamodel */ = {isa = PBXFileReference; lastKnownFileType = wrapper.xcdatamodel; path = Model.xcdatamodel; sourceTree = "<group>"; };
/* End PBXFileReference section */

/* Begin PBXFrameworksBuildPhase section */
		F70F126D179F2D8B00DBB74F /* Frameworks */ = {
			isa = PBXFrameworksBuildPhase;
			buildActionMask = 2147483647;
			files = (
				F7E5E77A17F264D000A85FFB /* SystemConfiguration.framework in Frameworks */,
				F786C8EA17E687CA004F64DF /* CoreData.framework in Frameworks */,
				F70F1274179F2D8B00DBB74F /* Cocoa.framework in Frameworks */,
			);
			runOnlyForDeploymentPostprocessing = 0;
		};
		F71772071831DA0B00BD6EB4 /* Frameworks */ = {
			isa = PBXFrameworksBuildPhase;
			buildActionMask = 2147483647;
			files = (
				F71772111831DA0B00BD6EB4 /* Cedar.framework in Frameworks */,
				F717720B1831DA0B00BD6EB4 /* Foundation.framework in Frameworks */,
			);
			runOnlyForDeploymentPostprocessing = 0;
		};
/* End PBXFrameworksBuildPhase section */

/* Begin PBXGroup section */
		F704C06D17C9181600CE279D /* Models */ = {
			isa = PBXGroup;
			children = (
				F7F45ADE18558C850059DC65 /* GLGManagedObjectContext.h */,
				F7F45ADF18558C850059DC65 /* GLGManagedObjectContext.m */,
				F7F45AE018558C850059DC65 /* IRCChannel.h */,
				F7F45AE118558C850059DC65 /* IRCChannel.m */,
				F7F45AE218558C850059DC65 /* IRCServer.h */,
				F7F45AE318558C850059DC65 /* IRCServer.m */,
				F7F45AE418558C850059DC65 /* Model.xcdatamodeld */,
			);
			name = Models;
			sourceTree = "<group>";
		};
		F70F1267179F2D8B00DBB74F = {
			isa = PBXGroup;
			children = (
				F7C5FF4617F0229C005B522B /* twIRCk.entitlements */,
				F70F1279179F2D8B00DBB74F /* TwIRCk */,
				F717720C1831DA0B00BD6EB4 /* Specs */,
				F70F1272179F2D8B00DBB74F /* Frameworks */,
				F70F1271179F2D8B00DBB74F /* Products */,
			);
			sourceTree = "<group>";
		};
		F70F1271179F2D8B00DBB74F /* Products */ = {
			isa = PBXGroup;
			children = (
				F70F1270179F2D8B00DBB74F /* twIRCk.app */,
				F71772091831DA0B00BD6EB4 /* Specs */,
			);
			name = Products;
			sourceTree = "<group>";
		};
		F70F1272179F2D8B00DBB74F /* Frameworks */ = {
			isa = PBXGroup;
			children = (
				F7E5E77917F264D000A85FFB /* SystemConfiguration.framework */,
				F70F1273179F2D8B00DBB74F /* Cocoa.framework */,
				F70F1291179F2D8C00DBB74F /* SenTestingKit.framework */,
				F717720A1831DA0B00BD6EB4 /* Foundation.framework */,
				F70F1275179F2D8B00DBB74F /* Other Frameworks */,
			);
			name = Frameworks;
			sourceTree = "<group>";
		};
		F70F1275179F2D8B00DBB74F /* Other Frameworks */ = {
			isa = PBXGroup;
			children = (
				F70F1276179F2D8B00DBB74F /* AppKit.framework */,
				F70F1277179F2D8B00DBB74F /* CoreData.framework */,
				F70F1278179F2D8B00DBB74F /* Foundation.framework */,
			);
			name = "Other Frameworks";
			sourceTree = "<group>";
		};
		F70F1279179F2D8B00DBB74F /* TwIRCk */ = {
			isa = PBXGroup;
			children = (
				F7D54AEF1991C0EB00CFE39A /* Controllers */,
				F71C3E76198B16A8005C53AC /* NSColor+GLG.h */,
				F71C3E77198B16A8005C53AC /* NSColor+GLG.m */,
				F786C93417E6ADEB004F64DF /* Protocols */,
				F704C06D17C9181600CE279D /* Models */,
				F70F12AE179F53DA00DBB74F /* ResponseCodes */,
				F70F12CD17A9960700DBB74F /* Views */,
				F70F1285179F2D8B00DBB74F /* GLGAppDelegate.h */,
				F70F1286179F2D8B00DBB74F /* GLGAppDelegate.m */,
				F70F12B517A0AAD900DBB74F /* GLGReadDelegate.h */,
				F70F12B617A0AAD900DBB74F /* GLGReadDelegate.m */,
				F70F12B817A0AAF300DBB74F /* GLGWriteDelegate.h */,
				F70F12B917A0AAF400DBB74F /* GLGWriteDelegate.m */,
				F7819BA417EB6A48004DB741 /* GLGIRCBroker.h */,
				F7819BA517EB6A48004DB741 /* GLGIRCBroker.m */,
				F7B8B54118121792003003BC /* GLGIRCParser.h */,
				F7B8B54218121792003003BC /* GLGIRCParser.m */,
				F7E5E77617F2320F00A85FFB /* GLGIRCMessage.h */,
				F7E5E77717F2320F00A85FFB /* GLGIRCMessage.m */,
				F70F127A179F2D8B00DBB74F /* Supporting Files */,
				F76E229A198AD73400F26FCF /* GLGLogger.h */,
			);
			path = TwIRCk;
			sourceTree = "<group>";
		};
		F70F127A179F2D8B00DBB74F /* Supporting Files */ = {
			isa = PBXGroup;
			children = (
				F7C5FF6017F0B2EC005B522B /* twIRCk.iconset */,
				F7DBE3F117EE1AA1007832C7 /* close_no_rollover.tif */,
				F7DBE3F217EE1AA1007832C7 /* close_rollover.tif */,
				F70F1288179F2D8B00DBB74F /* MainMenu.xib */,
				F70F127B179F2D8B00DBB74F /* TwIRCk-Info.plist */,
				F70F127C179F2D8B00DBB74F /* InfoPlist.strings */,
				F70F127F179F2D8B00DBB74F /* main.m */,
				F70F1281179F2D8B00DBB74F /* TwIRCk-Prefix.pch */,
				F70F1282179F2D8B00DBB74F /* Credits.rtf */,
			);
			name = "Supporting Files";
			sourceTree = "<group>";
		};
		F70F12AE179F53DA00DBB74F /* ResponseCodes */ = {
			isa = PBXGroup;
			children = (
				F70F12A8179F4E7F00DBB74F /* GLGResponseCodes.h */,
				F70F12A9179F4E7F00DBB74F /* GLGResponseCodes.m */,
				F70F12AB179F4F0000DBB74F /* GLGReplyMessage.h */,
				F70F12AC179F4F0000DBB74F /* GLGReplyMessage.m */,
				F70F12AF179F53EE00DBB74F /* GLGErrorMessage.h */,
				F70F12B0179F53EE00DBB74F /* GLGErrorMessage.m */,
				F70F12B2179F540400DBB74F /* GLGMessage.h */,
				F70F12B3179F540400DBB74F /* GLGMessage.m */,
			);
			name = ResponseCodes;
			sourceTree = "<group>";
		};
		F70F12CD17A9960700DBB74F /* Views */ = {
			isa = PBXGroup;
			children = (
				F7C4EC2D198EE7DB00868C3B /* Preferences */,
				F71C3E55198B0EA8005C53AC /* GLGNewServer.h */,
				F71C3E56198B0EA8005C53AC /* GLGNewServer.m */,
				F76AA97317E789A300D5B0D0 /* DefaultValueControls */,
				F7E9A8AC17E79BBF000AD4BB /* Chat */,
				F7E9A8AB17E79BB6000AD4BB /* Tabs */,
			);
			name = Views;
			sourceTree = "<group>";
		};
		F717720C1831DA0B00BD6EB4 /* Specs */ = {
			isa = PBXGroup;
			children = (
				F717720D1831DA0B00BD6EB4 /* Rakefile */,
				F71772101831DA0B00BD6EB4 /* Cedar.framework */,
				F71772121831DA0B00BD6EB4 /* main.m */,
				F7B8B544181219A7003003BC /* MessageParsingSpec.mm */,
				F717720E1831DA0B00BD6EB4 /* Supporting Files */,
			);
			path = Specs;
			sourceTree = "<group>";
		};
		F717720E1831DA0B00BD6EB4 /* Supporting Files */ = {
			isa = PBXGroup;
			children = (
				F717720F1831DA0B00BD6EB4 /* Specs-Prefix.pch */,
			);
			name = "Supporting Files";
			sourceTree = "<group>";
		};
		F76AA97317E789A300D5B0D0 /* DefaultValueControls */ = {
			isa = PBXGroup;
			children = (
				F71C3E58198B0EBA005C53AC /* GLGDefaultValueTextField.h */,
				F71C3E59198B0EBA005C53AC /* GLGDefaultValueTextField.m */,
				F7D54AF31991C55400CFE39A /* GLGLabelView.h */,
				F7D54AF41991C55400CFE39A /* GLGLabelView.m */,
			);
			name = DefaultValueControls;
			sourceTree = "<group>";
		};
		F786C93417E6ADEB004F64DF /* Protocols */ = {
			isa = PBXGroup;
			children = (
				F761873E187FCB9700A13B91 /* GLGChatViewDelegate.h */,
				F786C93517E6AE01004F64DF /* GLGConnectionView.h */,
				F7819BA717EB6EB8004DB741 /* GLGBrokerDelegate.h */,
				F7819BA817EB714B004DB741 /* GLGStreamReaderDelegate.h */,
				F7D0D96017FA792800F7B258 /* GLGOccupantDelegate.h */,
				F7C4EC40199057D300868C3B /* GLGFetchedServersController.h */,
			);
			name = Protocols;
			sourceTree = "<group>";
		};
		F7C4EC2D198EE7DB00868C3B /* Preferences */ = {
			isa = PBXGroup;
			children = (
				F7C4EC2E198EE80C00868C3B /* GLGPreferencesView.h */,
				F7C4EC2F198EE80C00868C3B /* GLGPreferencesView.m */,
				F7D54AE91991A9E900CFE39A /* GLGServerPreferencesView.h */,
				F7D54AEA1991A9E900CFE39A /* GLGServerPreferencesView.m */,
				F7D54AEC1991B6BB00CFE39A /* GLGChannelPreferencesView.h */,
				F7D54AED1991B6BB00CFE39A /* GLGChannelPreferencesView.m */,
			);
			name = Preferences;
			sourceTree = "<group>";
		};
		F7C5FF6517F0E055005B522B /* Sidebar */ = {
			isa = PBXGroup;
			children = (
				F71C3E64198B0EDA005C53AC /* GLGChannelContent.h */,
				F71C3E65198B0EDA005C53AC /* GLGChannelContent.m */,
				F71C3E66198B0EDA005C53AC /* GLGChannelSidebar.h */,
				F71C3E67198B0EDA005C53AC /* GLGChannelSidebar.m */,
				F71C3E68198B0EDA005C53AC /* GLGGradientSidebar.h */,
				F71C3E69198B0EDA005C53AC /* GLGGradientSidebar.m */,
				F71C3E6A198B0EDA005C53AC /* GLGSidebarOccupant.h */,
				F71C3E6B198B0EDA005C53AC /* GLGSidebarOccupant.m */,
			);
			name = Sidebar;
			sourceTree = "<group>";
		};
		F7D54AEF1991C0EB00CFE39A /* Controllers */ = {
			isa = PBXGroup;
			children = (
				F7D54AF01991C0FF00CFE39A /* GLGPreferencesController.h */,
				F7D54AF11991C0FF00CFE39A /* GLGPreferencesController.m */,
			);
			name = Controllers;
			sourceTree = "<group>";
		};
		F7DB1F5E198C3BC000542C75 /* Presenters */ = {
			isa = PBXGroup;
			children = (
				F7DB1F69198C3E5500542C75 /* GLGMessagePresenter.h */,
				F7DB1F6B198C3E5500542C75 /* GLGRegularMessagePresenter.h */,
				F7DB1F6C198C3E5500542C75 /* GLGRegularMessagePresenter.m */,
				F7DB1F6D198C3E5500542C75 /* GLGSystemMessagePresenter.h */,
				F7DB1F6E198C3E5500542C75 /* GLGSystemMessagePresenter.m */,
			);
			name = Presenters;
			sourceTree = "<group>";
		};
		F7E9A8AB17E79BB6000AD4BB /* Tabs */ = {
			isa = PBXGroup;
			children = (
				F71C3E70198B0EE8005C53AC /* GLGTabItem.h */,
				F71C3E71198B0EE8005C53AC /* GLGTabItem.m */,
				F71C3E72198B0EE8005C53AC /* GLGTabView.h */,
				F71C3E73198B0EE8005C53AC /* GLGTabView.m */,
			);
			name = Tabs;
			sourceTree = "<group>";
		};
		F7E9A8AC17E79BBF000AD4BB /* Chat */ = {
			isa = PBXGroup;
			children = (
				F7DB1F5E198C3BC000542C75 /* Presenters */,
				F71C3E5B198B0ECD005C53AC /* GLGChatLogView.h */,
				F71C3E5C198B0ECD005C53AC /* GLGChatLogView.m */,
				F71C3E5D198B0ECD005C53AC /* GLGChatTextField.h */,
				F71C3E5E198B0ECD005C53AC /* GLGChatTextField.m */,
				F71C3E5F198B0ECD005C53AC /* GLGChatView.h */,
				F71C3E60198B0ECD005C53AC /* GLGChatView.m */,
				F7C5FF6517F0E055005B522B /* Sidebar */,
			);
			name = Chat;
			sourceTree = "<group>";
		};
/* End PBXGroup section */

/* Begin PBXNativeTarget section */
		F70F126F179F2D8B00DBB74F /* twIRCk */ = {
			isa = PBXNativeTarget;
			buildConfigurationList = F70F12A1179F2D8C00DBB74F /* Build configuration list for PBXNativeTarget "twIRCk" */;
			buildPhases = (
				F70F126C179F2D8B00DBB74F /* Sources */,
				F70F126D179F2D8B00DBB74F /* Frameworks */,
				F70F126E179F2D8B00DBB74F /* Resources */,
			);
			buildRules = (
				F786C8E917E686C8004F64DF /* PBXBuildRule */,
			);
			dependencies = (
			);
			name = twIRCk;
			productName = TwIRCk;
			productReference = F70F1270179F2D8B00DBB74F /* twIRCk.app */;
			productType = "com.apple.product-type.application";
		};
		F71772081831DA0B00BD6EB4 /* Specs */ = {
			isa = PBXNativeTarget;
			buildConfigurationList = F71772161831DA0B00BD6EB4 /* Build configuration list for PBXNativeTarget "Specs" */;
			buildPhases = (
				F71772051831DA0B00BD6EB4 /* ShellScript */,
				F71772061831DA0B00BD6EB4 /* Sources */,
				F71772071831DA0B00BD6EB4 /* Frameworks */,
			);
			buildRules = (
			);
			dependencies = (
			);
			name = Specs;
			productName = Specs;
			productReference = F71772091831DA0B00BD6EB4 /* Specs */;
			productType = "com.apple.product-type.tool";
		};
/* End PBXNativeTarget section */

/* Begin PBXProject section */
		F70F1268179F2D8B00DBB74F /* Project object */ = {
			isa = PBXProject;
			attributes = {
				CLASSPREFIX = GLG;
				LastUpgradeCheck = 0510;
				ORGANIZATIONNAME = "General Linear Group";
			};
			buildConfigurationList = F70F126B179F2D8B00DBB74F /* Build configuration list for PBXProject "TwIRCk" */;
			compatibilityVersion = "Xcode 3.2";
			developmentRegion = English;
			hasScannedForEncodings = 0;
			knownRegions = (
				en,
			);
			mainGroup = F70F1267179F2D8B00DBB74F;
			productRefGroup = F70F1271179F2D8B00DBB74F /* Products */;
			projectDirPath = "";
			projectRoot = "";
			targets = (
				F70F126F179F2D8B00DBB74F /* twIRCk */,
				F71772081831DA0B00BD6EB4 /* Specs */,
			);
		};
/* End PBXProject section */

/* Begin PBXResourcesBuildPhase section */
		F70F126E179F2D8B00DBB74F /* Resources */ = {
			isa = PBXResourcesBuildPhase;
			buildActionMask = 2147483647;
			files = (
				F70F127E179F2D8B00DBB74F /* InfoPlist.strings in Resources */,
				F70F1284179F2D8B00DBB74F /* Credits.rtf in Resources */,
				F70F128A179F2D8B00DBB74F /* MainMenu.xib in Resources */,
				F7DBE3F317EE1AA1007832C7 /* close_no_rollover.tif in Resources */,
				F7DBE3F417EE1AA1007832C7 /* close_rollover.tif in Resources */,
				F7C5FF6117F0B2EC005B522B /* twIRCk.iconset in Resources */,
			);
			runOnlyForDeploymentPostprocessing = 0;
		};
/* End PBXResourcesBuildPhase section */

/* Begin PBXShellScriptBuildPhase section */
		F71772051831DA0B00BD6EB4 /* ShellScript */ = {
			isa = PBXShellScriptBuildPhase;
			buildActionMask = 2147483647;
			files = (
			);
			inputPaths = (
			);
			outputPaths = (
			);
			runOnlyForDeploymentPostprocessing = 0;
			shellPath = /bin/sh;
			shellScript = "cp -R \"${TARGET_NAME}\"/Frameworks/Cedar.framework \"${BUILT_PRODUCTS_DIR}\"";
		};
/* End PBXShellScriptBuildPhase section */

/* Begin PBXSourcesBuildPhase section */
		F70F126C179F2D8B00DBB74F /* Sources */ = {
			isa = PBXSourcesBuildPhase;
			buildActionMask = 2147483647;
			files = (
				F76E2280198AD2B900F26FCF /* GLGManagedObjectContext.m in Sources */,
				F71C3E78198B16A8005C53AC /* NSColor+GLG.m in Sources */,
				F7C4EC30198EE80C00868C3B /* GLGPreferencesView.m in Sources */,
				F76E2281198AD2B900F26FCF /* IRCChannel.m in Sources */,
				F76E2282198AD2B900F26FCF /* IRCServer.m in Sources */,
				F71C3E6D198B0EDA005C53AC /* GLGChannelSidebar.m in Sources */,
				F71C3E63198B0ECD005C53AC /* GLGChatView.m in Sources */,
				F76E2283198AD2B900F26FCF /* GLGResponseCodes.m in Sources */,
				F76E2284198AD2B900F26FCF /* GLGReplyMessage.m in Sources */,
				F76E2285198AD2B900F26FCF /* GLGErrorMessage.m in Sources */,
				F7D54AF21991C0FF00CFE39A /* GLGPreferencesController.m in Sources */,
				F71C3E6F198B0EDA005C53AC /* GLGSidebarOccupant.m in Sources */,
				F71C3E5A198B0EBA005C53AC /* GLGDefaultValueTextField.m in Sources */,
				F76E2286198AD2B900F26FCF /* GLGMessage.m in Sources */,
				F7DB1F70198C3E5500542C75 /* GLGRegularMessagePresenter.m in Sources */,
				F71C3E6E198B0EDA005C53AC /* GLGGradientSidebar.m in Sources */,
				F71C3E54198AF79C005C53AC /* Model.xcdatamodeld in Sources */,
				F71C3E75198B0EE8005C53AC /* GLGTabView.m in Sources */,
				F7D54AF51991C55400CFE39A /* GLGLabelView.m in Sources */,
				F71C3E62198B0ECD005C53AC /* GLGChatTextField.m in Sources */,
				F7D54AEB1991A9E900CFE39A /* GLGServerPreferencesView.m in Sources */,
				F76E2292198AD2B900F26FCF /* GLGAppDelegate.m in Sources */,
				F76E2293198AD2B900F26FCF /* GLGReadDelegate.m in Sources */,
				F76E2294198AD2B900F26FCF /* GLGWriteDelegate.m in Sources */,
				F7D54AEE1991B6BB00CFE39A /* GLGChannelPreferencesView.m in Sources */,
				F7DB1F71198C3E5500542C75 /* GLGSystemMessagePresenter.m in Sources */,
				F71C3E61198B0ECD005C53AC /* GLGChatLogView.m in Sources */,
				F76E2295198AD2B900F26FCF /* GLGIRCBroker.m in Sources */,
				F71C3E57198B0EA8005C53AC /* GLGNewServer.m in Sources */,
				F76E2296198AD2B900F26FCF /* GLGIRCParser.m in Sources */,
				F71C3E6C198B0EDA005C53AC /* GLGChannelContent.m in Sources */,
				F76E2297198AD2B900F26FCF /* GLGIRCMessage.m in Sources */,
				F71C3E74198B0EE8005C53AC /* GLGTabItem.m in Sources */,
				F76E2298198AD2B900F26FCF /* main.m in Sources */,
			);
			runOnlyForDeploymentPostprocessing = 0;
		};
		F71772061831DA0B00BD6EB4 /* Sources */ = {
			isa = PBXSourcesBuildPhase;
			buildActionMask = 2147483647;
			files = (
				F76E22B3198AD79F00F26FCF /* main.m in Sources */,
				F76E22B1198AD79F00F26FCF /* GLGIRCParser.m in Sources */,
				F76E22B2198AD79F00F26FCF /* GLGIRCMessage.m in Sources */,
				F76E22B4198AD7A400F26FCF /* MessageParsingSpec.mm in Sources */,
			);
			runOnlyForDeploymentPostprocessing = 0;
		};
/* End PBXSourcesBuildPhase section */

/* Begin PBXVariantGroup section */
		F70F127C179F2D8B00DBB74F /* InfoPlist.strings */ = {
			isa = PBXVariantGroup;
			children = (
				F70F127D179F2D8B00DBB74F /* en */,
			);
			name = InfoPlist.strings;
			sourceTree = "<group>";
		};
		F70F1282179F2D8B00DBB74F /* Credits.rtf */ = {
			isa = PBXVariantGroup;
			children = (
				F70F1283179F2D8B00DBB74F /* en */,
			);
			name = Credits.rtf;
			sourceTree = "<group>";
		};
		F70F1288179F2D8B00DBB74F /* MainMenu.xib */ = {
			isa = PBXVariantGroup;
			children = (
				F70F1289179F2D8B00DBB74F /* en */,
			);
			name = MainMenu.xib;
			sourceTree = "<group>";
		};
/* End PBXVariantGroup section */

/* Begin XCBuildConfiguration section */
		F70F129F179F2D8C00DBB74F /* Debug */ = {
			isa = XCBuildConfiguration;
			buildSettings = {
				ALWAYS_SEARCH_USER_PATHS = NO;
				CLANG_CXX_LANGUAGE_STANDARD = "gnu++0x";
				CLANG_CXX_LIBRARY = "libc++";
				CLANG_ENABLE_OBJC_ARC = YES;
				CLANG_WARN_CONSTANT_CONVERSION = YES;
				CLANG_WARN_EMPTY_BODY = YES;
				CLANG_WARN_ENUM_CONVERSION = YES;
				CLANG_WARN_INT_CONVERSION = YES;
				CLANG_WARN__DUPLICATE_METHOD_MATCH = YES;
				COPY_PHASE_STRIP = NO;
				GCC_C_LANGUAGE_STANDARD = gnu99;
				GCC_DYNAMIC_NO_PIC = NO;
				GCC_ENABLE_OBJC_EXCEPTIONS = YES;
				GCC_OPTIMIZATION_LEVEL = 0;
				GCC_PREPROCESSOR_DEFINITIONS = (
					"DEBUG=1",
					"$(inherited)",
				);
				GCC_SYMBOLS_PRIVATE_EXTERN = NO;
				GCC_WARN_64_TO_32_BIT_CONVERSION = YES;
				GCC_WARN_ABOUT_RETURN_TYPE = YES;
				GCC_WARN_UNINITIALIZED_AUTOS = YES;
				GCC_WARN_UNUSED_VARIABLE = YES;
				MACOSX_DEPLOYMENT_TARGET = 10.8;
				ONLY_ACTIVE_ARCH = YES;
				SDKROOT = macosx;
			};
			name = Debug;
		};
		F70F12A0179F2D8C00DBB74F /* Release */ = {
			isa = XCBuildConfiguration;
			buildSettings = {
				ALWAYS_SEARCH_USER_PATHS = NO;
				CLANG_CXX_LANGUAGE_STANDARD = "gnu++0x";
				CLANG_CXX_LIBRARY = "libc++";
				CLANG_ENABLE_OBJC_ARC = YES;
				CLANG_WARN_CONSTANT_CONVERSION = YES;
				CLANG_WARN_EMPTY_BODY = YES;
				CLANG_WARN_ENUM_CONVERSION = YES;
				CLANG_WARN_INT_CONVERSION = YES;
				CLANG_WARN__DUPLICATE_METHOD_MATCH = YES;
				COPY_PHASE_STRIP = NO;
				DEBUG_INFORMATION_FORMAT = "dwarf-with-dsym";
				GCC_C_LANGUAGE_STANDARD = gnu99;
				GCC_ENABLE_OBJC_EXCEPTIONS = YES;
				GCC_WARN_64_TO_32_BIT_CONVERSION = YES;
				GCC_WARN_ABOUT_RETURN_TYPE = YES;
				GCC_WARN_UNINITIALIZED_AUTOS = YES;
				GCC_WARN_UNUSED_VARIABLE = YES;
				MACOSX_DEPLOYMENT_TARGET = 10.8;
				SDKROOT = macosx;
			};
			name = Release;
		};
		F70F12A2179F2D8C00DBB74F /* Debug */ = {
			isa = XCBuildConfiguration;
			buildSettings = {
				CODE_SIGN_ENTITLEMENTS = twIRCk/twIRCk.entitlements;
				CODE_SIGN_IDENTITY = "Mac Developer";
				COMBINE_HIDPI_IMAGES = YES;
				GCC_PRECOMPILE_PREFIX_HEADER = YES;
				GCC_PREFIX_HEADER = "TwIRCk/TwIRCk-Prefix.pch";
				INFOPLIST_FILE = "TwIRCk/TwIRCk-Info.plist";
				PRODUCT_NAME = "$(TARGET_NAME)";
				SEPARATE_STRIP = NO;
				STRIP_STYLE = all;
				WRAPPER_EXTENSION = app;
			};
			name = Debug;
		};
		F70F12A3179F2D8C00DBB74F /* Release */ = {
			isa = XCBuildConfiguration;
			buildSettings = {
				CODE_SIGN_ENTITLEMENTS = twIRCk/twIRCk.entitlements;
				CODE_SIGN_IDENTITY = "Mac Developer";
				COMBINE_HIDPI_IMAGES = YES;
				COPY_PHASE_STRIP = YES;
				GCC_PRECOMPILE_PREFIX_HEADER = YES;
				GCC_PREFIX_HEADER = "TwIRCk/TwIRCk-Prefix.pch";
				INFOPLIST_FILE = "TwIRCk/TwIRCk-Info.plist";
				PRODUCT_NAME = "$(TARGET_NAME)";
				SEPARATE_STRIP = NO;
				STRIP_INSTALLED_PRODUCT = YES;
				STRIP_STYLE = all;
				WRAPPER_EXTENSION = app;
			};
			name = Release;
		};
		F71772171831DA0B00BD6EB4 /* Debug */ = {
			isa = XCBuildConfiguration;
			buildSettings = {
				CLANG_WARN_BOOL_CONVERSION = YES;
				CLANG_WARN_DIRECT_OBJC_ISA_USAGE = YES_ERROR;
				CLANG_WARN_OBJC_ROOT_CLASS = YES_ERROR;
				FRAMEWORK_SEARCH_PATHS = (
					"$(inherited)",
					/Users/tjarratt/git/TwIRCk/Specs/Frameworks,
				);
				GCC_PRECOMPILE_PREFIX_HEADER = YES;
				GCC_PREFIX_HEADER = "Specs/Specs-Prefix.pch";
				GCC_PREPROCESSOR_DEFINITIONS = (
					"DEBUG=1",
					"$(inherited)",
				);
				GCC_WARN_ABOUT_RETURN_TYPE = YES_ERROR;
				GCC_WARN_UNDECLARED_SELECTOR = YES;
				GCC_WARN_UNUSED_FUNCTION = YES;
				MACOSX_DEPLOYMENT_TARGET = 10.9;
				PRODUCT_NAME = "$(TARGET_NAME)";
			};
			name = Debug;
		};
		F71772181831DA0B00BD6EB4 /* Test */ = {
			isa = XCBuildConfiguration;
			buildSettings = {
				CLANG_WARN_BOOL_CONVERSION = YES;
				CLANG_WARN_DIRECT_OBJC_ISA_USAGE = YES_ERROR;
				CLANG_WARN_OBJC_ROOT_CLASS = YES_ERROR;
				COPY_PHASE_STRIP = YES;
				ENABLE_NS_ASSERTIONS = NO;
				FRAMEWORK_SEARCH_PATHS = (
					"$(inherited)",
					/Users/tjarratt/git/TwIRCk/Specs/Frameworks,
				);
				GCC_PRECOMPILE_PREFIX_HEADER = YES;
				GCC_PREFIX_HEADER = "Specs/Specs-Prefix.pch";
				GCC_WARN_ABOUT_RETURN_TYPE = YES_ERROR;
				GCC_WARN_UNDECLARED_SELECTOR = YES;
				GCC_WARN_UNUSED_FUNCTION = YES;
				MACOSX_DEPLOYMENT_TARGET = 10.9;
				PRODUCT_NAME = "$(TARGET_NAME)";
			};
			name = Test;
		};
		F71772191831DA0B00BD6EB4 /* Release */ = {
			isa = XCBuildConfiguration;
			buildSettings = {
				CLANG_WARN_BOOL_CONVERSION = YES;
				CLANG_WARN_DIRECT_OBJC_ISA_USAGE = YES_ERROR;
				CLANG_WARN_OBJC_ROOT_CLASS = YES_ERROR;
				COPY_PHASE_STRIP = YES;
				ENABLE_NS_ASSERTIONS = NO;
				FRAMEWORK_SEARCH_PATHS = (
					"$(inherited)",
					/Users/tjarratt/git/TwIRCk/Specs/Frameworks,
				);
				GCC_PRECOMPILE_PREFIX_HEADER = YES;
				GCC_PREFIX_HEADER = "Specs/Specs-Prefix.pch";
				GCC_WARN_ABOUT_RETURN_TYPE = YES_ERROR;
				GCC_WARN_UNDECLARED_SELECTOR = YES;
				GCC_WARN_UNUSED_FUNCTION = YES;
				MACOSX_DEPLOYMENT_TARGET = 10.9;
				PRODUCT_NAME = "$(TARGET_NAME)";
			};
			name = Release;
		};
		F7B7295B18132CEC00280A1C /* Test */ = {
			isa = XCBuildConfiguration;
			buildSettings = {
				ALWAYS_SEARCH_USER_PATHS = NO;
				CLANG_CXX_LANGUAGE_STANDARD = "gnu++0x";
				CLANG_CXX_LIBRARY = "libc++";
				CLANG_ENABLE_OBJC_ARC = YES;
				CLANG_WARN_CONSTANT_CONVERSION = YES;
				CLANG_WARN_EMPTY_BODY = YES;
				CLANG_WARN_ENUM_CONVERSION = YES;
				CLANG_WARN_INT_CONVERSION = YES;
				CLANG_WARN__DUPLICATE_METHOD_MATCH = YES;
				COPY_PHASE_STRIP = NO;
				GCC_C_LANGUAGE_STANDARD = gnu99;
				GCC_DYNAMIC_NO_PIC = NO;
				GCC_ENABLE_OBJC_EXCEPTIONS = YES;
				GCC_OPTIMIZATION_LEVEL = 0;
				GCC_PREPROCESSOR_DEFINITIONS = (
					"DEBUG=1",
					"$(inherited)",
				);
				GCC_SYMBOLS_PRIVATE_EXTERN = NO;
				GCC_WARN_64_TO_32_BIT_CONVERSION = YES;
				GCC_WARN_ABOUT_RETURN_TYPE = YES;
				GCC_WARN_UNINITIALIZED_AUTOS = YES;
				GCC_WARN_UNUSED_VARIABLE = YES;
				MACOSX_DEPLOYMENT_TARGET = 10.8;
				ONLY_ACTIVE_ARCH = YES;
				SDKROOT = macosx;
				STRIP_INSTALLED_PRODUCT = NO;
			};
			name = Test;
		};
		F7B7295C18132CEC00280A1C /* Test */ = {
			isa = XCBuildConfiguration;
			buildSettings = {
				CODE_SIGN_ENTITLEMENTS = twIRCk/twIRCk.entitlements;
				CODE_SIGN_IDENTITY = "";
				COMBINE_HIDPI_IMAGES = YES;
				GCC_PRECOMPILE_PREFIX_HEADER = YES;
				GCC_PREFIX_HEADER = "TwIRCk/TwIRCk-Prefix.pch";
				INFOPLIST_FILE = "TwIRCk/TwIRCk-Info.plist";
				PRODUCT_NAME = "$(TARGET_NAME)";
				SEPARATE_STRIP = NO;
				STRIP_STYLE = all;
				WRAPPER_EXTENSION = app;
			};
			name = Test;
		};
/* End XCBuildConfiguration section */

/* Begin XCConfigurationList section */
		F70F126B179F2D8B00DBB74F /* Build configuration list for PBXProject "TwIRCk" */ = {
			isa = XCConfigurationList;
			buildConfigurations = (
				F70F129F179F2D8C00DBB74F /* Debug */,
				F7B7295B18132CEC00280A1C /* Test */,
				F70F12A0179F2D8C00DBB74F /* Release */,
			);
			defaultConfigurationIsVisible = 0;
			defaultConfigurationName = Release;
		};
		F70F12A1179F2D8C00DBB74F /* Build configuration list for PBXNativeTarget "twIRCk" */ = {
			isa = XCConfigurationList;
			buildConfigurations = (
				F70F12A2179F2D8C00DBB74F /* Debug */,
				F7B7295C18132CEC00280A1C /* Test */,
				F70F12A3179F2D8C00DBB74F /* Release */,
			);
			defaultConfigurationIsVisible = 0;
			defaultConfigurationName = Release;
		};
		F71772161831DA0B00BD6EB4 /* Build configuration list for PBXNativeTarget "Specs" */ = {
			isa = XCConfigurationList;
			buildConfigurations = (
				F71772171831DA0B00BD6EB4 /* Debug */,
				F71772181831DA0B00BD6EB4 /* Test */,
				F71772191831DA0B00BD6EB4 /* Release */,
			);
			defaultConfigurationIsVisible = 0;
			defaultConfigurationName = Release;
		};
/* End XCConfigurationList section */

/* Begin XCVersionGroup section */
		F7F45AE418558C850059DC65 /* Model.xcdatamodeld */ = {
			isa = XCVersionGroup;
			children = (
				F7F45AE518558C850059DC65 /* Model.xcdatamodel */,
			);
			currentVersion = F7F45AE518558C850059DC65 /* Model.xcdatamodel */;
			name = Model.xcdatamodeld;
			path = Models/Model.xcdatamodeld;
			sourceTree = "<group>";
			versionGroupType = wrapper.xcdatamodel;
		};
/* End XCVersionGroup section */
	};
	rootObject = F70F1268179F2D8B00DBB74F /* Project object */;
}
