// !$*UTF8*$!
{
	archiveVersion = 1;
	classes = {
	};
	objectVersion = 46;
	objects = {

/* Begin PBXBuildFile section */
		F70F1274179F2D8B00DBB74F /* Cocoa.framework in Frameworks */ = {isa = PBXBuildFile; fileRef = F70F1273179F2D8B00DBB74F /* Cocoa.framework */; };
		F70F127E179F2D8B00DBB74F /* InfoPlist.strings in Resources */ = {isa = PBXBuildFile; fileRef = F70F127C179F2D8B00DBB74F /* InfoPlist.strings */; };
		F70F1280179F2D8B00DBB74F /* main.m in Sources */ = {isa = PBXBuildFile; fileRef = F70F127F179F2D8B00DBB74F /* main.m */; };
		F70F1284179F2D8B00DBB74F /* Credits.rtf in Resources */ = {isa = PBXBuildFile; fileRef = F70F1282179F2D8B00DBB74F /* Credits.rtf */; };
		F70F1287179F2D8B00DBB74F /* GLGAppDelegate.m in Sources */ = {isa = PBXBuildFile; fileRef = F70F1286179F2D8B00DBB74F /* GLGAppDelegate.m */; };
		F70F128A179F2D8B00DBB74F /* MainMenu.xib in Resources */ = {isa = PBXBuildFile; fileRef = F70F1288179F2D8B00DBB74F /* MainMenu.xib */; };
		F70F1292179F2D8C00DBB74F /* SenTestingKit.framework in Frameworks */ = {isa = PBXBuildFile; fileRef = F70F1291179F2D8C00DBB74F /* SenTestingKit.framework */; };
		F70F1293179F2D8C00DBB74F /* Cocoa.framework in Frameworks */ = {isa = PBXBuildFile; fileRef = F70F1273179F2D8B00DBB74F /* Cocoa.framework */; };
		F70F129B179F2D8C00DBB74F /* InfoPlist.strings in Resources */ = {isa = PBXBuildFile; fileRef = F70F1299179F2D8C00DBB74F /* InfoPlist.strings */; };
		F70F129E179F2D8C00DBB74F /* TwIRCkTests.m in Sources */ = {isa = PBXBuildFile; fileRef = F70F129D179F2D8C00DBB74F /* TwIRCkTests.m */; };
		F70F12AA179F4E7F00DBB74F /* GLGResponseCodes.m in Sources */ = {isa = PBXBuildFile; fileRef = F70F12A9179F4E7F00DBB74F /* GLGResponseCodes.m */; };
		F70F12AD179F4F0000DBB74F /* GLGReplyMessage.m in Sources */ = {isa = PBXBuildFile; fileRef = F70F12AC179F4F0000DBB74F /* GLGReplyMessage.m */; };
		F70F12B1179F53EE00DBB74F /* GLGErrorMessage.m in Sources */ = {isa = PBXBuildFile; fileRef = F70F12B0179F53EE00DBB74F /* GLGErrorMessage.m */; };
		F70F12B4179F540400DBB74F /* GLGMessage.m in Sources */ = {isa = PBXBuildFile; fileRef = F70F12B3179F540400DBB74F /* GLGMessage.m */; };
		F70F12B717A0AAD900DBB74F /* GLGReadDelegate.m in Sources */ = {isa = PBXBuildFile; fileRef = F70F12B617A0AAD900DBB74F /* GLGReadDelegate.m */; };
		F70F12BA17A0AAF400DBB74F /* GLGWriteDelegate.m in Sources */ = {isa = PBXBuildFile; fileRef = F70F12B917A0AAF400DBB74F /* GLGWriteDelegate.m */; };
		F70F12D117A9962200DBB74F /* GLGNewServer.m in Sources */ = {isa = PBXBuildFile; fileRef = F70F12D017A9962200DBB74F /* GLGNewServer.m */; };
		F70F12D417A9980800DBB74F /* GLGChatView.m in Sources */ = {isa = PBXBuildFile; fileRef = F70F12D317A9980800DBB74F /* GLGChatView.m */; };
		F71BEC1317AD9290004CEE84 /* GLGChatTextField.m in Sources */ = {isa = PBXBuildFile; fileRef = F71BEC1217AD9290004CEE84 /* GLGChatTextField.m */; };
		F76AA97617E789E100D5B0D0 /* GLGDefaultValueTextField.m in Sources */ = {isa = PBXBuildFile; fileRef = F76AA97517E789E100D5B0D0 /* GLGDefaultValueTextField.m */; };
		F76AA97917E7967B00D5B0D0 /* IRCChannel.m in Sources */ = {isa = PBXBuildFile; fileRef = F76AA97817E7967B00D5B0D0 /* IRCChannel.m */; };
		F76AA97D17E798E000D5B0D0 /* Model.xcdatamodeld in Sources */ = {isa = PBXBuildFile; fileRef = F76AA97B17E798E000D5B0D0 /* Model.xcdatamodeld */; };
		F76AA98017E79B0E00D5B0D0 /* GLGTabView.m in Sources */ = {isa = PBXBuildFile; fileRef = F76AA97F17E79B0E00D5B0D0 /* GLGTabView.m */; };
		F7819BA317EA5FCC004DB741 /* GLGManagedObjectContext.m in Sources */ = {isa = PBXBuildFile; fileRef = F7819BA217EA5FCC004DB741 /* GLGManagedObjectContext.m */; };
		F7819BA617EB6A48004DB741 /* GLGIRCBroker.m in Sources */ = {isa = PBXBuildFile; fileRef = F7819BA517EB6A48004DB741 /* GLGIRCBroker.m */; };
		F786C8EA17E687CA004F64DF /* CoreData.framework in Frameworks */ = {isa = PBXBuildFile; fileRef = F70F1277179F2D8B00DBB74F /* CoreData.framework */; };
		F7C5FF6117F0B2EC005B522B /* twIRCk.iconset in Resources */ = {isa = PBXBuildFile; fileRef = F7C5FF6017F0B2EC005B522B /* twIRCk.iconset */; };
		F7C5FF6417F0D24C005B522B /* GLGChannelSidebar.m in Sources */ = {isa = PBXBuildFile; fileRef = F7C5FF6317F0D24C005B522B /* GLGChannelSidebar.m */; };
		F7C5FF6817F0E073005B522B /* GLGChannelContent.m in Sources */ = {isa = PBXBuildFile; fileRef = F7C5FF6717F0E073005B522B /* GLGChannelContent.m */; };
		F7C5FF6B17F1155C005B522B /* GLGGradientSidebar.m in Sources */ = {isa = PBXBuildFile; fileRef = F7C5FF6A17F1155C005B522B /* GLGGradientSidebar.m */; };
		F7C5FF6E17F12155005B522B /* GLGChatLogView.m in Sources */ = {isa = PBXBuildFile; fileRef = F7C5FF6D17F12155005B522B /* GLGChatLogView.m */; };
		F7DBE3F317EE1AA1007832C7 /* close_no_rollover.tif in Resources */ = {isa = PBXBuildFile; fileRef = F7DBE3F117EE1AA1007832C7 /* close_no_rollover.tif */; };
		F7DBE3F417EE1AA1007832C7 /* close_rollover.tif in Resources */ = {isa = PBXBuildFile; fileRef = F7DBE3F217EE1AA1007832C7 /* close_rollover.tif */; };
		F7E5E77817F2320F00A85FFB /* GLGIRCMessage.m in Sources */ = {isa = PBXBuildFile; fileRef = F7E5E77717F2320F00A85FFB /* GLGIRCMessage.m */; };
		F7E5E77A17F264D000A85FFB /* SystemConfiguration.framework in Frameworks */ = {isa = PBXBuildFile; fileRef = F7E5E77917F264D000A85FFB /* SystemConfiguration.framework */; };
		F7E9A8AF17E79BCF000AD4BB /* GLGTabItem.m in Sources */ = {isa = PBXBuildFile; fileRef = F7E9A8AE17E79BCF000AD4BB /* GLGTabItem.m */; };
		F7F29FAE17E67E8B00032FF5 /* IRCServer.m in Sources */ = {isa = PBXBuildFile; fileRef = F7F29FAD17E67E8B00032FF5 /* IRCServer.m */; };
/* End PBXBuildFile section */

/* Begin PBXBuildRule section */
		F786C8E917E686C8004F64DF /* PBXBuildRule */ = {
			isa = PBXBuildRule;
			compilerSpec = com.apple.compilers.model.coredataversion;
			fileType = wrapper.xcdatamodel;
			isEditable = 1;
			outputFiles = (
			);
			script = "# momc\n";
		};
/* End PBXBuildRule section */

/* Begin PBXContainerItemProxy section */
		F70F1294179F2D8C00DBB74F /* PBXContainerItemProxy */ = {
			isa = PBXContainerItemProxy;
			containerPortal = F70F1268179F2D8B00DBB74F /* Project object */;
			proxyType = 1;
			remoteGlobalIDString = F70F126F179F2D8B00DBB74F;
			remoteInfo = TwIRCk;
		};
/* End PBXContainerItemProxy section */

/* Begin PBXFileReference section */
		F70F1270179F2D8B00DBB74F /* twIRCk.app */ = {isa = PBXFileReference; explicitFileType = wrapper.application; includeInIndex = 0; path = twIRCk.app; sourceTree = BUILT_PRODUCTS_DIR; };
		F70F1273179F2D8B00DBB74F /* Cocoa.framework */ = {isa = PBXFileReference; lastKnownFileType = wrapper.framework; name = Cocoa.framework; path = System/Library/Frameworks/Cocoa.framework; sourceTree = SDKROOT; };
		F70F1276179F2D8B00DBB74F /* AppKit.framework */ = {isa = PBXFileReference; lastKnownFileType = wrapper.framework; name = AppKit.framework; path = System/Library/Frameworks/AppKit.framework; sourceTree = SDKROOT; };
		F70F1277179F2D8B00DBB74F /* CoreData.framework */ = {isa = PBXFileReference; lastKnownFileType = wrapper.framework; name = CoreData.framework; path = System/Library/Frameworks/CoreData.framework; sourceTree = SDKROOT; };
		F70F1278179F2D8B00DBB74F /* Foundation.framework */ = {isa = PBXFileReference; lastKnownFileType = wrapper.framework; name = Foundation.framework; path = System/Library/Frameworks/Foundation.framework; sourceTree = SDKROOT; };
		F70F127B179F2D8B00DBB74F /* TwIRCk-Info.plist */ = {isa = PBXFileReference; lastKnownFileType = text.plist.xml; path = "TwIRCk-Info.plist"; sourceTree = "<group>"; };
		F70F127D179F2D8B00DBB74F /* en */ = {isa = PBXFileReference; lastKnownFileType = text.plist.strings; name = en; path = en.lproj/InfoPlist.strings; sourceTree = "<group>"; };
		F70F127F179F2D8B00DBB74F /* main.m */ = {isa = PBXFileReference; lastKnownFileType = sourcecode.c.objc; path = main.m; sourceTree = "<group>"; };
		F70F1281179F2D8B00DBB74F /* TwIRCk-Prefix.pch */ = {isa = PBXFileReference; lastKnownFileType = sourcecode.c.h; path = "TwIRCk-Prefix.pch"; sourceTree = "<group>"; };
		F70F1283179F2D8B00DBB74F /* en */ = {isa = PBXFileReference; lastKnownFileType = text.rtf; name = en; path = en.lproj/Credits.rtf; sourceTree = "<group>"; };
		F70F1285179F2D8B00DBB74F /* GLGAppDelegate.h */ = {isa = PBXFileReference; lastKnownFileType = sourcecode.c.h; path = GLGAppDelegate.h; sourceTree = "<group>"; };
		F70F1286179F2D8B00DBB74F /* GLGAppDelegate.m */ = {isa = PBXFileReference; lastKnownFileType = sourcecode.c.objc; path = GLGAppDelegate.m; sourceTree = "<group>"; };
		F70F1289179F2D8B00DBB74F /* en */ = {isa = PBXFileReference; lastKnownFileType = file.xib; name = en; path = en.lproj/MainMenu.xib; sourceTree = "<group>"; };
		F70F1290179F2D8C00DBB74F /* TwIRCkTests.octest */ = {isa = PBXFileReference; explicitFileType = wrapper.cfbundle; includeInIndex = 0; path = TwIRCkTests.octest; sourceTree = BUILT_PRODUCTS_DIR; };
		F70F1291179F2D8C00DBB74F /* SenTestingKit.framework */ = {isa = PBXFileReference; lastKnownFileType = wrapper.framework; name = SenTestingKit.framework; path = Library/Frameworks/SenTestingKit.framework; sourceTree = DEVELOPER_DIR; };
		F70F1298179F2D8C00DBB74F /* TwIRCkTests-Info.plist */ = {isa = PBXFileReference; lastKnownFileType = text.plist.xml; path = "TwIRCkTests-Info.plist"; sourceTree = "<group>"; };
		F70F129A179F2D8C00DBB74F /* en */ = {isa = PBXFileReference; lastKnownFileType = text.plist.strings; name = en; path = en.lproj/InfoPlist.strings; sourceTree = "<group>"; };
		F70F129C179F2D8C00DBB74F /* TwIRCkTests.h */ = {isa = PBXFileReference; lastKnownFileType = sourcecode.c.h; path = TwIRCkTests.h; sourceTree = "<group>"; };
		F70F129D179F2D8C00DBB74F /* TwIRCkTests.m */ = {isa = PBXFileReference; lastKnownFileType = sourcecode.c.objc; path = TwIRCkTests.m; sourceTree = "<group>"; };
		F70F12A8179F4E7F00DBB74F /* GLGResponseCodes.h */ = {isa = PBXFileReference; fileEncoding = 4; lastKnownFileType = sourcecode.c.h; path = GLGResponseCodes.h; sourceTree = "<group>"; };
		F70F12A9179F4E7F00DBB74F /* GLGResponseCodes.m */ = {isa = PBXFileReference; fileEncoding = 4; lastKnownFileType = sourcecode.c.objc; path = GLGResponseCodes.m; sourceTree = "<group>"; };
		F70F12AB179F4F0000DBB74F /* GLGReplyMessage.h */ = {isa = PBXFileReference; fileEncoding = 4; lastKnownFileType = sourcecode.c.h; path = GLGReplyMessage.h; sourceTree = "<group>"; };
		F70F12AC179F4F0000DBB74F /* GLGReplyMessage.m */ = {isa = PBXFileReference; fileEncoding = 4; lastKnownFileType = sourcecode.c.objc; path = GLGReplyMessage.m; sourceTree = "<group>"; };
		F70F12AF179F53EE00DBB74F /* GLGErrorMessage.h */ = {isa = PBXFileReference; fileEncoding = 4; lastKnownFileType = sourcecode.c.h; path = GLGErrorMessage.h; sourceTree = "<group>"; };
		F70F12B0179F53EE00DBB74F /* GLGErrorMessage.m */ = {isa = PBXFileReference; fileEncoding = 4; lastKnownFileType = sourcecode.c.objc; path = GLGErrorMessage.m; sourceTree = "<group>"; };
		F70F12B2179F540400DBB74F /* GLGMessage.h */ = {isa = PBXFileReference; fileEncoding = 4; lastKnownFileType = sourcecode.c.h; path = GLGMessage.h; sourceTree = "<group>"; };
		F70F12B3179F540400DBB74F /* GLGMessage.m */ = {isa = PBXFileReference; fileEncoding = 4; lastKnownFileType = sourcecode.c.objc; path = GLGMessage.m; sourceTree = "<group>"; };
		F70F12B517A0AAD900DBB74F /* GLGReadDelegate.h */ = {isa = PBXFileReference; fileEncoding = 4; lastKnownFileType = sourcecode.c.h; path = GLGReadDelegate.h; sourceTree = "<group>"; };
		F70F12B617A0AAD900DBB74F /* GLGReadDelegate.m */ = {isa = PBXFileReference; fileEncoding = 4; lastKnownFileType = sourcecode.c.objc; path = GLGReadDelegate.m; sourceTree = "<group>"; };
		F70F12B817A0AAF300DBB74F /* GLGWriteDelegate.h */ = {isa = PBXFileReference; fileEncoding = 4; lastKnownFileType = sourcecode.c.h; path = GLGWriteDelegate.h; sourceTree = "<group>"; };
		F70F12B917A0AAF400DBB74F /* GLGWriteDelegate.m */ = {isa = PBXFileReference; fileEncoding = 4; lastKnownFileType = sourcecode.c.objc; path = GLGWriteDelegate.m; sourceTree = "<group>"; };
		F70F12CF17A9962200DBB74F /* GLGNewServer.h */ = {isa = PBXFileReference; fileEncoding = 4; lastKnownFileType = sourcecode.c.h; path = GLGNewServer.h; sourceTree = "<group>"; };
		F70F12D017A9962200DBB74F /* GLGNewServer.m */ = {isa = PBXFileReference; fileEncoding = 4; lastKnownFileType = sourcecode.c.objc; path = GLGNewServer.m; sourceTree = "<group>"; };
		F70F12D217A9980800DBB74F /* GLGChatView.h */ = {isa = PBXFileReference; fileEncoding = 4; lastKnownFileType = sourcecode.c.h; path = GLGChatView.h; sourceTree = "<group>"; };
		F70F12D317A9980800DBB74F /* GLGChatView.m */ = {isa = PBXFileReference; fileEncoding = 4; lastKnownFileType = sourcecode.c.objc; path = GLGChatView.m; sourceTree = "<group>"; };
		F71BEC1117AD9290004CEE84 /* GLGChatTextField.h */ = {isa = PBXFileReference; fileEncoding = 4; lastKnownFileType = sourcecode.c.h; path = GLGChatTextField.h; sourceTree = "<group>"; };
		F71BEC1217AD9290004CEE84 /* GLGChatTextField.m */ = {isa = PBXFileReference; fileEncoding = 4; lastKnownFileType = sourcecode.c.objc; path = GLGChatTextField.m; sourceTree = "<group>"; };
		F76AA97417E789E100D5B0D0 /* GLGDefaultValueTextField.h */ = {isa = PBXFileReference; fileEncoding = 4; lastKnownFileType = sourcecode.c.h; path = GLGDefaultValueTextField.h; sourceTree = "<group>"; };
		F76AA97517E789E100D5B0D0 /* GLGDefaultValueTextField.m */ = {isa = PBXFileReference; fileEncoding = 4; lastKnownFileType = sourcecode.c.objc; path = GLGDefaultValueTextField.m; sourceTree = "<group>"; };
		F76AA97717E7967B00D5B0D0 /* IRCChannel.h */ = {isa = PBXFileReference; fileEncoding = 4; lastKnownFileType = sourcecode.c.h; path = IRCChannel.h; sourceTree = "<group>"; };
		F76AA97817E7967B00D5B0D0 /* IRCChannel.m */ = {isa = PBXFileReference; fileEncoding = 4; lastKnownFileType = sourcecode.c.objc; path = IRCChannel.m; sourceTree = "<group>"; };
		F76AA97C17E798E000D5B0D0 /* Model.xcdatamodel */ = {isa = PBXFileReference; lastKnownFileType = wrapper.xcdatamodel; path = Model.xcdatamodel; sourceTree = "<group>"; };
		F76AA97E17E79B0E00D5B0D0 /* GLGTabView.h */ = {isa = PBXFileReference; fileEncoding = 4; lastKnownFileType = sourcecode.c.h; path = GLGTabView.h; sourceTree = "<group>"; };
		F76AA97F17E79B0E00D5B0D0 /* GLGTabView.m */ = {isa = PBXFileReference; fileEncoding = 4; lastKnownFileType = sourcecode.c.objc; path = GLGTabView.m; sourceTree = "<group>"; };
		F7819BA117EA5FCC004DB741 /* GLGManagedObjectContext.h */ = {isa = PBXFileReference; fileEncoding = 4; lastKnownFileType = sourcecode.c.h; path = GLGManagedObjectContext.h; sourceTree = "<group>"; };
		F7819BA217EA5FCC004DB741 /* GLGManagedObjectContext.m */ = {isa = PBXFileReference; fileEncoding = 4; lastKnownFileType = sourcecode.c.objc; path = GLGManagedObjectContext.m; sourceTree = "<group>"; };
		F7819BA417EB6A48004DB741 /* GLGIRCBroker.h */ = {isa = PBXFileReference; fileEncoding = 4; lastKnownFileType = sourcecode.c.h; path = GLGIRCBroker.h; sourceTree = "<group>"; };
		F7819BA517EB6A48004DB741 /* GLGIRCBroker.m */ = {isa = PBXFileReference; fileEncoding = 4; lastKnownFileType = sourcecode.c.objc; path = GLGIRCBroker.m; sourceTree = "<group>"; };
		F7819BA717EB6EB8004DB741 /* GLGBrokerDelegate.h */ = {isa = PBXFileReference; lastKnownFileType = sourcecode.c.h; path = GLGBrokerDelegate.h; sourceTree = "<group>"; };
		F7819BA817EB714B004DB741 /* GLGStreamReaderDelegate.h */ = {isa = PBXFileReference; lastKnownFileType = sourcecode.c.h; path = GLGStreamReaderDelegate.h; sourceTree = "<group>"; };
		F786C93517E6AE01004F64DF /* GLGConnectionView.h */ = {isa = PBXFileReference; lastKnownFileType = sourcecode.c.h; path = GLGConnectionView.h; sourceTree = "<group>"; };
		F7C5FF4617F0229C005B522B /* twIRCk.entitlements */ = {isa = PBXFileReference; lastKnownFileType = text.xml; name = twIRCk.entitlements; path = twIRCk/twIRCk.entitlements; sourceTree = "<group>"; };
		F7C5FF6017F0B2EC005B522B /* twIRCk.iconset */ = {isa = PBXFileReference; lastKnownFileType = folder.iconset; path = twIRCk.iconset; sourceTree = "<group>"; };
		F7C5FF6217F0D24C005B522B /* GLGChannelSidebar.h */ = {isa = PBXFileReference; fileEncoding = 4; lastKnownFileType = sourcecode.c.h; path = GLGChannelSidebar.h; sourceTree = "<group>"; };
		F7C5FF6317F0D24C005B522B /* GLGChannelSidebar.m */ = {isa = PBXFileReference; fileEncoding = 4; lastKnownFileType = sourcecode.c.objc; path = GLGChannelSidebar.m; sourceTree = "<group>"; };
		F7C5FF6617F0E073005B522B /* GLGChannelContent.h */ = {isa = PBXFileReference; fileEncoding = 4; lastKnownFileType = sourcecode.c.h; path = GLGChannelContent.h; sourceTree = "<group>"; };
		F7C5FF6717F0E073005B522B /* GLGChannelContent.m */ = {isa = PBXFileReference; fileEncoding = 4; lastKnownFileType = sourcecode.c.objc; path = GLGChannelContent.m; sourceTree = "<group>"; };
		F7C5FF6917F1155C005B522B /* GLGGradientSidebar.h */ = {isa = PBXFileReference; fileEncoding = 4; lastKnownFileType = sourcecode.c.h; path = GLGGradientSidebar.h; sourceTree = "<group>"; };
		F7C5FF6A17F1155C005B522B /* GLGGradientSidebar.m */ = {isa = PBXFileReference; fileEncoding = 4; lastKnownFileType = sourcecode.c.objc; path = GLGGradientSidebar.m; sourceTree = "<group>"; };
		F7C5FF6C17F12155005B522B /* GLGChatLogView.h */ = {isa = PBXFileReference; fileEncoding = 4; lastKnownFileType = sourcecode.c.h; path = GLGChatLogView.h; sourceTree = "<group>"; };
		F7C5FF6D17F12155005B522B /* GLGChatLogView.m */ = {isa = PBXFileReference; fileEncoding = 4; lastKnownFileType = sourcecode.c.objc; path = GLGChatLogView.m; sourceTree = "<group>"; };
		F7DBE3F117EE1AA1007832C7 /* close_no_rollover.tif */ = {isa = PBXFileReference; lastKnownFileType = image.tiff; path = close_no_rollover.tif; sourceTree = "<group>"; };
		F7DBE3F217EE1AA1007832C7 /* close_rollover.tif */ = {isa = PBXFileReference; lastKnownFileType = image.tiff; path = close_rollover.tif; sourceTree = "<group>"; };
		F7E5E77617F2320F00A85FFB /* GLGIRCMessage.h */ = {isa = PBXFileReference; fileEncoding = 4; lastKnownFileType = sourcecode.c.h; path = GLGIRCMessage.h; sourceTree = "<group>"; };
		F7E5E77717F2320F00A85FFB /* GLGIRCMessage.m */ = {isa = PBXFileReference; fileEncoding = 4; lastKnownFileType = sourcecode.c.objc; path = GLGIRCMessage.m; sourceTree = "<group>"; };
		F7E5E77917F264D000A85FFB /* SystemConfiguration.framework */ = {isa = PBXFileReference; lastKnownFileType = wrapper.framework; name = SystemConfiguration.framework; path = System/Library/Frameworks/SystemConfiguration.framework; sourceTree = SDKROOT; };
		F7E9A8AD17E79BCF000AD4BB /* GLGTabItem.h */ = {isa = PBXFileReference; fileEncoding = 4; lastKnownFileType = sourcecode.c.h; path = GLGTabItem.h; sourceTree = "<group>"; };
		F7E9A8AE17E79BCF000AD4BB /* GLGTabItem.m */ = {isa = PBXFileReference; fileEncoding = 4; lastKnownFileType = sourcecode.c.objc; path = GLGTabItem.m; sourceTree = "<group>"; };
		F7F29FAC17E67E8B00032FF5 /* IRCServer.h */ = {isa = PBXFileReference; fileEncoding = 4; lastKnownFileType = sourcecode.c.h; path = IRCServer.h; sourceTree = "<group>"; };
		F7F29FAD17E67E8B00032FF5 /* IRCServer.m */ = {isa = PBXFileReference; fileEncoding = 4; lastKnownFileType = sourcecode.c.objc; path = IRCServer.m; sourceTree = "<group>"; };
/* End PBXFileReference section */

/* Begin PBXFrameworksBuildPhase section */
		F70F126D179F2D8B00DBB74F /* Frameworks */ = {
			isa = PBXFrameworksBuildPhase;
			buildActionMask = 2147483647;
			files = (
				F7E5E77A17F264D000A85FFB /* SystemConfiguration.framework in Frameworks */,
				F786C8EA17E687CA004F64DF /* CoreData.framework in Frameworks */,
				F70F1274179F2D8B00DBB74F /* Cocoa.framework in Frameworks */,
			);
			runOnlyForDeploymentPostprocessing = 0;
		};
		F70F128C179F2D8C00DBB74F /* Frameworks */ = {
			isa = PBXFrameworksBuildPhase;
			buildActionMask = 2147483647;
			files = (
				F70F1292179F2D8C00DBB74F /* SenTestingKit.framework in Frameworks */,
				F70F1293179F2D8C00DBB74F /* Cocoa.framework in Frameworks */,
			);
			runOnlyForDeploymentPostprocessing = 0;
		};
/* End PBXFrameworksBuildPhase section */

/* Begin PBXGroup section */
		F704C06D17C9181600CE279D /* Models */ = {
			isa = PBXGroup;
			children = (
				F76AA97B17E798E000D5B0D0 /* Model.xcdatamodeld */,
				F7F29FAC17E67E8B00032FF5 /* IRCServer.h */,
				F7F29FAD17E67E8B00032FF5 /* IRCServer.m */,
				F76AA97717E7967B00D5B0D0 /* IRCChannel.h */,
				F76AA97817E7967B00D5B0D0 /* IRCChannel.m */,
				F7819BA117EA5FCC004DB741 /* GLGManagedObjectContext.h */,
				F7819BA217EA5FCC004DB741 /* GLGManagedObjectContext.m */,
			);
			name = Models;
			sourceTree = "<group>";
		};
		F70F1267179F2D8B00DBB74F = {
			isa = PBXGroup;
			children = (
				F7C5FF4617F0229C005B522B /* twIRCk.entitlements */,
				F70F1279179F2D8B00DBB74F /* TwIRCk */,
				F70F1296179F2D8C00DBB74F /* TwIRCkTests */,
				F70F1272179F2D8B00DBB74F /* Frameworks */,
				F70F1271179F2D8B00DBB74F /* Products */,
			);
			sourceTree = "<group>";
		};
		F70F1271179F2D8B00DBB74F /* Products */ = {
			isa = PBXGroup;
			children = (
				F70F1270179F2D8B00DBB74F /* twIRCk.app */,
				F70F1290179F2D8C00DBB74F /* TwIRCkTests.octest */,
			);
			name = Products;
			sourceTree = "<group>";
		};
		F70F1272179F2D8B00DBB74F /* Frameworks */ = {
			isa = PBXGroup;
			children = (
				F7E5E77917F264D000A85FFB /* SystemConfiguration.framework */,
				F70F1273179F2D8B00DBB74F /* Cocoa.framework */,
				F70F1291179F2D8C00DBB74F /* SenTestingKit.framework */,
				F70F1275179F2D8B00DBB74F /* Other Frameworks */,
			);
			name = Frameworks;
			sourceTree = "<group>";
		};
		F70F1275179F2D8B00DBB74F /* Other Frameworks */ = {
			isa = PBXGroup;
			children = (
				F70F1276179F2D8B00DBB74F /* AppKit.framework */,
				F70F1277179F2D8B00DBB74F /* CoreData.framework */,
				F70F1278179F2D8B00DBB74F /* Foundation.framework */,
			);
			name = "Other Frameworks";
			sourceTree = "<group>";
		};
		F70F1279179F2D8B00DBB74F /* TwIRCk */ = {
			isa = PBXGroup;
			children = (
				F786C93417E6ADEB004F64DF /* Protocols */,
				F704C06D17C9181600CE279D /* Models */,
				F70F12AE179F53DA00DBB74F /* ResponseCodes */,
				F70F12CD17A9960700DBB74F /* Views */,
				F70F1285179F2D8B00DBB74F /* GLGAppDelegate.h */,
				F70F1286179F2D8B00DBB74F /* GLGAppDelegate.m */,
				F70F12B517A0AAD900DBB74F /* GLGReadDelegate.h */,
				F70F12B617A0AAD900DBB74F /* GLGReadDelegate.m */,
				F70F12B817A0AAF300DBB74F /* GLGWriteDelegate.h */,
				F70F12B917A0AAF400DBB74F /* GLGWriteDelegate.m */,
				F7819BA417EB6A48004DB741 /* GLGIRCBroker.h */,
				F7819BA517EB6A48004DB741 /* GLGIRCBroker.m */,
				F7E5E77617F2320F00A85FFB /* GLGIRCMessage.h */,
				F7E5E77717F2320F00A85FFB /* GLGIRCMessage.m */,
				F70F127A179F2D8B00DBB74F /* Supporting Files */,
			);
			path = TwIRCk;
			sourceTree = "<group>";
		};
		F70F127A179F2D8B00DBB74F /* Supporting Files */ = {
			isa = PBXGroup;
			children = (
				F7C5FF6017F0B2EC005B522B /* twIRCk.iconset */,
				F7DBE3F117EE1AA1007832C7 /* close_no_rollover.tif */,
				F7DBE3F217EE1AA1007832C7 /* close_rollover.tif */,
				F70F1288179F2D8B00DBB74F /* MainMenu.xib */,
				F70F127B179F2D8B00DBB74F /* TwIRCk-Info.plist */,
				F70F127C179F2D8B00DBB74F /* InfoPlist.strings */,
				F70F127F179F2D8B00DBB74F /* main.m */,
				F70F1281179F2D8B00DBB74F /* TwIRCk-Prefix.pch */,
				F70F1282179F2D8B00DBB74F /* Credits.rtf */,
			);
			name = "Supporting Files";
			sourceTree = "<group>";
		};
		F70F1296179F2D8C00DBB74F /* TwIRCkTests */ = {
			isa = PBXGroup;
			children = (
				F70F129C179F2D8C00DBB74F /* TwIRCkTests.h */,
				F70F129D179F2D8C00DBB74F /* TwIRCkTests.m */,
				F70F1297179F2D8C00DBB74F /* Supporting Files */,
			);
			path = TwIRCkTests;
			sourceTree = "<group>";
		};
		F70F1297179F2D8C00DBB74F /* Supporting Files */ = {
			isa = PBXGroup;
			children = (
				F70F1298179F2D8C00DBB74F /* TwIRCkTests-Info.plist */,
				F70F1299179F2D8C00DBB74F /* InfoPlist.strings */,
			);
			name = "Supporting Files";
			sourceTree = "<group>";
		};
		F70F12AE179F53DA00DBB74F /* ResponseCodes */ = {
			isa = PBXGroup;
			children = (
				F70F12A8179F4E7F00DBB74F /* GLGResponseCodes.h */,
				F70F12A9179F4E7F00DBB74F /* GLGResponseCodes.m */,
				F70F12AB179F4F0000DBB74F /* GLGReplyMessage.h */,
				F70F12AC179F4F0000DBB74F /* GLGReplyMessage.m */,
				F70F12AF179F53EE00DBB74F /* GLGErrorMessage.h */,
				F70F12B0179F53EE00DBB74F /* GLGErrorMessage.m */,
				F70F12B2179F540400DBB74F /* GLGMessage.h */,
				F70F12B3179F540400DBB74F /* GLGMessage.m */,
			);
			name = ResponseCodes;
			sourceTree = "<group>";
		};
		F70F12CD17A9960700DBB74F /* Views */ = {
			isa = PBXGroup;
			children = (
				F76AA97317E789A300D5B0D0 /* DefaultValueControls */,
				F7E9A8AC17E79BBF000AD4BB /* Chat */,
				F7E9A8AB17E79BB6000AD4BB /* Tabs */,
				F70F12CF17A9962200DBB74F /* GLGNewServer.h */,
				F70F12D017A9962200DBB74F /* GLGNewServer.m */,
			);
			name = Views;
			sourceTree = "<group>";
		};
		F76AA97317E789A300D5B0D0 /* DefaultValueControls */ = {
			isa = PBXGroup;
			children = (
				F76AA97417E789E100D5B0D0 /* GLGDefaultValueTextField.h */,
				F76AA97517E789E100D5B0D0 /* GLGDefaultValueTextField.m */,
			);
			name = DefaultValueControls;
			sourceTree = "<group>";
		};
		F786C93417E6ADEB004F64DF /* Protocols */ = {
			isa = PBXGroup;
			children = (
				F786C93517E6AE01004F64DF /* GLGConnectionView.h */,
				F7819BA717EB6EB8004DB741 /* GLGBrokerDelegate.h */,
				F7819BA817EB714B004DB741 /* GLGStreamReaderDelegate.h */,
			);
			name = Protocols;
			sourceTree = "<group>";
		};
		F7C5FF6517F0E055005B522B /* Sidebar */ = {
			isa = PBXGroup;
			children = (
				F7C5FF6217F0D24C005B522B /* GLGChannelSidebar.h */,
				F7C5FF6317F0D24C005B522B /* GLGChannelSidebar.m */,
				F7C5FF6617F0E073005B522B /* GLGChannelContent.h */,
				F7C5FF6717F0E073005B522B /* GLGChannelContent.m */,
				F7C5FF6917F1155C005B522B /* GLGGradientSidebar.h */,
				F7C5FF6A17F1155C005B522B /* GLGGradientSidebar.m */,
			);
			name = Sidebar;
			sourceTree = "<group>";
		};
		F7E9A8AB17E79BB6000AD4BB /* Tabs */ = {
			isa = PBXGroup;
			children = (
				F76AA97E17E79B0E00D5B0D0 /* GLGTabView.h */,
				F76AA97F17E79B0E00D5B0D0 /* GLGTabView.m */,
				F7E9A8AD17E79BCF000AD4BB /* GLGTabItem.h */,
				F7E9A8AE17E79BCF000AD4BB /* GLGTabItem.m */,
			);
			name = Tabs;
			sourceTree = "<group>";
		};
		F7E9A8AC17E79BBF000AD4BB /* Chat */ = {
			isa = PBXGroup;
			children = (
				F7C5FF6517F0E055005B522B /* Sidebar */,
				F70F12D217A9980800DBB74F /* GLGChatView.h */,
				F70F12D317A9980800DBB74F /* GLGChatView.m */,
				F71BEC1117AD9290004CEE84 /* GLGChatTextField.h */,
				F71BEC1217AD9290004CEE84 /* GLGChatTextField.m */,
				F7C5FF6C17F12155005B522B /* GLGChatLogView.h */,
				F7C5FF6D17F12155005B522B /* GLGChatLogView.m */,
			);
			name = Chat;
			sourceTree = "<group>";
		};
/* End PBXGroup section */

/* Begin PBXNativeTarget section */
		F70F126F179F2D8B00DBB74F /* twIRCk */ = {
			isa = PBXNativeTarget;
			buildConfigurationList = F70F12A1179F2D8C00DBB74F /* Build configuration list for PBXNativeTarget "twIRCk" */;
			buildPhases = (
				F70F126C179F2D8B00DBB74F /* Sources */,
				F70F126D179F2D8B00DBB74F /* Frameworks */,
				F70F126E179F2D8B00DBB74F /* Resources */,
			);
			buildRules = (
				F786C8E917E686C8004F64DF /* PBXBuildRule */,
			);
			dependencies = (
			);
			name = twIRCk;
			productName = TwIRCk;
			productReference = F70F1270179F2D8B00DBB74F /* twIRCk.app */;
			productType = "com.apple.product-type.application";
		};
		F70F128F179F2D8C00DBB74F /* TwIRCkTests */ = {
			isa = PBXNativeTarget;
			buildConfigurationList = F70F12A4179F2D8C00DBB74F /* Build configuration list for PBXNativeTarget "TwIRCkTests" */;
			buildPhases = (
				F70F128B179F2D8C00DBB74F /* Sources */,
				F70F128C179F2D8C00DBB74F /* Frameworks */,
				F70F128D179F2D8C00DBB74F /* Resources */,
				F70F128E179F2D8C00DBB74F /* ShellScript */,
			);
			buildRules = (
			);
			dependencies = (
				F70F1295179F2D8C00DBB74F /* PBXTargetDependency */,
			);
			name = TwIRCkTests;
			productName = TwIRCkTests;
			productReference = F70F1290179F2D8C00DBB74F /* TwIRCkTests.octest */;
			productType = "com.apple.product-type.bundle";
		};
/* End PBXNativeTarget section */

/* Begin PBXProject section */
		F70F1268179F2D8B00DBB74F /* Project object */ = {
			isa = PBXProject;
			attributes = {
				CLASSPREFIX = GLG;
				LastUpgradeCheck = 0500;
				ORGANIZATIONNAME = "General Linear Group";
			};
			buildConfigurationList = F70F126B179F2D8B00DBB74F /* Build configuration list for PBXProject "TwIRCk" */;
			compatibilityVersion = "Xcode 3.2";
			developmentRegion = English;
			hasScannedForEncodings = 0;
			knownRegions = (
				en,
			);
			mainGroup = F70F1267179F2D8B00DBB74F;
			productRefGroup = F70F1271179F2D8B00DBB74F /* Products */;
			projectDirPath = "";
			projectRoot = "";
			targets = (
				F70F126F179F2D8B00DBB74F /* twIRCk */,
				F70F128F179F2D8C00DBB74F /* TwIRCkTests */,
			);
		};
/* End PBXProject section */

/* Begin PBXResourcesBuildPhase section */
		F70F126E179F2D8B00DBB74F /* Resources */ = {
			isa = PBXResourcesBuildPhase;
			buildActionMask = 2147483647;
			files = (
				F70F127E179F2D8B00DBB74F /* InfoPlist.strings in Resources */,
				F70F1284179F2D8B00DBB74F /* Credits.rtf in Resources */,
				F70F128A179F2D8B00DBB74F /* MainMenu.xib in Resources */,
				F7DBE3F317EE1AA1007832C7 /* close_no_rollover.tif in Resources */,
				F7DBE3F417EE1AA1007832C7 /* close_rollover.tif in Resources */,
				F7C5FF6117F0B2EC005B522B /* twIRCk.iconset in Resources */,
			);
			runOnlyForDeploymentPostprocessing = 0;
		};
		F70F128D179F2D8C00DBB74F /* Resources */ = {
			isa = PBXResourcesBuildPhase;
			buildActionMask = 2147483647;
			files = (
				F70F129B179F2D8C00DBB74F /* InfoPlist.strings in Resources */,
			);
			runOnlyForDeploymentPostprocessing = 0;
		};
/* End PBXResourcesBuildPhase section */

/* Begin PBXShellScriptBuildPhase section */
		F70F128E179F2D8C00DBB74F /* ShellScript */ = {
			isa = PBXShellScriptBuildPhase;
			buildActionMask = 2147483647;
			files = (
			);
			inputPaths = (
			);
			outputPaths = (
			);
			runOnlyForDeploymentPostprocessing = 0;
			shellPath = /bin/sh;
			shellScript = "# Run the unit tests in this test bundle.\n\"${SYSTEM_DEVELOPER_DIR}/Tools/RunUnitTests\"\n";
		};
/* End PBXShellScriptBuildPhase section */

/* Begin PBXSourcesBuildPhase section */
		F70F126C179F2D8B00DBB74F /* Sources */ = {
			isa = PBXSourcesBuildPhase;
			buildActionMask = 2147483647;
			files = (
				F70F1280179F2D8B00DBB74F /* main.m in Sources */,
				F70F1287179F2D8B00DBB74F /* GLGAppDelegate.m in Sources */,
				F70F12AA179F4E7F00DBB74F /* GLGResponseCodes.m in Sources */,
				F70F12AD179F4F0000DBB74F /* GLGReplyMessage.m in Sources */,
				F70F12B1179F53EE00DBB74F /* GLGErrorMessage.m in Sources */,
				F70F12B4179F540400DBB74F /* GLGMessage.m in Sources */,
				F70F12B717A0AAD900DBB74F /* GLGReadDelegate.m in Sources */,
				F70F12BA17A0AAF400DBB74F /* GLGWriteDelegate.m in Sources */,
				F70F12D117A9962200DBB74F /* GLGNewServer.m in Sources */,
				F70F12D417A9980800DBB74F /* GLGChatView.m in Sources */,
				F71BEC1317AD9290004CEE84 /* GLGChatTextField.m in Sources */,
				F7F29FAE17E67E8B00032FF5 /* IRCServer.m in Sources */,
				F76AA97617E789E100D5B0D0 /* GLGDefaultValueTextField.m in Sources */,
				F76AA97917E7967B00D5B0D0 /* IRCChannel.m in Sources */,
				F76AA97D17E798E000D5B0D0 /* Model.xcdatamodeld in Sources */,
				F76AA98017E79B0E00D5B0D0 /* GLGTabView.m in Sources */,
				F7E9A8AF17E79BCF000AD4BB /* GLGTabItem.m in Sources */,
				F7819BA317EA5FCC004DB741 /* GLGManagedObjectContext.m in Sources */,
				F7819BA617EB6A48004DB741 /* GLGIRCBroker.m in Sources */,
				F7C5FF6417F0D24C005B522B /* GLGChannelSidebar.m in Sources */,
				F7C5FF6817F0E073005B522B /* GLGChannelContent.m in Sources */,
				F7C5FF6B17F1155C005B522B /* GLGGradientSidebar.m in Sources */,
				F7C5FF6E17F12155005B522B /* GLGChatLogView.m in Sources */,
				F7E5E77817F2320F00A85FFB /* GLGIRCMessage.m in Sources */,
			);
			runOnlyForDeploymentPostprocessing = 0;
		};
		F70F128B179F2D8C00DBB74F /* Sources */ = {
			isa = PBXSourcesBuildPhase;
			buildActionMask = 2147483647;
			files = (
				F70F129E179F2D8C00DBB74F /* TwIRCkTests.m in Sources */,
			);
			runOnlyForDeploymentPostprocessing = 0;
		};
/* End PBXSourcesBuildPhase section */

/* Begin PBXTargetDependency section */
		F70F1295179F2D8C00DBB74F /* PBXTargetDependency */ = {
			isa = PBXTargetDependency;
			target = F70F126F179F2D8B00DBB74F /* twIRCk */;
			targetProxy = F70F1294179F2D8C00DBB74F /* PBXContainerItemProxy */;
		};
/* End PBXTargetDependency section */

/* Begin PBXVariantGroup section */
		F70F127C179F2D8B00DBB74F /* InfoPlist.strings */ = {
			isa = PBXVariantGroup;
			children = (
				F70F127D179F2D8B00DBB74F /* en */,
			);
			name = InfoPlist.strings;
			sourceTree = "<group>";
		};
		F70F1282179F2D8B00DBB74F /* Credits.rtf */ = {
			isa = PBXVariantGroup;
			children = (
				F70F1283179F2D8B00DBB74F /* en */,
			);
			name = Credits.rtf;
			sourceTree = "<group>";
		};
		F70F1288179F2D8B00DBB74F /* MainMenu.xib */ = {
			isa = PBXVariantGroup;
			children = (
				F70F1289179F2D8B00DBB74F /* en */,
			);
			name = MainMenu.xib;
			sourceTree = "<group>";
		};
		F70F1299179F2D8C00DBB74F /* InfoPlist.strings */ = {
			isa = PBXVariantGroup;
			children = (
				F70F129A179F2D8C00DBB74F /* en */,
			);
			name = InfoPlist.strings;
			sourceTree = "<group>";
		};
/* End PBXVariantGroup section */

/* Begin XCBuildConfiguration section */
		F70F129F179F2D8C00DBB74F /* Debug */ = {
			isa = XCBuildConfiguration;
			buildSettings = {
				ALWAYS_SEARCH_USER_PATHS = NO;
				CLANG_CXX_LANGUAGE_STANDARD = "gnu++0x";
				CLANG_CXX_LIBRARY = "libc++";
				CLANG_ENABLE_OBJC_ARC = YES;
				CLANG_WARN_CONSTANT_CONVERSION = YES;
				CLANG_WARN_EMPTY_BODY = YES;
				CLANG_WARN_ENUM_CONVERSION = YES;
				CLANG_WARN_INT_CONVERSION = YES;
				CLANG_WARN__DUPLICATE_METHOD_MATCH = YES;
				COPY_PHASE_STRIP = NO;
				GCC_C_LANGUAGE_STANDARD = gnu99;
				GCC_DYNAMIC_NO_PIC = NO;
				GCC_ENABLE_OBJC_EXCEPTIONS = YES;
				GCC_OPTIMIZATION_LEVEL = 0;
				GCC_PREPROCESSOR_DEFINITIONS = (
					"DEBUG=1",
					"$(inherited)",
				);
				GCC_SYMBOLS_PRIVATE_EXTERN = NO;
				GCC_WARN_64_TO_32_BIT_CONVERSION = YES;
				GCC_WARN_ABOUT_RETURN_TYPE = YES;
				GCC_WARN_UNINITIALIZED_AUTOS = YES;
				GCC_WARN_UNUSED_VARIABLE = YES;
				MACOSX_DEPLOYMENT_TARGET = 10.8;
				ONLY_ACTIVE_ARCH = YES;
				SDKROOT = macosx;
			};
			name = Debug;
		};
		F70F12A0179F2D8C00DBB74F /* Release */ = {
			isa = XCBuildConfiguration;
			buildSettings = {
				ALWAYS_SEARCH_USER_PATHS = NO;
				CLANG_CXX_LANGUAGE_STANDARD = "gnu++0x";
				CLANG_CXX_LIBRARY = "libc++";
				CLANG_ENABLE_OBJC_ARC = YES;
				CLANG_WARN_CONSTANT_CONVERSION = YES;
				CLANG_WARN_EMPTY_BODY = YES;
				CLANG_WARN_ENUM_CONVERSION = YES;
				CLANG_WARN_INT_CONVERSION = YES;
				CLANG_WARN__DUPLICATE_METHOD_MATCH = YES;
				COPY_PHASE_STRIP = YES;
				DEBUG_INFORMATION_FORMAT = "dwarf-with-dsym";
				GCC_C_LANGUAGE_STANDARD = gnu99;
				GCC_ENABLE_OBJC_EXCEPTIONS = YES;
				GCC_WARN_64_TO_32_BIT_CONVERSION = YES;
				GCC_WARN_ABOUT_RETURN_TYPE = YES;
				GCC_WARN_UNINITIALIZED_AUTOS = YES;
				GCC_WARN_UNUSED_VARIABLE = YES;
				MACOSX_DEPLOYMENT_TARGET = 10.8;
				SDKROOT = macosx;
			};
			name = Release;
		};
		F70F12A2179F2D8C00DBB74F /* Debug */ = {
			isa = XCBuildConfiguration;
			buildSettings = {
				CODE_SIGN_ENTITLEMENTS = twIRCk/twIRCk.entitlements;
				CODE_SIGN_IDENTITY = "Mac Developer";
				COMBINE_HIDPI_IMAGES = YES;
				GCC_PRECOMPILE_PREFIX_HEADER = YES;
				GCC_PREFIX_HEADER = "TwIRCk/TwIRCk-Prefix.pch";
				INFOPLIST_FILE = "TwIRCk/TwIRCk-Info.plist";
				PRODUCT_NAME = "$(TARGET_NAME)";
				WRAPPER_EXTENSION = app;
			};
			name = Debug;
		};
		F70F12A3179F2D8C00DBB74F /* Release */ = {
			isa = XCBuildConfiguration;
			buildSettings = {
				CODE_SIGN_ENTITLEMENTS = twIRCk/twIRCk.entitlements;
				CODE_SIGN_IDENTITY = "Mac Developer";
				COMBINE_HIDPI_IMAGES = YES;
				GCC_PRECOMPILE_PREFIX_HEADER = YES;
				GCC_PREFIX_HEADER = "TwIRCk/TwIRCk-Prefix.pch";
				INFOPLIST_FILE = "TwIRCk/TwIRCk-Info.plist";
				PRODUCT_NAME = "$(TARGET_NAME)";
				WRAPPER_EXTENSION = app;
			};
			name = Release;
		};
		F70F12A5179F2D8C00DBB74F /* Debug */ = {
			isa = XCBuildConfiguration;
			buildSettings = {
				BUNDLE_LOADER = "$(BUILT_PRODUCTS_DIR)/TwIRCk.app/Contents/MacOS/TwIRCk";
				COMBINE_HIDPI_IMAGES = YES;
				FRAMEWORK_SEARCH_PATHS = "\"$(DEVELOPER_LIBRARY_DIR)/Frameworks\"";
				GCC_PRECOMPILE_PREFIX_HEADER = YES;
				GCC_PREFIX_HEADER = "TwIRCk/TwIRCk-Prefix.pch";
				INFOPLIST_FILE = "TwIRCkTests/TwIRCkTests-Info.plist";
				PRODUCT_NAME = "$(TARGET_NAME)";
				TEST_HOST = "$(BUNDLE_LOADER)";
				WRAPPER_EXTENSION = octest;
			};
			name = Debug;
		};
		F70F12A6179F2D8C00DBB74F /* Release */ = {
			isa = XCBuildConfiguration;
			buildSettings = {
				BUNDLE_LOADER = "$(BUILT_PRODUCTS_DIR)/TwIRCk.app/Contents/MacOS/TwIRCk";
				COMBINE_HIDPI_IMAGES = YES;
				FRAMEWORK_SEARCH_PATHS = "\"$(DEVELOPER_LIBRARY_DIR)/Frameworks\"";
				GCC_PRECOMPILE_PREFIX_HEADER = YES;
				GCC_PREFIX_HEADER = "TwIRCk/TwIRCk-Prefix.pch";
				INFOPLIST_FILE = "TwIRCkTests/TwIRCkTests-Info.plist";
				PRODUCT_NAME = "$(TARGET_NAME)";
				TEST_HOST = "$(BUNDLE_LOADER)";
				WRAPPER_EXTENSION = octest;
			};
			name = Release;
		};
/* End XCBuildConfiguration section */

/* Begin XCConfigurationList section */
		F70F126B179F2D8B00DBB74F /* Build configuration list for PBXProject "TwIRCk" */ = {
			isa = XCConfigurationList;
			buildConfigurations = (
				F70F129F179F2D8C00DBB74F /* Debug */,
				F70F12A0179F2D8C00DBB74F /* Release */,
			);
			defaultConfigurationIsVisible = 0;
			defaultConfigurationName = Release;
		};
		F70F12A1179F2D8C00DBB74F /* Build configuration list for PBXNativeTarget "twIRCk" */ = {
			isa = XCConfigurationList;
			buildConfigurations = (
				F70F12A2179F2D8C00DBB74F /* Debug */,
				F70F12A3179F2D8C00DBB74F /* Release */,
			);
			defaultConfigurationIsVisible = 0;
			defaultConfigurationName = Release;
		};
		F70F12A4179F2D8C00DBB74F /* Build configuration list for PBXNativeTarget "TwIRCkTests" */ = {
			isa = XCConfigurationList;
			buildConfigurations = (
				F70F12A5179F2D8C00DBB74F /* Debug */,
				F70F12A6179F2D8C00DBB74F /* Release */,
			);
			defaultConfigurationIsVisible = 0;
			defaultConfigurationName = Release;
		};
/* End XCConfigurationList section */

/* Begin XCVersionGroup section */
		F76AA97B17E798E000D5B0D0 /* Model.xcdatamodeld */ = {
			isa = XCVersionGroup;
			children = (
				F76AA97C17E798E000D5B0D0 /* Model.xcdatamodel */,
			);
			currentVersion = F76AA97C17E798E000D5B0D0 /* Model.xcdatamodel */;
			path = Model.xcdatamodeld;
			sourceTree = "<group>";
			versionGroupType = wrapper.xcdatamodel;
		};
/* End XCVersionGroup section */
	};
	rootObject = F70F1268179F2D8B00DBB74F /* Project object */;
}
