// !$*UTF8*$!
{
	archiveVersion = 1;
	classes = {
	};
	objectVersion = 46;
	objects = {

/* Begin PBXBuildFile section */
		F70F1274179F2D8B00DBB74F /* Cocoa.framework in Frameworks */ = {isa = PBXBuildFile; fileRef = F70F1273179F2D8B00DBB74F /* Cocoa.framework */; };
		F70F127E179F2D8B00DBB74F /* InfoPlist.strings in Resources */ = {isa = PBXBuildFile; fileRef = F70F127C179F2D8B00DBB74F /* InfoPlist.strings */; };
		F70F1284179F2D8B00DBB74F /* Credits.rtf in Resources */ = {isa = PBXBuildFile; fileRef = F70F1282179F2D8B00DBB74F /* Credits.rtf */; };
		F70F1287179F2D8B00DBB74F /* GLGAppDelegate.m in Sources */ = {isa = PBXBuildFile; fileRef = F70F1286179F2D8B00DBB74F /* GLGAppDelegate.m */; };
		F70F128A179F2D8B00DBB74F /* MainMenu.xib in Resources */ = {isa = PBXBuildFile; fileRef = F70F1288179F2D8B00DBB74F /* MainMenu.xib */; };
		F717720B1831DA0B00BD6EB4 /* Foundation.framework in Frameworks */ = {isa = PBXBuildFile; fileRef = F717720A1831DA0B00BD6EB4 /* Foundation.framework */; };
		F71772111831DA0B00BD6EB4 /* Cedar.framework in Frameworks */ = {isa = PBXBuildFile; fileRef = F71772101831DA0B00BD6EB4 /* Cedar.framework */; };
		F71772131831DA0B00BD6EB4 /* main.m in Sources */ = {isa = PBXBuildFile; fileRef = F71772121831DA0B00BD6EB4 /* main.m */; };
		F717721A1831DA3D00BD6EB4 /* GLGResponseParserSpec.mm in Sources */ = {isa = PBXBuildFile; fileRef = F7B8B544181219A7003003BC /* GLGResponseParserSpec.mm */; settings = {COMPILER_FLAGS = "-fno-objc-arc"; }; };
		F72B9272185590700005C271 /* GLGDefaultValueTextField.m in Sources */ = {isa = PBXBuildFile; fileRef = F72B9271185590700005C271 /* GLGDefaultValueTextField.m */; };
		F72B9273185590700005C271 /* GLGDefaultValueTextField.m in Sources */ = {isa = PBXBuildFile; fileRef = F72B9271185590700005C271 /* GLGDefaultValueTextField.m */; };
		F72B927A1855907C0005C271 /* GLGChatLogView.m in Sources */ = {isa = PBXBuildFile; fileRef = F72B92751855907C0005C271 /* GLGChatLogView.m */; };
		F72B927B1855907C0005C271 /* GLGChatLogView.m in Sources */ = {isa = PBXBuildFile; fileRef = F72B92751855907C0005C271 /* GLGChatLogView.m */; };
		F72B927C1855907C0005C271 /* GLGChatTextField.m in Sources */ = {isa = PBXBuildFile; fileRef = F72B92771855907C0005C271 /* GLGChatTextField.m */; };
		F72B927D1855907C0005C271 /* GLGChatTextField.m in Sources */ = {isa = PBXBuildFile; fileRef = F72B92771855907C0005C271 /* GLGChatTextField.m */; };
		F72B927E1855907C0005C271 /* GLGChatView.m in Sources */ = {isa = PBXBuildFile; fileRef = F72B92791855907C0005C271 /* GLGChatView.m */; };
		F72B927F1855907C0005C271 /* GLGChatView.m in Sources */ = {isa = PBXBuildFile; fileRef = F72B92791855907C0005C271 /* GLGChatView.m */; };
		F72B9288185590840005C271 /* GLGChannelContent.m in Sources */ = {isa = PBXBuildFile; fileRef = F72B9281185590840005C271 /* GLGChannelContent.m */; };
		F72B9289185590840005C271 /* GLGChannelContent.m in Sources */ = {isa = PBXBuildFile; fileRef = F72B9281185590840005C271 /* GLGChannelContent.m */; };
		F72B928A185590840005C271 /* GLGChannelSidebar.m in Sources */ = {isa = PBXBuildFile; fileRef = F72B9283185590840005C271 /* GLGChannelSidebar.m */; };
		F72B928B185590840005C271 /* GLGChannelSidebar.m in Sources */ = {isa = PBXBuildFile; fileRef = F72B9283185590840005C271 /* GLGChannelSidebar.m */; };
		F72B928C185590840005C271 /* GLGGradientSidebar.m in Sources */ = {isa = PBXBuildFile; fileRef = F72B9285185590840005C271 /* GLGGradientSidebar.m */; };
		F72B928D185590840005C271 /* GLGGradientSidebar.m in Sources */ = {isa = PBXBuildFile; fileRef = F72B9285185590840005C271 /* GLGGradientSidebar.m */; };
		F72B928E185590840005C271 /* GLGSidebarOccupant.m in Sources */ = {isa = PBXBuildFile; fileRef = F72B9287185590840005C271 /* GLGSidebarOccupant.m */; };
		F72B928F185590840005C271 /* GLGSidebarOccupant.m in Sources */ = {isa = PBXBuildFile; fileRef = F72B9287185590840005C271 /* GLGSidebarOccupant.m */; };
		F72B9294185590980005C271 /* GLGTabItem.m in Sources */ = {isa = PBXBuildFile; fileRef = F72B9291185590980005C271 /* GLGTabItem.m */; };
		F72B9295185590980005C271 /* GLGTabItem.m in Sources */ = {isa = PBXBuildFile; fileRef = F72B9291185590980005C271 /* GLGTabItem.m */; };
		F72B9296185590980005C271 /* GLGTabView.m in Sources */ = {isa = PBXBuildFile; fileRef = F72B9293185590980005C271 /* GLGTabView.m */; };
		F72B9297185590980005C271 /* GLGTabView.m in Sources */ = {isa = PBXBuildFile; fileRef = F72B9293185590980005C271 /* GLGTabView.m */; };
		F72B929A185590D00005C271 /* GLGNewServer.m in Sources */ = {isa = PBXBuildFile; fileRef = F72B9299185590D00005C271 /* GLGNewServer.m */; };
		F72B929B185590D00005C271 /* GLGNewServer.m in Sources */ = {isa = PBXBuildFile; fileRef = F72B9299185590D00005C271 /* GLGNewServer.m */; };
		F72B929E1855913F0005C271 /* NSColor+GLG.m in Sources */ = {isa = PBXBuildFile; fileRef = F72B929D1855913F0005C271 /* NSColor+GLG.m */; };
		F72B929F1855913F0005C271 /* NSColor+GLG.m in Sources */ = {isa = PBXBuildFile; fileRef = F72B929D1855913F0005C271 /* NSColor+GLG.m */; };
		F72B92A0185591750005C271 /* SystemConfiguration.framework in Frameworks */ = {isa = PBXBuildFile; fileRef = F7E5E77917F264D000A85FFB /* SystemConfiguration.framework */; };
		F761871B187BD83F00A13B91 /* Blindside.framework in Frameworks */ = {isa = PBXBuildFile; fileRef = F7618714187BCA3000A13B91 /* Blindside.framework */; };
		F761872C187FCB7700A13B91 /* GLGChatViewController.m in Sources */ = {isa = PBXBuildFile; fileRef = F761872B187FCB7700A13B91 /* GLGChatViewController.m */; };
		F761872D187FCB7700A13B91 /* GLGChatViewController.m in Sources */ = {isa = PBXBuildFile; fileRef = F761872B187FCB7700A13B91 /* GLGChatViewController.m */; };
		F7618736187FCB8900A13B91 /* GLGChatViewControllerModule.m in Sources */ = {isa = PBXBuildFile; fileRef = F761872F187FCB8900A13B91 /* GLGChatViewControllerModule.m */; };
		F7618737187FCB8900A13B91 /* GLGChatViewControllerModule.m in Sources */ = {isa = PBXBuildFile; fileRef = F761872F187FCB8900A13B91 /* GLGChatViewControllerModule.m */; };
		F7618738187FCB8900A13B91 /* GLGChatViewProvider.m in Sources */ = {isa = PBXBuildFile; fileRef = F7618731187FCB8900A13B91 /* GLGChatViewProvider.m */; };
		F7618739187FCB8900A13B91 /* GLGChatViewProvider.m in Sources */ = {isa = PBXBuildFile; fileRef = F7618731187FCB8900A13B91 /* GLGChatViewProvider.m */; };
		F761873A187FCB8900A13B91 /* GLGIRCBrokerProvider.m in Sources */ = {isa = PBXBuildFile; fileRef = F7618733187FCB8900A13B91 /* GLGIRCBrokerProvider.m */; };
		F761873B187FCB8900A13B91 /* GLGIRCBrokerProvider.m in Sources */ = {isa = PBXBuildFile; fileRef = F7618733187FCB8900A13B91 /* GLGIRCBrokerProvider.m */; };
		F761873C187FCB8900A13B91 /* GLGRealWindowProvider.m in Sources */ = {isa = PBXBuildFile; fileRef = F7618735187FCB8900A13B91 /* GLGRealWindowProvider.m */; };
		F761873D187FCB8900A13B91 /* GLGRealWindowProvider.m in Sources */ = {isa = PBXBuildFile; fileRef = F7618735187FCB8900A13B91 /* GLGRealWindowProvider.m */; };
		F761C54D18C7CC2C005B1D40 /* GLGFakeInputParserDelegate.m in Sources */ = {isa = PBXBuildFile; fileRef = F761C54818C7CC2C005B1D40 /* GLGFakeInputParserDelegate.m */; };
		F761C54E18C7CC2C005B1D40 /* GLGFakeResponseParserDelegate.m in Sources */ = {isa = PBXBuildFile; fileRef = F761C54A18C7CC2C005B1D40 /* GLGFakeResponseParserDelegate.m */; };
		F761C54F18C7CC2C005B1D40 /* GLGFakeWindowProvider.m in Sources */ = {isa = PBXBuildFile; fileRef = F761C54C18C7CC2C005B1D40 /* GLGFakeWindowProvider.m */; };
		F761C55218C7CD88005B1D40 /* Blindside.framework in Frameworks */ = {isa = PBXBuildFile; fileRef = F7618714187BCA3000A13B91 /* Blindside.framework */; };
		F786C8EA17E687CA004F64DF /* CoreData.framework in Frameworks */ = {isa = PBXBuildFile; fileRef = F70F1277179F2D8B00DBB74F /* CoreData.framework */; };
		F798A7091849534B0092A93E /* GLGInputParserSpec.mm in Sources */ = {isa = PBXBuildFile; fileRef = F798A7081849534B0092A93E /* GLGInputParserSpec.mm */; };
		F79BE5F8184AB0AA00F8F649 /* Foundation+PivotalCore.framework in CopyFiles */ = {isa = PBXBuildFile; fileRef = F7AC002F1831DCD100F0ED0F /* Foundation+PivotalCore.framework */; };
		F79BE5F9184AB0AA00F8F649 /* Foundation+PivotalSpecHelper.framework in CopyFiles */ = {isa = PBXBuildFile; fileRef = F7AC00301831DCD100F0ED0F /* Foundation+PivotalSpecHelper.framework */; };
		F79BE60918551C9500F8F649 /* close_no_rollover.tif in Resources */ = {isa = PBXBuildFile; fileRef = F79BE60218551C9500F8F649 /* close_no_rollover.tif */; };
		F79BE60A18551C9500F8F649 /* close_rollover.tif in Resources */ = {isa = PBXBuildFile; fileRef = F79BE60318551C9500F8F649 /* close_rollover.tif */; };
		F79BE60B18551C9500F8F649 /* main.m in Sources */ = {isa = PBXBuildFile; fileRef = F79BE60418551C9500F8F649 /* main.m */; };
		F79BE60D18551C9500F8F649 /* twIRCk.entitlements in Resources */ = {isa = PBXBuildFile; fileRef = F79BE60718551C9500F8F649 /* twIRCk.entitlements */; };
		F79BE60E18551C9500F8F649 /* twIRCk.iconset in Resources */ = {isa = PBXBuildFile; fileRef = F79BE60818551C9500F8F649 /* twIRCk.iconset */; };
		F79EDA2B18552260000A1D84 /* GLGInputParser.m in Sources */ = {isa = PBXBuildFile; fileRef = F79EDA2418552260000A1D84 /* GLGInputParser.m */; };
		F79EDA2C18552260000A1D84 /* GLGIRCBroker.m in Sources */ = {isa = PBXBuildFile; fileRef = F79EDA2618552260000A1D84 /* GLGIRCBroker.m */; };
		F79EDA2D18552260000A1D84 /* GLGIRCMessage.m in Sources */ = {isa = PBXBuildFile; fileRef = F79EDA2818552260000A1D84 /* GLGIRCMessage.m */; };
		F79EDA2E18552260000A1D84 /* GLGResponseParser.m in Sources */ = {isa = PBXBuildFile; fileRef = F79EDA2A18552260000A1D84 /* GLGResponseParser.m */; };
		F79EDA2F18552286000A1D84 /* GLGInputParser.m in Sources */ = {isa = PBXBuildFile; fileRef = F79EDA2418552260000A1D84 /* GLGInputParser.m */; };
		F79EDA3018552286000A1D84 /* GLGIRCBroker.m in Sources */ = {isa = PBXBuildFile; fileRef = F79EDA2618552260000A1D84 /* GLGIRCBroker.m */; };
		F79EDA3118552286000A1D84 /* GLGIRCMessage.m in Sources */ = {isa = PBXBuildFile; fileRef = F79EDA2818552260000A1D84 /* GLGIRCMessage.m */; };
		F79EDA3218552286000A1D84 /* GLGResponseParser.m in Sources */ = {isa = PBXBuildFile; fileRef = F79EDA2A18552260000A1D84 /* GLGResponseParser.m */; };
		F79EDA361855240E000A1D84 /* Cocoa.framework in Frameworks */ = {isa = PBXBuildFile; fileRef = F70F1273179F2D8B00DBB74F /* Cocoa.framework */; };
		F79EDA3718552416000A1D84 /* CoreData.framework in Frameworks */ = {isa = PBXBuildFile; fileRef = F70F1277179F2D8B00DBB74F /* CoreData.framework */; };
		F7AC00311831DCD100F0ED0F /* Foundation+PivotalCore.framework in Frameworks */ = {isa = PBXBuildFile; fileRef = F7AC002F1831DCD100F0ED0F /* Foundation+PivotalCore.framework */; };
		F7AC00321831DCD100F0ED0F /* Foundation+PivotalSpecHelper.framework in Frameworks */ = {isa = PBXBuildFile; fileRef = F7AC00301831DCD100F0ED0F /* Foundation+PivotalSpecHelper.framework */; };
		F7E53493185592D30021818F /* GLGErrorMessage.m in Sources */ = {isa = PBXBuildFile; fileRef = F7E5348C185592D30021818F /* GLGErrorMessage.m */; };
		F7E53494185592D30021818F /* GLGMessage.m in Sources */ = {isa = PBXBuildFile; fileRef = F7E5348E185592D30021818F /* GLGMessage.m */; };
		F7E53495185592D30021818F /* GLGReplyMessage.m in Sources */ = {isa = PBXBuildFile; fileRef = F7E53490185592D30021818F /* GLGReplyMessage.m */; };
		F7E53496185592D30021818F /* GLGResponseCodes.m in Sources */ = {isa = PBXBuildFile; fileRef = F7E53492185592D30021818F /* GLGResponseCodes.m */; };
		F7E5349B185592DC0021818F /* GLGReadDelegate.m in Sources */ = {isa = PBXBuildFile; fileRef = F7E53498185592DC0021818F /* GLGReadDelegate.m */; };
		F7E5349C185592DC0021818F /* GLGWriteDelegate.m in Sources */ = {isa = PBXBuildFile; fileRef = F7E5349A185592DC0021818F /* GLGWriteDelegate.m */; };
		F7E5349D185592E60021818F /* GLGErrorMessage.m in Sources */ = {isa = PBXBuildFile; fileRef = F7E5348C185592D30021818F /* GLGErrorMessage.m */; };
		F7E5349E185592E80021818F /* GLGMessage.m in Sources */ = {isa = PBXBuildFile; fileRef = F7E5348E185592D30021818F /* GLGMessage.m */; };
		F7E5349F185592EB0021818F /* GLGReplyMessage.m in Sources */ = {isa = PBXBuildFile; fileRef = F7E53490185592D30021818F /* GLGReplyMessage.m */; };
		F7E534A0185592EE0021818F /* GLGResponseCodes.m in Sources */ = {isa = PBXBuildFile; fileRef = F7E53492185592D30021818F /* GLGResponseCodes.m */; };
		F7E534A1185592F10021818F /* GLGReadDelegate.m in Sources */ = {isa = PBXBuildFile; fileRef = F7E53498185592DC0021818F /* GLGReadDelegate.m */; };
		F7E534A2185592F40021818F /* GLGWriteDelegate.m in Sources */ = {isa = PBXBuildFile; fileRef = F7E5349A185592DC0021818F /* GLGWriteDelegate.m */; };
		F7E5E77A17F264D000A85FFB /* SystemConfiguration.framework in Frameworks */ = {isa = PBXBuildFile; fileRef = F7E5E77917F264D000A85FFB /* SystemConfiguration.framework */; };
		F7F45AE618558C850059DC65 /* GLGManagedObjectContext.m in Sources */ = {isa = PBXBuildFile; fileRef = F7F45ADF18558C850059DC65 /* GLGManagedObjectContext.m */; };
		F7F45AE718558C850059DC65 /* GLGManagedObjectContext.m in Sources */ = {isa = PBXBuildFile; fileRef = F7F45ADF18558C850059DC65 /* GLGManagedObjectContext.m */; };
		F7F45AE818558C850059DC65 /* IRCChannel.m in Sources */ = {isa = PBXBuildFile; fileRef = F7F45AE118558C850059DC65 /* IRCChannel.m */; };
		F7F45AE918558C850059DC65 /* IRCChannel.m in Sources */ = {isa = PBXBuildFile; fileRef = F7F45AE118558C850059DC65 /* IRCChannel.m */; };
		F7F45AEA18558C850059DC65 /* IRCServer.m in Sources */ = {isa = PBXBuildFile; fileRef = F7F45AE318558C850059DC65 /* IRCServer.m */; };
		F7F45AEB18558C850059DC65 /* IRCServer.m in Sources */ = {isa = PBXBuildFile; fileRef = F7F45AE318558C850059DC65 /* IRCServer.m */; };
		F7F45AEC18558C850059DC65 /* Model.xcdatamodeld in Sources */ = {isa = PBXBuildFile; fileRef = F7F45AE418558C850059DC65 /* Model.xcdatamodeld */; };
		F7F45AED18558C850059DC65 /* Model.xcdatamodeld in Sources */ = {isa = PBXBuildFile; fileRef = F7F45AE418558C850059DC65 /* Model.xcdatamodeld */; };
		F7F6770618624CEB00781190 /* GLGChatViewControllerSpec.mm in Sources */ = {isa = PBXBuildFile; fileRef = F7F6770518624CEB00781190 /* GLGChatViewControllerSpec.mm */; };
/* End PBXBuildFile section */

/* Begin PBXBuildRule section */
		F786C8E917E686C8004F64DF /* PBXBuildRule */ = {
			isa = PBXBuildRule;
			compilerSpec = com.apple.compilers.model.coredataversion;
			filePatterns = "*.xcdatamodeld";
			fileType = pattern.proxy;
			isEditable = 1;
			outputFiles = (
			);
			script = "# momc\n";
		};
/* End PBXBuildRule section */

/* Begin PBXContainerItemProxy section */
		F7618713187BCA3000A13B91 /* PBXContainerItemProxy */ = {
			isa = PBXContainerItemProxy;
			containerPortal = F761870B187BCA3000A13B91 /* Blindside.xcodeproj */;
			proxyType = 2;
			remoteGlobalIDString = 29CAC6E4150292AD00731862;
			remoteInfo = Blindside;
		};
		F7618715187BCA3000A13B91 /* PBXContainerItemProxy */ = {
			isa = PBXContainerItemProxy;
			containerPortal = F761870B187BCA3000A13B91 /* Blindside.xcodeproj */;
			proxyType = 2;
			remoteGlobalIDString = 29CAC7001502932000731862;
			remoteInfo = Specs;
		};
		F7618717187BCA3000A13B91 /* PBXContainerItemProxy */ = {
			isa = PBXContainerItemProxy;
			containerPortal = F761870B187BCA3000A13B91 /* Blindside.xcodeproj */;
			proxyType = 2;
			remoteGlobalIDString = 29997B471505EC0B00C12110;
			remoteInfo = "Blindside-StaticLib";
		};
		F7618719187BD83500A13B91 /* PBXContainerItemProxy */ = {
			isa = PBXContainerItemProxy;
			containerPortal = F761870B187BCA3000A13B91 /* Blindside.xcodeproj */;
			proxyType = 1;
			remoteGlobalIDString = 29CAC6E3150292AD00731862;
			remoteInfo = Blindside;
		};
		F761C55018C7CD55005B1D40 /* PBXContainerItemProxy */ = {
			isa = PBXContainerItemProxy;
			containerPortal = F761870B187BCA3000A13B91 /* Blindside.xcodeproj */;
			proxyType = 1;
			remoteGlobalIDString = 29CAC6E3150292AD00731862;
			remoteInfo = Blindside;
		};
/* End PBXContainerItemProxy section */

/* Begin PBXCopyFilesBuildPhase section */
		F79BE5F7184AB09B00F8F649 /* CopyFiles */ = {
			isa = PBXCopyFilesBuildPhase;
			buildActionMask = 2147483647;
			dstPath = "";
			dstSubfolderSpec = 10;
			files = (
				F79BE5F8184AB0AA00F8F649 /* Foundation+PivotalCore.framework in CopyFiles */,
				F79BE5F9184AB0AA00F8F649 /* Foundation+PivotalSpecHelper.framework in CopyFiles */,
			);
			runOnlyForDeploymentPostprocessing = 0;
		};
/* End PBXCopyFilesBuildPhase section */

/* Begin PBXFileReference section */
		F70F1270179F2D8B00DBB74F /* twIRCk.app */ = {isa = PBXFileReference; explicitFileType = wrapper.application; includeInIndex = 0; path = twIRCk.app; sourceTree = BUILT_PRODUCTS_DIR; };
		F70F1273179F2D8B00DBB74F /* Cocoa.framework */ = {isa = PBXFileReference; lastKnownFileType = wrapper.framework; name = Cocoa.framework; path = System/Library/Frameworks/Cocoa.framework; sourceTree = SDKROOT; };
		F70F1276179F2D8B00DBB74F /* AppKit.framework */ = {isa = PBXFileReference; lastKnownFileType = wrapper.framework; name = AppKit.framework; path = System/Library/Frameworks/AppKit.framework; sourceTree = SDKROOT; };
		F70F1277179F2D8B00DBB74F /* CoreData.framework */ = {isa = PBXFileReference; lastKnownFileType = wrapper.framework; name = CoreData.framework; path = System/Library/Frameworks/CoreData.framework; sourceTree = SDKROOT; };
		F70F1278179F2D8B00DBB74F /* Foundation.framework */ = {isa = PBXFileReference; lastKnownFileType = wrapper.framework; name = Foundation.framework; path = System/Library/Frameworks/Foundation.framework; sourceTree = SDKROOT; };
		F70F127D179F2D8B00DBB74F /* en */ = {isa = PBXFileReference; lastKnownFileType = text.plist.strings; name = en; path = en.lproj/InfoPlist.strings; sourceTree = "<group>"; };
		F70F1283179F2D8B00DBB74F /* en */ = {isa = PBXFileReference; lastKnownFileType = text.rtf; name = en; path = en.lproj/Credits.rtf; sourceTree = "<group>"; };
		F70F1285179F2D8B00DBB74F /* GLGAppDelegate.h */ = {isa = PBXFileReference; lastKnownFileType = sourcecode.c.h; path = GLGAppDelegate.h; sourceTree = "<group>"; };
		F70F1286179F2D8B00DBB74F /* GLGAppDelegate.m */ = {isa = PBXFileReference; lastKnownFileType = sourcecode.c.objc; path = GLGAppDelegate.m; sourceTree = "<group>"; };
		F70F1289179F2D8B00DBB74F /* en */ = {isa = PBXFileReference; lastKnownFileType = file.xib; name = en; path = en.lproj/MainMenu.xib; sourceTree = "<group>"; };
		F70F1291179F2D8C00DBB74F /* SenTestingKit.framework */ = {isa = PBXFileReference; lastKnownFileType = wrapper.framework; name = SenTestingKit.framework; path = Library/Frameworks/SenTestingKit.framework; sourceTree = DEVELOPER_DIR; };
		F71772091831DA0B00BD6EB4 /* Specs */ = {isa = PBXFileReference; explicitFileType = "compiled.mach-o.executable"; includeInIndex = 0; path = Specs; sourceTree = BUILT_PRODUCTS_DIR; };
		F717720A1831DA0B00BD6EB4 /* Foundation.framework */ = {isa = PBXFileReference; lastKnownFileType = wrapper.framework; name = Foundation.framework; path = System/Library/Frameworks/Foundation.framework; sourceTree = SDKROOT; };
		F717720D1831DA0B00BD6EB4 /* Rakefile */ = {isa = PBXFileReference; lastKnownFileType = text; path = Rakefile; sourceTree = "<group>"; };
		F717720F1831DA0B00BD6EB4 /* Specs-Prefix.pch */ = {isa = PBXFileReference; lastKnownFileType = sourcecode.c.h; path = "Specs-Prefix.pch"; sourceTree = "<group>"; };
		F71772101831DA0B00BD6EB4 /* Cedar.framework */ = {isa = PBXFileReference; lastKnownFileType = wrapper.framework; name = Cedar.framework; path = Frameworks/Cedar.framework; sourceTree = "<group>"; };
		F71772121831DA0B00BD6EB4 /* main.m */ = {isa = PBXFileReference; lastKnownFileType = sourcecode.c.objc; path = main.m; sourceTree = "<group>"; };
		F717721D1831DB3900BD6EB4 /* PivotalCoreKit.xcworkspace */ = {isa = PBXFileReference; lastKnownFileType = wrapper.workspace; name = PivotalCoreKit.xcworkspace; path = PivotalCoreKit/PivotalCoreKit.xcworkspace; sourceTree = "<group>"; };
		F72B9270185590700005C271 /* GLGDefaultValueTextField.h */ = {isa = PBXFileReference; fileEncoding = 4; lastKnownFileType = sourcecode.c.h; name = GLGDefaultValueTextField.h; path = Views/DefaultValueControls/GLGDefaultValueTextField.h; sourceTree = "<group>"; };
		F72B9271185590700005C271 /* GLGDefaultValueTextField.m */ = {isa = PBXFileReference; fileEncoding = 4; lastKnownFileType = sourcecode.c.objc; name = GLGDefaultValueTextField.m; path = Views/DefaultValueControls/GLGDefaultValueTextField.m; sourceTree = "<group>"; };
		F72B92741855907C0005C271 /* GLGChatLogView.h */ = {isa = PBXFileReference; fileEncoding = 4; lastKnownFileType = sourcecode.c.h; name = GLGChatLogView.h; path = Views/Chat/GLGChatLogView.h; sourceTree = "<group>"; };
		F72B92751855907C0005C271 /* GLGChatLogView.m */ = {isa = PBXFileReference; fileEncoding = 4; lastKnownFileType = sourcecode.c.objc; name = GLGChatLogView.m; path = Views/Chat/GLGChatLogView.m; sourceTree = "<group>"; };
		F72B92761855907C0005C271 /* GLGChatTextField.h */ = {isa = PBXFileReference; fileEncoding = 4; lastKnownFileType = sourcecode.c.h; name = GLGChatTextField.h; path = Views/Chat/GLGChatTextField.h; sourceTree = "<group>"; };
		F72B92771855907C0005C271 /* GLGChatTextField.m */ = {isa = PBXFileReference; fileEncoding = 4; lastKnownFileType = sourcecode.c.objc; name = GLGChatTextField.m; path = Views/Chat/GLGChatTextField.m; sourceTree = "<group>"; };
		F72B92781855907C0005C271 /* GLGChatView.h */ = {isa = PBXFileReference; fileEncoding = 4; lastKnownFileType = sourcecode.c.h; name = GLGChatView.h; path = Views/Chat/GLGChatView.h; sourceTree = "<group>"; };
		F72B92791855907C0005C271 /* GLGChatView.m */ = {isa = PBXFileReference; fileEncoding = 4; lastKnownFileType = sourcecode.c.objc; name = GLGChatView.m; path = Views/Chat/GLGChatView.m; sourceTree = "<group>"; };
		F72B9280185590840005C271 /* GLGChannelContent.h */ = {isa = PBXFileReference; fileEncoding = 4; lastKnownFileType = sourcecode.c.h; name = GLGChannelContent.h; path = Views/Chat/Sidebar/GLGChannelContent.h; sourceTree = "<group>"; };
		F72B9281185590840005C271 /* GLGChannelContent.m */ = {isa = PBXFileReference; fileEncoding = 4; lastKnownFileType = sourcecode.c.objc; name = GLGChannelContent.m; path = Views/Chat/Sidebar/GLGChannelContent.m; sourceTree = "<group>"; };
		F72B9282185590840005C271 /* GLGChannelSidebar.h */ = {isa = PBXFileReference; fileEncoding = 4; lastKnownFileType = sourcecode.c.h; name = GLGChannelSidebar.h; path = Views/Chat/Sidebar/GLGChannelSidebar.h; sourceTree = "<group>"; };
		F72B9283185590840005C271 /* GLGChannelSidebar.m */ = {isa = PBXFileReference; fileEncoding = 4; lastKnownFileType = sourcecode.c.objc; name = GLGChannelSidebar.m; path = Views/Chat/Sidebar/GLGChannelSidebar.m; sourceTree = "<group>"; };
		F72B9284185590840005C271 /* GLGGradientSidebar.h */ = {isa = PBXFileReference; fileEncoding = 4; lastKnownFileType = sourcecode.c.h; name = GLGGradientSidebar.h; path = Views/Chat/Sidebar/GLGGradientSidebar.h; sourceTree = "<group>"; };
		F72B9285185590840005C271 /* GLGGradientSidebar.m */ = {isa = PBXFileReference; fileEncoding = 4; lastKnownFileType = sourcecode.c.objc; name = GLGGradientSidebar.m; path = Views/Chat/Sidebar/GLGGradientSidebar.m; sourceTree = "<group>"; };
		F72B9286185590840005C271 /* GLGSidebarOccupant.h */ = {isa = PBXFileReference; fileEncoding = 4; lastKnownFileType = sourcecode.c.h; name = GLGSidebarOccupant.h; path = Views/Chat/Sidebar/GLGSidebarOccupant.h; sourceTree = "<group>"; };
		F72B9287185590840005C271 /* GLGSidebarOccupant.m */ = {isa = PBXFileReference; fileEncoding = 4; lastKnownFileType = sourcecode.c.objc; name = GLGSidebarOccupant.m; path = Views/Chat/Sidebar/GLGSidebarOccupant.m; sourceTree = "<group>"; };
		F72B9290185590980005C271 /* GLGTabItem.h */ = {isa = PBXFileReference; fileEncoding = 4; lastKnownFileType = sourcecode.c.h; name = GLGTabItem.h; path = Views/Tabs/GLGTabItem.h; sourceTree = "<group>"; };
		F72B9291185590980005C271 /* GLGTabItem.m */ = {isa = PBXFileReference; fileEncoding = 4; lastKnownFileType = sourcecode.c.objc; name = GLGTabItem.m; path = Views/Tabs/GLGTabItem.m; sourceTree = "<group>"; };
		F72B9292185590980005C271 /* GLGTabView.h */ = {isa = PBXFileReference; fileEncoding = 4; lastKnownFileType = sourcecode.c.h; name = GLGTabView.h; path = Views/Tabs/GLGTabView.h; sourceTree = "<group>"; };
		F72B9293185590980005C271 /* GLGTabView.m */ = {isa = PBXFileReference; fileEncoding = 4; lastKnownFileType = sourcecode.c.objc; name = GLGTabView.m; path = Views/Tabs/GLGTabView.m; sourceTree = "<group>"; };
		F72B9298185590D00005C271 /* GLGNewServer.h */ = {isa = PBXFileReference; fileEncoding = 4; lastKnownFileType = sourcecode.c.h; name = GLGNewServer.h; path = Views/GLGNewServer.h; sourceTree = "<group>"; };
		F72B9299185590D00005C271 /* GLGNewServer.m */ = {isa = PBXFileReference; fileEncoding = 4; lastKnownFileType = sourcecode.c.objc; name = GLGNewServer.m; path = Views/GLGNewServer.m; sourceTree = "<group>"; };
		F72B929C1855913F0005C271 /* NSColor+GLG.h */ = {isa = PBXFileReference; fileEncoding = 4; lastKnownFileType = sourcecode.c.h; path = "NSColor+GLG.h"; sourceTree = "<group>"; };
		F72B929D1855913F0005C271 /* NSColor+GLG.m */ = {isa = PBXFileReference; fileEncoding = 4; lastKnownFileType = sourcecode.c.objc; path = "NSColor+GLG.m"; sourceTree = "<group>"; };
		F761870B187BCA3000A13B91 /* Blindside.xcodeproj */ = {isa = PBXFileReference; lastKnownFileType = "wrapper.pb-project"; name = Blindside.xcodeproj; path = blindside/Blindside.xcodeproj; sourceTree = "<group>"; };
		F761872A187FCB7700A13B91 /* GLGChatViewController.h */ = {isa = PBXFileReference; fileEncoding = 4; lastKnownFileType = sourcecode.c.h; name = GLGChatViewController.h; path = Controllers/GLGChatViewController.h; sourceTree = "<group>"; };
		F761872B187FCB7700A13B91 /* GLGChatViewController.m */ = {isa = PBXFileReference; fileEncoding = 4; lastKnownFileType = sourcecode.c.objc; name = GLGChatViewController.m; path = Controllers/GLGChatViewController.m; sourceTree = "<group>"; };
		F761872E187FCB8900A13B91 /* GLGChatViewControllerModule.h */ = {isa = PBXFileReference; fileEncoding = 4; lastKnownFileType = sourcecode.c.h; name = GLGChatViewControllerModule.h; path = Providers/GLGChatViewControllerModule.h; sourceTree = "<group>"; };
		F761872F187FCB8900A13B91 /* GLGChatViewControllerModule.m */ = {isa = PBXFileReference; fileEncoding = 4; lastKnownFileType = sourcecode.c.objc; name = GLGChatViewControllerModule.m; path = Providers/GLGChatViewControllerModule.m; sourceTree = "<group>"; };
		F7618730187FCB8900A13B91 /* GLGChatViewProvider.h */ = {isa = PBXFileReference; fileEncoding = 4; lastKnownFileType = sourcecode.c.h; name = GLGChatViewProvider.h; path = Providers/GLGChatViewProvider.h; sourceTree = "<group>"; };
		F7618731187FCB8900A13B91 /* GLGChatViewProvider.m */ = {isa = PBXFileReference; fileEncoding = 4; lastKnownFileType = sourcecode.c.objc; name = GLGChatViewProvider.m; path = Providers/GLGChatViewProvider.m; sourceTree = "<group>"; };
		F7618732187FCB8900A13B91 /* GLGIRCBrokerProvider.h */ = {isa = PBXFileReference; fileEncoding = 4; lastKnownFileType = sourcecode.c.h; name = GLGIRCBrokerProvider.h; path = Providers/GLGIRCBrokerProvider.h; sourceTree = "<group>"; };
		F7618733187FCB8900A13B91 /* GLGIRCBrokerProvider.m */ = {isa = PBXFileReference; fileEncoding = 4; lastKnownFileType = sourcecode.c.objc; name = GLGIRCBrokerProvider.m; path = Providers/GLGIRCBrokerProvider.m; sourceTree = "<group>"; };
		F7618734187FCB8900A13B91 /* GLGRealWindowProvider.h */ = {isa = PBXFileReference; fileEncoding = 4; lastKnownFileType = sourcecode.c.h; name = GLGRealWindowProvider.h; path = Providers/GLGRealWindowProvider.h; sourceTree = "<group>"; };
		F7618735187FCB8900A13B91 /* GLGRealWindowProvider.m */ = {isa = PBXFileReference; fileEncoding = 4; lastKnownFileType = sourcecode.c.objc; name = GLGRealWindowProvider.m; path = Providers/GLGRealWindowProvider.m; sourceTree = "<group>"; };
		F761873E187FCB9700A13B91 /* GLGChatViewDelegate.h */ = {isa = PBXFileReference; fileEncoding = 4; lastKnownFileType = sourcecode.c.h; name = GLGChatViewDelegate.h; path = Protocols/GLGChatViewDelegate.h; sourceTree = "<group>"; };
		F761C54718C7CC2C005B1D40 /* GLGFakeInputParserDelegate.h */ = {isa = PBXFileReference; fileEncoding = 4; lastKnownFileType = sourcecode.c.h; name = GLGFakeInputParserDelegate.h; path = Fakes/GLGFakeInputParserDelegate.h; sourceTree = "<group>"; };
		F761C54818C7CC2C005B1D40 /* GLGFakeInputParserDelegate.m */ = {isa = PBXFileReference; fileEncoding = 4; lastKnownFileType = sourcecode.c.objc; name = GLGFakeInputParserDelegate.m; path = Fakes/GLGFakeInputParserDelegate.m; sourceTree = "<group>"; };
		F761C54918C7CC2C005B1D40 /* GLGFakeResponseParserDelegate.h */ = {isa = PBXFileReference; fileEncoding = 4; lastKnownFileType = sourcecode.c.h; name = GLGFakeResponseParserDelegate.h; path = Fakes/GLGFakeResponseParserDelegate.h; sourceTree = "<group>"; };
		F761C54A18C7CC2C005B1D40 /* GLGFakeResponseParserDelegate.m */ = {isa = PBXFileReference; fileEncoding = 4; lastKnownFileType = sourcecode.c.objc; name = GLGFakeResponseParserDelegate.m; path = Fakes/GLGFakeResponseParserDelegate.m; sourceTree = "<group>"; };
		F761C54B18C7CC2C005B1D40 /* GLGFakeWindowProvider.h */ = {isa = PBXFileReference; fileEncoding = 4; lastKnownFileType = sourcecode.c.h; name = GLGFakeWindowProvider.h; path = Fakes/GLGFakeWindowProvider.h; sourceTree = "<group>"; };
		F761C54C18C7CC2C005B1D40 /* GLGFakeWindowProvider.m */ = {isa = PBXFileReference; fileEncoding = 4; lastKnownFileType = sourcecode.c.objc; name = GLGFakeWindowProvider.m; path = Fakes/GLGFakeWindowProvider.m; sourceTree = "<group>"; };
		F761C55318C7CE53005B1D40 /* GLGWindowProvider.h */ = {isa = PBXFileReference; lastKnownFileType = sourcecode.c.h; name = GLGWindowProvider.h; path = Protocols/Dependencies/GLGWindowProvider.h; sourceTree = "<group>"; };
		F786410F185521FA007EC307 /* GLGBrokerDelegate.h */ = {isa = PBXFileReference; fileEncoding = 4; lastKnownFileType = sourcecode.c.h; name = GLGBrokerDelegate.h; path = Protocols/GLGBrokerDelegate.h; sourceTree = "<group>"; };
		F7864110185521FA007EC307 /* GLGConnectionView.h */ = {isa = PBXFileReference; fileEncoding = 4; lastKnownFileType = sourcecode.c.h; name = GLGConnectionView.h; path = Protocols/GLGConnectionView.h; sourceTree = "<group>"; };
		F7864111185521FA007EC307 /* GLGInputParserDelegate.h */ = {isa = PBXFileReference; fileEncoding = 4; lastKnownFileType = sourcecode.c.h; name = GLGInputParserDelegate.h; path = Protocols/GLGInputParserDelegate.h; sourceTree = "<group>"; };
		F7864112185521FA007EC307 /* GLGOccupantDelegate.h */ = {isa = PBXFileReference; fileEncoding = 4; lastKnownFileType = sourcecode.c.h; name = GLGOccupantDelegate.h; path = Protocols/GLGOccupantDelegate.h; sourceTree = "<group>"; };
		F7864113185521FA007EC307 /* GLGResponseParserDelegate.h */ = {isa = PBXFileReference; fileEncoding = 4; lastKnownFileType = sourcecode.c.h; name = GLGResponseParserDelegate.h; path = Protocols/GLGResponseParserDelegate.h; sourceTree = "<group>"; };
		F7864114185521FA007EC307 /* GLGStreamReaderDelegate.h */ = {isa = PBXFileReference; fileEncoding = 4; lastKnownFileType = sourcecode.c.h; name = GLGStreamReaderDelegate.h; path = Protocols/GLGStreamReaderDelegate.h; sourceTree = "<group>"; };
		F798A7081849534B0092A93E /* GLGInputParserSpec.mm */ = {isa = PBXFileReference; fileEncoding = 4; lastKnownFileType = sourcecode.cpp.objcpp; path = GLGInputParserSpec.mm; sourceTree = "<group>"; };
		F79BE5FE18541C8500F8F649 /* GLGLogger.h */ = {isa = PBXFileReference; lastKnownFileType = sourcecode.c.h; path = GLGLogger.h; sourceTree = "<group>"; };
		F79BE60218551C9500F8F649 /* close_no_rollover.tif */ = {isa = PBXFileReference; lastKnownFileType = image.tiff; name = close_no_rollover.tif; path = "Supporting Files/close_no_rollover.tif"; sourceTree = "<group>"; };
		F79BE60318551C9500F8F649 /* close_rollover.tif */ = {isa = PBXFileReference; lastKnownFileType = image.tiff; name = close_rollover.tif; path = "Supporting Files/close_rollover.tif"; sourceTree = "<group>"; };
		F79BE60418551C9500F8F649 /* main.m */ = {isa = PBXFileReference; fileEncoding = 4; lastKnownFileType = sourcecode.c.objc; name = main.m; path = "Supporting Files/main.m"; sourceTree = "<group>"; };
		F79BE60518551C9500F8F649 /* TwIRCk-Info.plist */ = {isa = PBXFileReference; fileEncoding = 4; lastKnownFileType = text.plist.xml; name = "TwIRCk-Info.plist"; path = "Supporting Files/TwIRCk-Info.plist"; sourceTree = "<group>"; };
		F79BE60618551C9500F8F649 /* TwIRCk-Prefix.pch */ = {isa = PBXFileReference; fileEncoding = 4; lastKnownFileType = sourcecode.c.h; name = "TwIRCk-Prefix.pch"; path = "Supporting Files/TwIRCk-Prefix.pch"; sourceTree = "<group>"; };
		F79BE60718551C9500F8F649 /* twIRCk.entitlements */ = {isa = PBXFileReference; fileEncoding = 4; lastKnownFileType = text.xml; name = twIRCk.entitlements; path = "Supporting Files/twIRCk.entitlements"; sourceTree = "<group>"; };
		F79BE60818551C9500F8F649 /* twIRCk.iconset */ = {isa = PBXFileReference; lastKnownFileType = folder.iconset; name = twIRCk.iconset; path = "Supporting Files/twIRCk.iconset"; sourceTree = "<group>"; };
		F79EDA2318552260000A1D84 /* GLGInputParser.h */ = {isa = PBXFileReference; fileEncoding = 4; lastKnownFileType = sourcecode.c.h; name = GLGInputParser.h; path = Domain/GLGInputParser.h; sourceTree = "<group>"; };
		F79EDA2418552260000A1D84 /* GLGInputParser.m */ = {isa = PBXFileReference; fileEncoding = 4; lastKnownFileType = sourcecode.c.objc; name = GLGInputParser.m; path = Domain/GLGInputParser.m; sourceTree = "<group>"; };
		F79EDA2518552260000A1D84 /* GLGIRCBroker.h */ = {isa = PBXFileReference; fileEncoding = 4; lastKnownFileType = sourcecode.c.h; name = GLGIRCBroker.h; path = Domain/GLGIRCBroker.h; sourceTree = "<group>"; };
		F79EDA2618552260000A1D84 /* GLGIRCBroker.m */ = {isa = PBXFileReference; fileEncoding = 4; lastKnownFileType = sourcecode.c.objc; name = GLGIRCBroker.m; path = Domain/GLGIRCBroker.m; sourceTree = "<group>"; };
		F79EDA2718552260000A1D84 /* GLGIRCMessage.h */ = {isa = PBXFileReference; fileEncoding = 4; lastKnownFileType = sourcecode.c.h; name = GLGIRCMessage.h; path = Domain/GLGIRCMessage.h; sourceTree = "<group>"; };
		F79EDA2818552260000A1D84 /* GLGIRCMessage.m */ = {isa = PBXFileReference; fileEncoding = 4; lastKnownFileType = sourcecode.c.objc; name = GLGIRCMessage.m; path = Domain/GLGIRCMessage.m; sourceTree = "<group>"; };
		F79EDA2918552260000A1D84 /* GLGResponseParser.h */ = {isa = PBXFileReference; fileEncoding = 4; lastKnownFileType = sourcecode.c.h; name = GLGResponseParser.h; path = Domain/GLGResponseParser.h; sourceTree = "<group>"; };
		F79EDA2A18552260000A1D84 /* GLGResponseParser.m */ = {isa = PBXFileReference; fileEncoding = 4; lastKnownFileType = sourcecode.c.objc; name = GLGResponseParser.m; path = Domain/GLGResponseParser.m; sourceTree = "<group>"; };
		F7AC002F1831DCD100F0ED0F /* Foundation+PivotalCore.framework */ = {isa = PBXFileReference; lastKnownFileType = wrapper.framework; name = "Foundation+PivotalCore.framework"; path = "../../Library/Developer/Xcode/DerivedData/PivotalCoreKit-bgdskfjanvnwgzhahlwexpmjrjwh/Build/Products/Debug/Foundation+PivotalCore.framework"; sourceTree = "<group>"; };
		F7AC00301831DCD100F0ED0F /* Foundation+PivotalSpecHelper.framework */ = {isa = PBXFileReference; lastKnownFileType = wrapper.framework; name = "Foundation+PivotalSpecHelper.framework"; path = "../../Library/Developer/Xcode/DerivedData/PivotalCoreKit-bgdskfjanvnwgzhahlwexpmjrjwh/Build/Products/Debug/Foundation+PivotalSpecHelper.framework"; sourceTree = "<group>"; };
		F7B8B544181219A7003003BC /* GLGResponseParserSpec.mm */ = {isa = PBXFileReference; fileEncoding = 4; lastKnownFileType = sourcecode.cpp.objcpp; lineEnding = 0; name = GLGResponseParserSpec.mm; path = "../twIRCk Specs/GLGResponseParserSpec.mm"; sourceTree = "<group>"; xcLanguageSpecificationIdentifier = xcode.lang.objcpp; };
		F7E5348B185592D30021818F /* GLGErrorMessage.h */ = {isa = PBXFileReference; fileEncoding = 4; lastKnownFileType = sourcecode.c.h; name = GLGErrorMessage.h; path = Domain/ResponseCodes/GLGErrorMessage.h; sourceTree = "<group>"; };
		F7E5348C185592D30021818F /* GLGErrorMessage.m */ = {isa = PBXFileReference; fileEncoding = 4; lastKnownFileType = sourcecode.c.objc; name = GLGErrorMessage.m; path = Domain/ResponseCodes/GLGErrorMessage.m; sourceTree = "<group>"; };
		F7E5348D185592D30021818F /* GLGMessage.h */ = {isa = PBXFileReference; fileEncoding = 4; lastKnownFileType = sourcecode.c.h; name = GLGMessage.h; path = Domain/ResponseCodes/GLGMessage.h; sourceTree = "<group>"; };
		F7E5348E185592D30021818F /* GLGMessage.m */ = {isa = PBXFileReference; fileEncoding = 4; lastKnownFileType = sourcecode.c.objc; name = GLGMessage.m; path = Domain/ResponseCodes/GLGMessage.m; sourceTree = "<group>"; };
		F7E5348F185592D30021818F /* GLGReplyMessage.h */ = {isa = PBXFileReference; fileEncoding = 4; lastKnownFileType = sourcecode.c.h; name = GLGReplyMessage.h; path = Domain/ResponseCodes/GLGReplyMessage.h; sourceTree = "<group>"; };
		F7E53490185592D30021818F /* GLGReplyMessage.m */ = {isa = PBXFileReference; fileEncoding = 4; lastKnownFileType = sourcecode.c.objc; name = GLGReplyMessage.m; path = Domain/ResponseCodes/GLGReplyMessage.m; sourceTree = "<group>"; };
		F7E53491185592D30021818F /* GLGResponseCodes.h */ = {isa = PBXFileReference; fileEncoding = 4; lastKnownFileType = sourcecode.c.h; name = GLGResponseCodes.h; path = Domain/ResponseCodes/GLGResponseCodes.h; sourceTree = "<group>"; };
		F7E53492185592D30021818F /* GLGResponseCodes.m */ = {isa = PBXFileReference; fileEncoding = 4; lastKnownFileType = sourcecode.c.objc; name = GLGResponseCodes.m; path = Domain/ResponseCodes/GLGResponseCodes.m; sourceTree = "<group>"; };
		F7E53497185592DC0021818F /* GLGReadDelegate.h */ = {isa = PBXFileReference; fileEncoding = 4; lastKnownFileType = sourcecode.c.h; name = GLGReadDelegate.h; path = Domain/StreamDelegates/GLGReadDelegate.h; sourceTree = "<group>"; };
		F7E53498185592DC0021818F /* GLGReadDelegate.m */ = {isa = PBXFileReference; fileEncoding = 4; lastKnownFileType = sourcecode.c.objc; name = GLGReadDelegate.m; path = Domain/StreamDelegates/GLGReadDelegate.m; sourceTree = "<group>"; };
		F7E53499185592DC0021818F /* GLGWriteDelegate.h */ = {isa = PBXFileReference; fileEncoding = 4; lastKnownFileType = sourcecode.c.h; name = GLGWriteDelegate.h; path = Domain/StreamDelegates/GLGWriteDelegate.h; sourceTree = "<group>"; };
		F7E5349A185592DC0021818F /* GLGWriteDelegate.m */ = {isa = PBXFileReference; fileEncoding = 4; lastKnownFileType = sourcecode.c.objc; name = GLGWriteDelegate.m; path = Domain/StreamDelegates/GLGWriteDelegate.m; sourceTree = "<group>"; };
		F7E5E77917F264D000A85FFB /* SystemConfiguration.framework */ = {isa = PBXFileReference; lastKnownFileType = wrapper.framework; name = SystemConfiguration.framework; path = System/Library/Frameworks/SystemConfiguration.framework; sourceTree = SDKROOT; };
		F7F45ADE18558C850059DC65 /* GLGManagedObjectContext.h */ = {isa = PBXFileReference; fileEncoding = 4; lastKnownFileType = sourcecode.c.h; name = GLGManagedObjectContext.h; path = Models/GLGManagedObjectContext.h; sourceTree = "<group>"; };
		F7F45ADF18558C850059DC65 /* GLGManagedObjectContext.m */ = {isa = PBXFileReference; fileEncoding = 4; lastKnownFileType = sourcecode.c.objc; name = GLGManagedObjectContext.m; path = Models/GLGManagedObjectContext.m; sourceTree = "<group>"; };
		F7F45AE018558C850059DC65 /* IRCChannel.h */ = {isa = PBXFileReference; fileEncoding = 4; lastKnownFileType = sourcecode.c.h; name = IRCChannel.h; path = Models/IRCChannel.h; sourceTree = "<group>"; };
		F7F45AE118558C850059DC65 /* IRCChannel.m */ = {isa = PBXFileReference; fileEncoding = 4; lastKnownFileType = sourcecode.c.objc; name = IRCChannel.m; path = Models/IRCChannel.m; sourceTree = "<group>"; };
		F7F45AE218558C850059DC65 /* IRCServer.h */ = {isa = PBXFileReference; fileEncoding = 4; lastKnownFileType = sourcecode.c.h; name = IRCServer.h; path = Models/IRCServer.h; sourceTree = "<group>"; };
		F7F45AE318558C850059DC65 /* IRCServer.m */ = {isa = PBXFileReference; fileEncoding = 4; lastKnownFileType = sourcecode.c.objc; name = IRCServer.m; path = Models/IRCServer.m; sourceTree = "<group>"; };
		F7F45AE518558C850059DC65 /* Model.xcdatamodel */ = {isa = PBXFileReference; lastKnownFileType = wrapper.xcdatamodel; path = Model.xcdatamodel; sourceTree = "<group>"; };
		F7F6770518624CEB00781190 /* GLGChatViewControllerSpec.mm */ = {isa = PBXFileReference; fileEncoding = 4; lastKnownFileType = sourcecode.cpp.objcpp; path = GLGChatViewControllerSpec.mm; sourceTree = "<group>"; };
/* End PBXFileReference section */

/* Begin PBXFrameworksBuildPhase section */
		F70F126D179F2D8B00DBB74F /* Frameworks */ = {
			isa = PBXFrameworksBuildPhase;
			buildActionMask = 2147483647;
			files = (
				F761871B187BD83F00A13B91 /* Blindside.framework in Frameworks */,
				F7E5E77A17F264D000A85FFB /* SystemConfiguration.framework in Frameworks */,
				F786C8EA17E687CA004F64DF /* CoreData.framework in Frameworks */,
				F70F1274179F2D8B00DBB74F /* Cocoa.framework in Frameworks */,
			);
			runOnlyForDeploymentPostprocessing = 0;
		};
		F71772071831DA0B00BD6EB4 /* Frameworks */ = {
			isa = PBXFrameworksBuildPhase;
			buildActionMask = 2147483647;
			files = (
				F761C55218C7CD88005B1D40 /* Blindside.framework in Frameworks */,
				F72B92A0185591750005C271 /* SystemConfiguration.framework in Frameworks */,
				F79EDA3718552416000A1D84 /* CoreData.framework in Frameworks */,
				F79EDA361855240E000A1D84 /* Cocoa.framework in Frameworks */,
				F7AC00311831DCD100F0ED0F /* Foundation+PivotalCore.framework in Frameworks */,
				F7AC00321831DCD100F0ED0F /* Foundation+PivotalSpecHelper.framework in Frameworks */,
				F71772111831DA0B00BD6EB4 /* Cedar.framework in Frameworks */,
				F717720B1831DA0B00BD6EB4 /* Foundation.framework in Frameworks */,
			);
			runOnlyForDeploymentPostprocessing = 0;
		};
/* End PBXFrameworksBuildPhase section */

/* Begin PBXGroup section */
		F704C06D17C9181600CE279D /* Models */ = {
			isa = PBXGroup;
			children = (
				F7F45ADE18558C850059DC65 /* GLGManagedObjectContext.h */,
				F7F45ADF18558C850059DC65 /* GLGManagedObjectContext.m */,
				F7F45AE018558C850059DC65 /* IRCChannel.h */,
				F7F45AE118558C850059DC65 /* IRCChannel.m */,
				F7F45AE218558C850059DC65 /* IRCServer.h */,
				F7F45AE318558C850059DC65 /* IRCServer.m */,
				F7F45AE418558C850059DC65 /* Model.xcdatamodeld */,
			);
			name = Models;
			sourceTree = "<group>";
		};
		F70F1267179F2D8B00DBB74F = {
			isa = PBXGroup;
			children = (
				F70F1279179F2D8B00DBB74F /* TwIRCk */,
				F717720C1831DA0B00BD6EB4 /* Specs */,
				F70F1272179F2D8B00DBB74F /* Frameworks */,
				F70F1271179F2D8B00DBB74F /* Products */,
			);
			sourceTree = "<group>";
		};
		F70F1271179F2D8B00DBB74F /* Products */ = {
			isa = PBXGroup;
			children = (
				F70F1270179F2D8B00DBB74F /* twIRCk.app */,
				F71772091831DA0B00BD6EB4 /* Specs */,
			);
			name = Products;
			sourceTree = "<group>";
		};
		F70F1272179F2D8B00DBB74F /* Frameworks */ = {
			isa = PBXGroup;
			children = (
				F761870B187BCA3000A13B91 /* Blindside.xcodeproj */,
				F7AC002F1831DCD100F0ED0F /* Foundation+PivotalCore.framework */,
				F7AC00301831DCD100F0ED0F /* Foundation+PivotalSpecHelper.framework */,
				F717721D1831DB3900BD6EB4 /* PivotalCoreKit.xcworkspace */,
				F7E5E77917F264D000A85FFB /* SystemConfiguration.framework */,
				F70F1273179F2D8B00DBB74F /* Cocoa.framework */,
				F70F1291179F2D8C00DBB74F /* SenTestingKit.framework */,
				F717720A1831DA0B00BD6EB4 /* Foundation.framework */,
				F70F1275179F2D8B00DBB74F /* Other Frameworks */,
			);
			name = Frameworks;
			sourceTree = "<group>";
		};
		F70F1275179F2D8B00DBB74F /* Other Frameworks */ = {
			isa = PBXGroup;
			children = (
				F70F1276179F2D8B00DBB74F /* AppKit.framework */,
				F70F1277179F2D8B00DBB74F /* CoreData.framework */,
				F70F1278179F2D8B00DBB74F /* Foundation.framework */,
			);
			name = "Other Frameworks";
			sourceTree = "<group>";
		};
		F70F1279179F2D8B00DBB74F /* TwIRCk */ = {
			isa = PBXGroup;
			children = (
				F761871C187BD89000A13B91 /* Providers */,
				F704C06D17C9181600CE279D /* Models */,
				F70F12CD17A9960700DBB74F /* Views */,
				F79BE6001855187800F8F649 /* Controllers */,
				F79BE5FF1855186C00F8F649 /* Domain */,
				F786C93417E6ADEB004F64DF /* Protocols */,
				F70F1285179F2D8B00DBB74F /* GLGAppDelegate.h */,
				F70F1286179F2D8B00DBB74F /* GLGAppDelegate.m */,
				F79BE5FE18541C8500F8F649 /* GLGLogger.h */,
				F72B929C1855913F0005C271 /* NSColor+GLG.h */,
				F72B929D1855913F0005C271 /* NSColor+GLG.m */,
				F70F127A179F2D8B00DBB74F /* Supporting Files */,
			);
			path = TwIRCk;
			sourceTree = "<group>";
		};
		F70F127A179F2D8B00DBB74F /* Supporting Files */ = {
			isa = PBXGroup;
			children = (
				F79BE60218551C9500F8F649 /* close_no_rollover.tif */,
				F79BE60318551C9500F8F649 /* close_rollover.tif */,
				F79BE60418551C9500F8F649 /* main.m */,
				F79BE60518551C9500F8F649 /* TwIRCk-Info.plist */,
				F79BE60618551C9500F8F649 /* TwIRCk-Prefix.pch */,
				F79BE60718551C9500F8F649 /* twIRCk.entitlements */,
				F79BE60818551C9500F8F649 /* twIRCk.iconset */,
				F70F1288179F2D8B00DBB74F /* MainMenu.xib */,
				F70F127C179F2D8B00DBB74F /* InfoPlist.strings */,
				F70F1282179F2D8B00DBB74F /* Credits.rtf */,
			);
			name = "Supporting Files";
			sourceTree = "<group>";
		};
		F70F12AE179F53DA00DBB74F /* ResponseCodes */ = {
			isa = PBXGroup;
			children = (
				F7E5348B185592D30021818F /* GLGErrorMessage.h */,
				F7E5348C185592D30021818F /* GLGErrorMessage.m */,
				F7E5348D185592D30021818F /* GLGMessage.h */,
				F7E5348E185592D30021818F /* GLGMessage.m */,
				F7E5348F185592D30021818F /* GLGReplyMessage.h */,
				F7E53490185592D30021818F /* GLGReplyMessage.m */,
				F7E53491185592D30021818F /* GLGResponseCodes.h */,
				F7E53492185592D30021818F /* GLGResponseCodes.m */,
			);
			name = ResponseCodes;
			sourceTree = "<group>";
		};
		F70F12CD17A9960700DBB74F /* Views */ = {
			isa = PBXGroup;
			children = (
				F76AA97317E789A300D5B0D0 /* DefaultValueControls */,
				F7E9A8AC17E79BBF000AD4BB /* Chat */,
				F7E9A8AB17E79BB6000AD4BB /* Tabs */,
				F72B9298185590D00005C271 /* GLGNewServer.h */,
				F72B9299185590D00005C271 /* GLGNewServer.m */,
			);
			name = Views;
			sourceTree = "<group>";
		};
		F717720C1831DA0B00BD6EB4 /* Specs */ = {
			isa = PBXGroup;
			children = (
				F798A7041849523E0092A93E /* Fakes */,
				F7B8B544181219A7003003BC /* GLGResponseParserSpec.mm */,
				F798A7081849534B0092A93E /* GLGInputParserSpec.mm */,
				F717720E1831DA0B00BD6EB4 /* Supporting Files */,
				F7F6770518624CEB00781190 /* GLGChatViewControllerSpec.mm */,
			);
			path = Specs;
			sourceTree = "<group>";
		};
		F717720E1831DA0B00BD6EB4 /* Supporting Files */ = {
			isa = PBXGroup;
			children = (
				F717720D1831DA0B00BD6EB4 /* Rakefile */,
				F71772101831DA0B00BD6EB4 /* Cedar.framework */,
				F71772121831DA0B00BD6EB4 /* main.m */,
				F717720F1831DA0B00BD6EB4 /* Specs-Prefix.pch */,
			);
			name = "Supporting Files";
			sourceTree = "<group>";
		};
		F761870C187BCA3000A13B91 /* Products */ = {
			isa = PBXGroup;
			children = (
				F7618714187BCA3000A13B91 /* Blindside.framework */,
				F7618716187BCA3000A13B91 /* Specs */,
				F7618718187BCA3000A13B91 /* libBlindside-StaticLib.a */,
			);
			name = Products;
			sourceTree = "<group>";
		};
		F761871C187BD89000A13B91 /* Providers */ = {
			isa = PBXGroup;
			children = (
				F761872E187FCB8900A13B91 /* GLGChatViewControllerModule.h */,
				F761872F187FCB8900A13B91 /* GLGChatViewControllerModule.m */,
				F7618730187FCB8900A13B91 /* GLGChatViewProvider.h */,
				F7618731187FCB8900A13B91 /* GLGChatViewProvider.m */,
				F7618732187FCB8900A13B91 /* GLGIRCBrokerProvider.h */,
				F7618733187FCB8900A13B91 /* GLGIRCBrokerProvider.m */,
				F7618734187FCB8900A13B91 /* GLGRealWindowProvider.h */,
				F7618735187FCB8900A13B91 /* GLGRealWindowProvider.m */,
			);
			name = Providers;
			sourceTree = "<group>";
		};
		F7618720187BD9A800A13B91 /* Dependencies */ = {
			isa = PBXGroup;
			children = (
				F761C55318C7CE53005B1D40 /* GLGWindowProvider.h */,
			);
			name = Dependencies;
			sourceTree = "<group>";
		};
		F76AA97317E789A300D5B0D0 /* DefaultValueControls */ = {
			isa = PBXGroup;
			children = (
				F72B9270185590700005C271 /* GLGDefaultValueTextField.h */,
				F72B9271185590700005C271 /* GLGDefaultValueTextField.m */,
			);
			name = DefaultValueControls;
			sourceTree = "<group>";
		};
		F786C93417E6ADEB004F64DF /* Protocols */ = {
			isa = PBXGroup;
			children = (
				F7618720187BD9A800A13B91 /* Dependencies */,
				F786410F185521FA007EC307 /* GLGBrokerDelegate.h */,
				F7864110185521FA007EC307 /* GLGConnectionView.h */,
				F7864111185521FA007EC307 /* GLGInputParserDelegate.h */,
				F7864112185521FA007EC307 /* GLGOccupantDelegate.h */,
				F7864113185521FA007EC307 /* GLGResponseParserDelegate.h */,
				F7864114185521FA007EC307 /* GLGStreamReaderDelegate.h */,
				F761873E187FCB9700A13B91 /* GLGChatViewDelegate.h */,
			);
			name = Protocols;
			sourceTree = "<group>";
		};
		F798A7041849523E0092A93E /* Fakes */ = {
			isa = PBXGroup;
			children = (
				F761C54718C7CC2C005B1D40 /* GLGFakeInputParserDelegate.h */,
				F761C54818C7CC2C005B1D40 /* GLGFakeInputParserDelegate.m */,
				F761C54918C7CC2C005B1D40 /* GLGFakeResponseParserDelegate.h */,
				F761C54A18C7CC2C005B1D40 /* GLGFakeResponseParserDelegate.m */,
				F761C54B18C7CC2C005B1D40 /* GLGFakeWindowProvider.h */,
				F761C54C18C7CC2C005B1D40 /* GLGFakeWindowProvider.m */,
			);
			name = Fakes;
			sourceTree = "<group>";
		};
		F79BE5FF1855186C00F8F649 /* Domain */ = {
			isa = PBXGroup;
			children = (
				F79EDA2318552260000A1D84 /* GLGInputParser.h */,
				F79EDA2418552260000A1D84 /* GLGInputParser.m */,
				F79EDA2518552260000A1D84 /* GLGIRCBroker.h */,
				F79EDA2618552260000A1D84 /* GLGIRCBroker.m */,
				F79EDA2718552260000A1D84 /* GLGIRCMessage.h */,
				F79EDA2818552260000A1D84 /* GLGIRCMessage.m */,
				F79EDA2918552260000A1D84 /* GLGResponseParser.h */,
				F79EDA2A18552260000A1D84 /* GLGResponseParser.m */,
				F70F12AE179F53DA00DBB74F /* ResponseCodes */,
				F79BE601185518D700F8F649 /* StreamDelegates */,
			);
			name = Domain;
			sourceTree = "<group>";
		};
		F79BE6001855187800F8F649 /* Controllers */ = {
			isa = PBXGroup;
			children = (
				F761872A187FCB7700A13B91 /* GLGChatViewController.h */,
				F761872B187FCB7700A13B91 /* GLGChatViewController.m */,
			);
			name = Controllers;
			sourceTree = "<group>";
		};
		F79BE601185518D700F8F649 /* StreamDelegates */ = {
			isa = PBXGroup;
			children = (
				F7E53497185592DC0021818F /* GLGReadDelegate.h */,
				F7E53498185592DC0021818F /* GLGReadDelegate.m */,
				F7E53499185592DC0021818F /* GLGWriteDelegate.h */,
				F7E5349A185592DC0021818F /* GLGWriteDelegate.m */,
			);
			name = StreamDelegates;
			sourceTree = "<group>";
		};
		F7C5FF6517F0E055005B522B /* Sidebar */ = {
			isa = PBXGroup;
			children = (
				F72B9280185590840005C271 /* GLGChannelContent.h */,
				F72B9281185590840005C271 /* GLGChannelContent.m */,
				F72B9282185590840005C271 /* GLGChannelSidebar.h */,
				F72B9283185590840005C271 /* GLGChannelSidebar.m */,
				F72B9284185590840005C271 /* GLGGradientSidebar.h */,
				F72B9285185590840005C271 /* GLGGradientSidebar.m */,
				F72B9286185590840005C271 /* GLGSidebarOccupant.h */,
				F72B9287185590840005C271 /* GLGSidebarOccupant.m */,
			);
			name = Sidebar;
			sourceTree = "<group>";
		};
		F7E9A8AB17E79BB6000AD4BB /* Tabs */ = {
			isa = PBXGroup;
			children = (
				F72B9290185590980005C271 /* GLGTabItem.h */,
				F72B9291185590980005C271 /* GLGTabItem.m */,
				F72B9292185590980005C271 /* GLGTabView.h */,
				F72B9293185590980005C271 /* GLGTabView.m */,
			);
			name = Tabs;
			sourceTree = "<group>";
		};
		F7E9A8AC17E79BBF000AD4BB /* Chat */ = {
			isa = PBXGroup;
			children = (
				F72B92741855907C0005C271 /* GLGChatLogView.h */,
				F72B92751855907C0005C271 /* GLGChatLogView.m */,
				F72B92761855907C0005C271 /* GLGChatTextField.h */,
				F72B92771855907C0005C271 /* GLGChatTextField.m */,
				F72B92781855907C0005C271 /* GLGChatView.h */,
				F72B92791855907C0005C271 /* GLGChatView.m */,
				F7C5FF6517F0E055005B522B /* Sidebar */,
			);
			name = Chat;
			sourceTree = "<group>";
		};
/* End PBXGroup section */

/* Begin PBXNativeTarget section */
		F70F126F179F2D8B00DBB74F /* twIRCk */ = {
			isa = PBXNativeTarget;
			buildConfigurationList = F70F12A1179F2D8C00DBB74F /* Build configuration list for PBXNativeTarget "twIRCk" */;
			buildPhases = (
				F70F126C179F2D8B00DBB74F /* Sources */,
				F70F126D179F2D8B00DBB74F /* Frameworks */,
				F70F126E179F2D8B00DBB74F /* Resources */,
			);
			buildRules = (
				F786C8E917E686C8004F64DF /* PBXBuildRule */,
			);
			dependencies = (
				F761871A187BD83500A13B91 /* PBXTargetDependency */,
			);
			name = twIRCk;
			productName = TwIRCk;
			productReference = F70F1270179F2D8B00DBB74F /* twIRCk.app */;
			productType = "com.apple.product-type.application";
		};
		F71772081831DA0B00BD6EB4 /* Specs */ = {
			isa = PBXNativeTarget;
			buildConfigurationList = F71772161831DA0B00BD6EB4 /* Build configuration list for PBXNativeTarget "Specs" */;
			buildPhases = (
				F79BE5F7184AB09B00F8F649 /* CopyFiles */,
				F71772051831DA0B00BD6EB4 /* ShellScript */,
				F71772061831DA0B00BD6EB4 /* Sources */,
				F71772071831DA0B00BD6EB4 /* Frameworks */,
			);
			buildRules = (
			);
			dependencies = (
				F761C55118C7CD55005B1D40 /* PBXTargetDependency */,
			);
			name = Specs;
			productName = Specs;
			productReference = F71772091831DA0B00BD6EB4 /* Specs */;
			productType = "com.apple.product-type.tool";
		};
/* End PBXNativeTarget section */

/* Begin PBXProject section */
		F70F1268179F2D8B00DBB74F /* Project object */ = {
			isa = PBXProject;
			attributes = {
				CLASSPREFIX = GLG;
				LastUpgradeCheck = 0500;
				ORGANIZATIONNAME = "General Linear Group";
			};
			buildConfigurationList = F70F126B179F2D8B00DBB74F /* Build configuration list for PBXProject "TwIRCk" */;
			compatibilityVersion = "Xcode 3.2";
			developmentRegion = English;
			hasScannedForEncodings = 0;
			knownRegions = (
				en,
			);
			mainGroup = F70F1267179F2D8B00DBB74F;
			productRefGroup = F70F1271179F2D8B00DBB74F /* Products */;
			projectDirPath = "";
			projectReferences = (
				{
					ProductGroup = F761870C187BCA3000A13B91 /* Products */;
					ProjectRef = F761870B187BCA3000A13B91 /* Blindside.xcodeproj */;
				},
			);
			projectRoot = "";
			targets = (
				F70F126F179F2D8B00DBB74F /* twIRCk */,
				F71772081831DA0B00BD6EB4 /* Specs */,
			);
		};
/* End PBXProject section */

/* Begin PBXReferenceProxy section */
		F7618714187BCA3000A13B91 /* Blindside.framework */ = {
			isa = PBXReferenceProxy;
			fileType = wrapper.framework;
			path = Blindside.framework;
			remoteRef = F7618713187BCA3000A13B91 /* PBXContainerItemProxy */;
			sourceTree = BUILT_PRODUCTS_DIR;
		};
		F7618716187BCA3000A13B91 /* Specs */ = {
			isa = PBXReferenceProxy;
			fileType = "compiled.mach-o.executable";
			path = Specs;
			remoteRef = F7618715187BCA3000A13B91 /* PBXContainerItemProxy */;
			sourceTree = BUILT_PRODUCTS_DIR;
		};
		F7618718187BCA3000A13B91 /* libBlindside-StaticLib.a */ = {
			isa = PBXReferenceProxy;
			fileType = archive.ar;
			path = "libBlindside-StaticLib.a";
			remoteRef = F7618717187BCA3000A13B91 /* PBXContainerItemProxy */;
			sourceTree = BUILT_PRODUCTS_DIR;
		};
/* End PBXReferenceProxy section */

/* Begin PBXResourcesBuildPhase section */
		F70F126E179F2D8B00DBB74F /* Resources */ = {
			isa = PBXResourcesBuildPhase;
			buildActionMask = 2147483647;
			files = (
				F79BE60D18551C9500F8F649 /* twIRCk.entitlements in Resources */,
				F79BE60918551C9500F8F649 /* close_no_rollover.tif in Resources */,
				F70F127E179F2D8B00DBB74F /* InfoPlist.strings in Resources */,
				F70F1284179F2D8B00DBB74F /* Credits.rtf in Resources */,
				F79BE60E18551C9500F8F649 /* twIRCk.iconset in Resources */,
				F79BE60A18551C9500F8F649 /* close_rollover.tif in Resources */,
				F70F128A179F2D8B00DBB74F /* MainMenu.xib in Resources */,
			);
			runOnlyForDeploymentPostprocessing = 0;
		};
/* End PBXResourcesBuildPhase section */

/* Begin PBXShellScriptBuildPhase section */
		F71772051831DA0B00BD6EB4 /* ShellScript */ = {
			isa = PBXShellScriptBuildPhase;
			buildActionMask = 2147483647;
			files = (
			);
			inputPaths = (
			);
			outputPaths = (
			);
			runOnlyForDeploymentPostprocessing = 0;
			shellPath = /bin/sh;
			shellScript = "cp -R \"${TARGET_NAME}\"/Frameworks/Cedar.framework \"${BUILT_PRODUCTS_DIR}\"";
		};
/* End PBXShellScriptBuildPhase section */

/* Begin PBXSourcesBuildPhase section */
		F70F126C179F2D8B00DBB74F /* Sources */ = {
			isa = PBXSourcesBuildPhase;
			buildActionMask = 2147483647;
			files = (
				F72B927C1855907C0005C271 /* GLGChatTextField.m in Sources */,
				F79EDA2C18552260000A1D84 /* GLGIRCBroker.m in Sources */,
				F70F1287179F2D8B00DBB74F /* GLGAppDelegate.m in Sources */,
				F72B9296185590980005C271 /* GLGTabView.m in Sources */,
				F761872C187FCB7700A13B91 /* GLGChatViewController.m in Sources */,
				F7F45AEC18558C850059DC65 /* Model.xcdatamodeld in Sources */,
				F72B928E185590840005C271 /* GLGSidebarOccupant.m in Sources */,
				F72B927A1855907C0005C271 /* GLGChatLogView.m in Sources */,
				F761873A187FCB8900A13B91 /* GLGIRCBrokerProvider.m in Sources */,
				F72B929E1855913F0005C271 /* NSColor+GLG.m in Sources */,
				F7E53496185592D30021818F /* GLGResponseCodes.m in Sources */,
				F72B928C185590840005C271 /* GLGGradientSidebar.m in Sources */,
				F761873C187FCB8900A13B91 /* GLGRealWindowProvider.m in Sources */,
				F72B9294185590980005C271 /* GLGTabItem.m in Sources */,
				F7E53493185592D30021818F /* GLGErrorMessage.m in Sources */,
				F72B927E1855907C0005C271 /* GLGChatView.m in Sources */,
				F72B928A185590840005C271 /* GLGChannelSidebar.m in Sources */,
				F72B9272185590700005C271 /* GLGDefaultValueTextField.m in Sources */,
				F7E53494185592D30021818F /* GLGMessage.m in Sources */,
				F7F45AE618558C850059DC65 /* GLGManagedObjectContext.m in Sources */,
				F7618736187FCB8900A13B91 /* GLGChatViewControllerModule.m in Sources */,
				F79EDA2E18552260000A1D84 /* GLGResponseParser.m in Sources */,
				F79EDA2B18552260000A1D84 /* GLGInputParser.m in Sources */,
				F79EDA2D18552260000A1D84 /* GLGIRCMessage.m in Sources */,
				F7618738187FCB8900A13B91 /* GLGChatViewProvider.m in Sources */,
				F7F45AE818558C850059DC65 /* IRCChannel.m in Sources */,
				F72B929A185590D00005C271 /* GLGNewServer.m in Sources */,
				F72B9288185590840005C271 /* GLGChannelContent.m in Sources */,
				F7E53495185592D30021818F /* GLGReplyMessage.m in Sources */,
				F7E5349B185592DC0021818F /* GLGReadDelegate.m in Sources */,
				F7E5349C185592DC0021818F /* GLGWriteDelegate.m in Sources */,
				F7F45AEA18558C850059DC65 /* IRCServer.m in Sources */,
				F79BE60B18551C9500F8F649 /* main.m in Sources */,
			);
			runOnlyForDeploymentPostprocessing = 0;
		};
		F71772061831DA0B00BD6EB4 /* Sources */ = {
			isa = PBXSourcesBuildPhase;
			buildActionMask = 2147483647;
			files = (
				F72B9289185590840005C271 /* GLGChannelContent.m in Sources */,
				F72B929F1855913F0005C271 /* NSColor+GLG.m in Sources */,
				F72B9297185590980005C271 /* GLGTabView.m in Sources */,
				F761872D187FCB7700A13B91 /* GLGChatViewController.m in Sources */,
				F7F45AED18558C850059DC65 /* Model.xcdatamodeld in Sources */,
				F72B927F1855907C0005C271 /* GLGChatView.m in Sources */,
				F7E5349F185592EB0021818F /* GLGReplyMessage.m in Sources */,
				F761873B187FCB8900A13B91 /* GLGIRCBrokerProvider.m in Sources */,
				F761C54D18C7CC2C005B1D40 /* GLGFakeInputParserDelegate.m in Sources */,
				F798A7091849534B0092A93E /* GLGInputParserSpec.mm in Sources */,
				F761C54F18C7CC2C005B1D40 /* GLGFakeWindowProvider.m in Sources */,
				F717721A1831DA3D00BD6EB4 /* GLGResponseParserSpec.mm in Sources */,
				F72B9295185590980005C271 /* GLGTabItem.m in Sources */,
				F79EDA2F18552286000A1D84 /* GLGInputParser.m in Sources */,
				F761C54E18C7CC2C005B1D40 /* GLGFakeResponseParserDelegate.m in Sources */,
				F761873D187FCB8900A13B91 /* GLGRealWindowProvider.m in Sources */,
				F7F45AE918558C850059DC65 /* IRCChannel.m in Sources */,
				F79EDA3018552286000A1D84 /* GLGIRCBroker.m in Sources */,
				F7F6770618624CEB00781190 /* GLGChatViewControllerSpec.mm in Sources */,
				F79EDA3118552286000A1D84 /* GLGIRCMessage.m in Sources */,
				F7E5349E185592E80021818F /* GLGMessage.m in Sources */,
				F72B927B1855907C0005C271 /* GLGChatLogView.m in Sources */,
				F7E534A2185592F40021818F /* GLGWriteDelegate.m in Sources */,
				F7E5349D185592E60021818F /* GLGErrorMessage.m in Sources */,
				F7618737187FCB8900A13B91 /* GLGChatViewControllerModule.m in Sources */,
				F7E534A0185592EE0021818F /* GLGResponseCodes.m in Sources */,
				F79EDA3218552286000A1D84 /* GLGResponseParser.m in Sources */,
				F72B9273185590700005C271 /* GLGDefaultValueTextField.m in Sources */,
				F7618739187FCB8900A13B91 /* GLGChatViewProvider.m in Sources */,
				F7E534A1185592F10021818F /* GLGReadDelegate.m in Sources */,
				F72B927D1855907C0005C271 /* GLGChatTextField.m in Sources */,
				F72B928B185590840005C271 /* GLGChannelSidebar.m in Sources */,
				F7F45AEB18558C850059DC65 /* IRCServer.m in Sources */,
				F72B928D185590840005C271 /* GLGGradientSidebar.m in Sources */,
				F71772131831DA0B00BD6EB4 /* main.m in Sources */,
				F7F45AE718558C850059DC65 /* GLGManagedObjectContext.m in Sources */,
				F72B929B185590D00005C271 /* GLGNewServer.m in Sources */,
				F72B928F185590840005C271 /* GLGSidebarOccupant.m in Sources */,
			);
			runOnlyForDeploymentPostprocessing = 0;
		};
/* End PBXSourcesBuildPhase section */

/* Begin PBXTargetDependency section */
		F761871A187BD83500A13B91 /* PBXTargetDependency */ = {
			isa = PBXTargetDependency;
			name = Blindside;
			targetProxy = F7618719187BD83500A13B91 /* PBXContainerItemProxy */;
		};
		F761C55118C7CD55005B1D40 /* PBXTargetDependency */ = {
			isa = PBXTargetDependency;
			name = Blindside;
			targetProxy = F761C55018C7CD55005B1D40 /* PBXContainerItemProxy */;
		};
/* End PBXTargetDependency section */

/* Begin PBXVariantGroup section */
		F70F127C179F2D8B00DBB74F /* InfoPlist.strings */ = {
			isa = PBXVariantGroup;
			children = (
				F70F127D179F2D8B00DBB74F /* en */,
			);
			name = InfoPlist.strings;
			sourceTree = "<group>";
		};
		F70F1282179F2D8B00DBB74F /* Credits.rtf */ = {
			isa = PBXVariantGroup;
			children = (
				F70F1283179F2D8B00DBB74F /* en */,
			);
			name = Credits.rtf;
			sourceTree = "<group>";
		};
		F70F1288179F2D8B00DBB74F /* MainMenu.xib */ = {
			isa = PBXVariantGroup;
			children = (
				F70F1289179F2D8B00DBB74F /* en */,
			);
			name = MainMenu.xib;
			sourceTree = "<group>";
		};
/* End PBXVariantGroup section */

/* Begin XCBuildConfiguration section */
		F70F129F179F2D8C00DBB74F /* Debug */ = {
			isa = XCBuildConfiguration;
			buildSettings = {
				ALWAYS_SEARCH_USER_PATHS = NO;
				CLANG_CXX_LANGUAGE_STANDARD = "gnu++0x";
				CLANG_CXX_LIBRARY = "libc++";
				CLANG_ENABLE_OBJC_ARC = YES;
				CLANG_WARN_CONSTANT_CONVERSION = YES;
				CLANG_WARN_EMPTY_BODY = YES;
				CLANG_WARN_ENUM_CONVERSION = YES;
				CLANG_WARN_INT_CONVERSION = YES;
				CLANG_WARN__DUPLICATE_METHOD_MATCH = YES;
				COPY_PHASE_STRIP = NO;
				GCC_C_LANGUAGE_STANDARD = gnu99;
				GCC_DYNAMIC_NO_PIC = NO;
				GCC_ENABLE_OBJC_EXCEPTIONS = YES;
				GCC_OPTIMIZATION_LEVEL = 0;
				GCC_PREPROCESSOR_DEFINITIONS = (
					"DEBUG=1",
					"$(inherited)",
				);
				GCC_SYMBOLS_PRIVATE_EXTERN = NO;
				GCC_WARN_64_TO_32_BIT_CONVERSION = YES;
				GCC_WARN_ABOUT_RETURN_TYPE = YES;
				GCC_WARN_UNINITIALIZED_AUTOS = YES;
				GCC_WARN_UNUSED_VARIABLE = YES;
				MACOSX_DEPLOYMENT_TARGET = 10.8;
				ONLY_ACTIVE_ARCH = YES;
				SDKROOT = macosx;
			};
			name = Debug;
		};
		F70F12A0179F2D8C00DBB74F /* Release */ = {
			isa = XCBuildConfiguration;
			buildSettings = {
				ALWAYS_SEARCH_USER_PATHS = NO;
				CLANG_CXX_LANGUAGE_STANDARD = "gnu++0x";
				CLANG_CXX_LIBRARY = "libc++";
				CLANG_ENABLE_OBJC_ARC = YES;
				CLANG_WARN_CONSTANT_CONVERSION = YES;
				CLANG_WARN_EMPTY_BODY = YES;
				CLANG_WARN_ENUM_CONVERSION = YES;
				CLANG_WARN_INT_CONVERSION = YES;
				CLANG_WARN__DUPLICATE_METHOD_MATCH = YES;
				COPY_PHASE_STRIP = NO;
				DEBUG_INFORMATION_FORMAT = "dwarf-with-dsym";
				GCC_C_LANGUAGE_STANDARD = gnu99;
				GCC_ENABLE_OBJC_EXCEPTIONS = YES;
				GCC_WARN_64_TO_32_BIT_CONVERSION = YES;
				GCC_WARN_ABOUT_RETURN_TYPE = YES;
				GCC_WARN_UNINITIALIZED_AUTOS = YES;
				GCC_WARN_UNUSED_VARIABLE = YES;
				MACOSX_DEPLOYMENT_TARGET = 10.8;
				SDKROOT = macosx;
			};
			name = Release;
		};
		F70F12A2179F2D8C00DBB74F /* Debug */ = {
			isa = XCBuildConfiguration;
			buildSettings = {
				CODE_SIGN_ENTITLEMENTS = "$(PROJECT_DIR)/TwIRCk/Supporting Files/twIRCk.entitlements";
				CODE_SIGN_IDENTITY = "Mac Developer";
				COMBINE_HIDPI_IMAGES = YES;
				GCC_PRECOMPILE_PREFIX_HEADER = YES;
				GCC_PREFIX_HEADER = "TwIRCk/Supporting Files/TwIRCk-Prefix.pch";
				HEADER_SEARCH_PATHS = (
					"$(inherited)",
					/Applications/Xcode.app/Contents/Developer/Toolchains/XcodeDefault.xctoolchain/usr/include,
					"$(PROJECT_DIR)/blindside/Headers",
				);
				INFOPLIST_FILE = "$(SRCROOT)/TwIRCk/Supporting Files/TwIRCk-Info.plist";
				PRODUCT_NAME = "$(TARGET_NAME)";
				SEPARATE_STRIP = NO;
				STRIP_STYLE = all;
				WRAPPER_EXTENSION = app;
			};
			name = Debug;
		};
		F70F12A3179F2D8C00DBB74F /* Release */ = {
			isa = XCBuildConfiguration;
			buildSettings = {
				CODE_SIGN_ENTITLEMENTS = "$(PROJECT_DIR)/TwIRCk/Supporting Files/twIRCk.entitlements";
				CODE_SIGN_IDENTITY = "Mac Developer";
				COMBINE_HIDPI_IMAGES = YES;
				COPY_PHASE_STRIP = YES;
				GCC_PRECOMPILE_PREFIX_HEADER = YES;
				GCC_PREFIX_HEADER = "TwIRCk/Supporting Files/TwIRCk-Prefix.pch";
				HEADER_SEARCH_PATHS = (
					"$(inherited)",
					/Applications/Xcode.app/Contents/Developer/Toolchains/XcodeDefault.xctoolchain/usr/include,
					"$(PROJECT_DIR)/blindside/Headers",
				);
				INFOPLIST_FILE = "$(SRCROOT)/TwIRCk/Supporting Files/TwIRCk-Info.plist";
				PRODUCT_NAME = "$(TARGET_NAME)";
				SEPARATE_STRIP = NO;
				STRIP_INSTALLED_PRODUCT = YES;
				STRIP_STYLE = all;
				WRAPPER_EXTENSION = app;
			};
			name = Release;
		};
		F71772171831DA0B00BD6EB4 /* Debug */ = {
			isa = XCBuildConfiguration;
			buildSettings = {
				CLANG_WARN_BOOL_CONVERSION = YES;
				CLANG_WARN_DIRECT_OBJC_ISA_USAGE = YES_ERROR;
				CLANG_WARN_OBJC_ROOT_CLASS = YES_ERROR;
				FRAMEWORK_SEARCH_PATHS = (
					"$(inherited)",
					"$(PROJECT_DIR)/Specs/Frameworks",
				);
				GCC_PRECOMPILE_PREFIX_HEADER = YES;
				GCC_PREFIX_HEADER = "Specs/Specs-Prefix.pch";
				GCC_PREPROCESSOR_DEFINITIONS = (
					"DEBUG=1",
					"$(inherited)",
				);
				GCC_WARN_ABOUT_RETURN_TYPE = YES_ERROR;
				GCC_WARN_UNDECLARED_SELECTOR = YES;
				GCC_WARN_UNUSED_FUNCTION = YES;
				LIBRARY_SEARCH_PATHS = "$(PROJECT_DIR)/PivotalCoreKit/**";
				MACOSX_DEPLOYMENT_TARGET = 10.9;
				PRODUCT_NAME = "$(TARGET_NAME)";
				"USER_HEADER_SEARCH_PATHS[arch=*]" = "$(PROJECT_DIR)/PivotalCoreKit/** $(PROJECT_DIR)/blindside/Headers";
			};
			name = Debug;
		};
		F71772181831DA0B00BD6EB4 /* Test */ = {
			isa = XCBuildConfiguration;
			buildSettings = {
				CLANG_WARN_BOOL_CONVERSION = YES;
				CLANG_WARN_DIRECT_OBJC_ISA_USAGE = YES_ERROR;
				CLANG_WARN_OBJC_ROOT_CLASS = YES_ERROR;
				COPY_PHASE_STRIP = YES;
				ENABLE_NS_ASSERTIONS = NO;
				FRAMEWORK_SEARCH_PATHS = (
					"$(inherited)",
					"$(PROJECT_DIR)/Specs/Frameworks",
				);
				GCC_PRECOMPILE_PREFIX_HEADER = YES;
				GCC_PREFIX_HEADER = "Specs/Specs-Prefix.pch";
				GCC_WARN_ABOUT_RETURN_TYPE = YES_ERROR;
				GCC_WARN_UNDECLARED_SELECTOR = YES;
				GCC_WARN_UNUSED_FUNCTION = YES;
				LIBRARY_SEARCH_PATHS = "$(PROJECT_DIR)/PivotalCoreKit/**";
				MACOSX_DEPLOYMENT_TARGET = 10.9;
				PRODUCT_NAME = "$(TARGET_NAME)";
			};
			name = Test;
		};
		F71772191831DA0B00BD6EB4 /* Release */ = {
			isa = XCBuildConfiguration;
			buildSettings = {
				CLANG_WARN_BOOL_CONVERSION = YES;
				CLANG_WARN_DIRECT_OBJC_ISA_USAGE = YES_ERROR;
				CLANG_WARN_OBJC_ROOT_CLASS = YES_ERROR;
				COPY_PHASE_STRIP = YES;
				ENABLE_NS_ASSERTIONS = NO;
				FRAMEWORK_SEARCH_PATHS = (
					"$(inherited)",
					"$(PROJECT_DIR)/Specs/Frameworks",
				);
				GCC_PRECOMPILE_PREFIX_HEADER = YES;
				GCC_PREFIX_HEADER = "Specs/Specs-Prefix.pch";
				GCC_WARN_ABOUT_RETURN_TYPE = YES_ERROR;
				GCC_WARN_UNDECLARED_SELECTOR = YES;
				GCC_WARN_UNUSED_FUNCTION = YES;
				LIBRARY_SEARCH_PATHS = "$(PROJECT_DIR)/PivotalCoreKit/**";
				MACOSX_DEPLOYMENT_TARGET = 10.9;
				PRODUCT_NAME = "$(TARGET_NAME)";
			};
			name = Release;
		};
		F7B7295B18132CEC00280A1C /* Test */ = {
			isa = XCBuildConfiguration;
			buildSettings = {
				ALWAYS_SEARCH_USER_PATHS = NO;
				CLANG_CXX_LANGUAGE_STANDARD = "gnu++0x";
				CLANG_CXX_LIBRARY = "libc++";
				CLANG_ENABLE_OBJC_ARC = YES;
				CLANG_WARN_CONSTANT_CONVERSION = YES;
				CLANG_WARN_EMPTY_BODY = YES;
				CLANG_WARN_ENUM_CONVERSION = YES;
				CLANG_WARN_INT_CONVERSION = YES;
				CLANG_WARN__DUPLICATE_METHOD_MATCH = YES;
				COPY_PHASE_STRIP = NO;
				GCC_C_LANGUAGE_STANDARD = gnu99;
				GCC_DYNAMIC_NO_PIC = NO;
				GCC_ENABLE_OBJC_EXCEPTIONS = YES;
				GCC_OPTIMIZATION_LEVEL = 0;
				GCC_PREPROCESSOR_DEFINITIONS = (
					"DEBUG=1",
					"$(inherited)",
				);
				GCC_SYMBOLS_PRIVATE_EXTERN = NO;
				GCC_WARN_64_TO_32_BIT_CONVERSION = YES;
				GCC_WARN_ABOUT_RETURN_TYPE = YES;
				GCC_WARN_UNINITIALIZED_AUTOS = YES;
				GCC_WARN_UNUSED_VARIABLE = YES;
				MACOSX_DEPLOYMENT_TARGET = 10.8;
				ONLY_ACTIVE_ARCH = YES;
				SDKROOT = macosx;
				STRIP_INSTALLED_PRODUCT = NO;
			};
			name = Test;
		};
		F7B7295C18132CEC00280A1C /* Test */ = {
			isa = XCBuildConfiguration;
			buildSettings = {
				CODE_SIGN_ENTITLEMENTS = "$(PROJECT_DIR)/TwIRCk/Supporting Files/twIRCk.entitlements";
				CODE_SIGN_IDENTITY = "";
				COMBINE_HIDPI_IMAGES = YES;
				GCC_PRECOMPILE_PREFIX_HEADER = YES;
				GCC_PREFIX_HEADER = "TwIRCk/Supporting Files/TwIRCk-Prefix.pch";
				HEADER_SEARCH_PATHS = (
					"$(inherited)",
					/Applications/Xcode.app/Contents/Developer/Toolchains/XcodeDefault.xctoolchain/usr/include,
					"$(PROJECT_DIR)/blindside/Headers",
				);
				INFOPLIST_FILE = "$(SRCROOT)/TwIRCk/Supporting Files/TwIRCk-Info.plist";
				PRODUCT_NAME = "$(TARGET_NAME)";
				SEPARATE_STRIP = NO;
				STRIP_STYLE = all;
				WRAPPER_EXTENSION = app;
			};
			name = Test;
		};
/* End XCBuildConfiguration section */

/* Begin XCConfigurationList section */
		F70F126B179F2D8B00DBB74F /* Build configuration list for PBXProject "TwIRCk" */ = {
			isa = XCConfigurationList;
			buildConfigurations = (
				F70F129F179F2D8C00DBB74F /* Debug */,
				F7B7295B18132CEC00280A1C /* Test */,
				F70F12A0179F2D8C00DBB74F /* Release */,
			);
			defaultConfigurationIsVisible = 0;
			defaultConfigurationName = Release;
		};
		F70F12A1179F2D8C00DBB74F /* Build configuration list for PBXNativeTarget "twIRCk" */ = {
			isa = XCConfigurationList;
			buildConfigurations = (
				F70F12A2179F2D8C00DBB74F /* Debug */,
				F7B7295C18132CEC00280A1C /* Test */,
				F70F12A3179F2D8C00DBB74F /* Release */,
			);
			defaultConfigurationIsVisible = 0;
			defaultConfigurationName = Release;
		};
		F71772161831DA0B00BD6EB4 /* Build configuration list for PBXNativeTarget "Specs" */ = {
			isa = XCConfigurationList;
			buildConfigurations = (
				F71772171831DA0B00BD6EB4 /* Debug */,
				F71772181831DA0B00BD6EB4 /* Test */,
				F71772191831DA0B00BD6EB4 /* Release */,
			);
			defaultConfigurationIsVisible = 0;
			defaultConfigurationName = Release;
		};
/* End XCConfigurationList section */

/* Begin XCVersionGroup section */
		F7F45AE418558C850059DC65 /* Model.xcdatamodeld */ = {
			isa = XCVersionGroup;
			children = (
				F7F45AE518558C850059DC65 /* Model.xcdatamodel */,
			);
			currentVersion = F7F45AE518558C850059DC65 /* Model.xcdatamodel */;
			name = Model.xcdatamodeld;
			path = Models/Model.xcdatamodeld;
			sourceTree = "<group>";
			versionGroupType = wrapper.xcdatamodel;
		};
/* End XCVersionGroup section */
	};
	rootObject = F70F1268179F2D8B00DBB74F /* Project object */;
}
